// !$*UTF8*$!
{
	archiveVersion = 1;
	classes = {
	};
	objectVersion = 46;
	objects = {

/* Begin PBXBuildFile section */
		8514B54D1A818CC8005F9715 /* AppDelegate.swift in Sources */ = {isa = PBXBuildFile; fileRef = 8514B54C1A818CC8005F9715 /* AppDelegate.swift */; };
		8514B54F1A818CC8005F9715 /* ViewController.swift in Sources */ = {isa = PBXBuildFile; fileRef = 8514B54E1A818CC8005F9715 /* ViewController.swift */; };
		8514B5521A818CC8005F9715 /* Main.storyboard in Resources */ = {isa = PBXBuildFile; fileRef = 8514B5501A818CC8005F9715 /* Main.storyboard */; };
		8514B5541A818CC8005F9715 /* Images.xcassets in Resources */ = {isa = PBXBuildFile; fileRef = 8514B5531A818CC8005F9715 /* Images.xcassets */; };
		8514B5571A818CC8005F9715 /* LaunchScreen.xib in Resources */ = {isa = PBXBuildFile; fileRef = 8514B5551A818CC8005F9715 /* LaunchScreen.xib */; };
		8514B5631A818CC8005F9715 /* JsonFileReaderTests.swift in Sources */ = {isa = PBXBuildFile; fileRef = 8514B5621A818CC8005F9715 /* JsonFileReaderTests.swift */; };
		8514B5BA1A818D76005F9715 /* Alamofire.swift in Sources */ = {isa = PBXBuildFile; fileRef = 8514B5B91A818D76005F9715 /* Alamofire.swift */; };
		8514B5BC1A818D8C005F9715 /* SwiftyJSON.swift in Sources */ = {isa = PBXBuildFile; fileRef = 8514B5BB1A818D8C005F9715 /* SwiftyJSON.swift */; };
/* End PBXBuildFile section */

/* Begin PBXContainerItemProxy section */
		8514B55D1A818CC8005F9715 /* PBXContainerItemProxy */ = {
			isa = PBXContainerItemProxy;
			containerPortal = 8514B53F1A818CC8005F9715 /* Project object */;
			proxyType = 1;
			remoteGlobalIDString = 8514B5461A818CC8005F9715;
			remoteInfo = JsonFileReader;
		};
/* End PBXContainerItemProxy section */

/* Begin PBXFileReference section */
		8514B5471A818CC8005F9715 /* JsonFileReader.app */ = {isa = PBXFileReference; explicitFileType = wrapper.application; includeInIndex = 0; path = JsonFileReader.app; sourceTree = BUILT_PRODUCTS_DIR; };
		8514B54B1A818CC8005F9715 /* Info.plist */ = {isa = PBXFileReference; lastKnownFileType = text.plist.xml; path = Info.plist; sourceTree = "<group>"; };
		8514B54C1A818CC8005F9715 /* AppDelegate.swift */ = {isa = PBXFileReference; lastKnownFileType = sourcecode.swift; path = AppDelegate.swift; sourceTree = "<group>"; };
		8514B54E1A818CC8005F9715 /* ViewController.swift */ = {isa = PBXFileReference; lastKnownFileType = sourcecode.swift; path = ViewController.swift; sourceTree = "<group>"; };
		8514B5511A818CC8005F9715 /* Base */ = {isa = PBXFileReference; lastKnownFileType = file.storyboard; name = Base; path = Base.lproj/Main.storyboard; sourceTree = "<group>"; };
		8514B5531A818CC8005F9715 /* Images.xcassets */ = {isa = PBXFileReference; lastKnownFileType = folder.assetcatalog; path = Images.xcassets; sourceTree = "<group>"; };
		8514B5561A818CC8005F9715 /* Base */ = {isa = PBXFileReference; lastKnownFileType = file.xib; name = Base; path = Base.lproj/LaunchScreen.xib; sourceTree = "<group>"; };
		8514B55C1A818CC8005F9715 /* JsonFileReaderTests.xctest */ = {isa = PBXFileReference; explicitFileType = wrapper.cfbundle; includeInIndex = 0; path = JsonFileReaderTests.xctest; sourceTree = BUILT_PRODUCTS_DIR; };
		8514B5611A818CC8005F9715 /* Info.plist */ = {isa = PBXFileReference; lastKnownFileType = text.plist.xml; path = Info.plist; sourceTree = "<group>"; };
		8514B5621A818CC8005F9715 /* JsonFileReaderTests.swift */ = {isa = PBXFileReference; lastKnownFileType = sourcecode.swift; path = JsonFileReaderTests.swift; sourceTree = "<group>"; };
		8514B5B91A818D76005F9715 /* Alamofire.swift */ = {isa = PBXFileReference; fileEncoding = 4; lastKnownFileType = sourcecode.swift; path = Alamofire.swift; sourceTree = "<group>"; };
		8514B5BB1A818D8C005F9715 /* SwiftyJSON.swift */ = {isa = PBXFileReference; fileEncoding = 4; lastKnownFileType = sourcecode.swift; path = SwiftyJSON.swift; sourceTree = "<group>"; };
/* End PBXFileReference section */

/* Begin PBXFrameworksBuildPhase section */
		8514B5441A818CC8005F9715 /* Frameworks */ = {
			isa = PBXFrameworksBuildPhase;
			buildActionMask = 2147483647;
			files = (
			);
			runOnlyForDeploymentPostprocessing = 0;
		};
		8514B5591A818CC8005F9715 /* Frameworks */ = {
			isa = PBXFrameworksBuildPhase;
			buildActionMask = 2147483647;
			files = (
			);
			runOnlyForDeploymentPostprocessing = 0;
		};
/* End PBXFrameworksBuildPhase section */

/* Begin PBXGroup section */
		8514B53E1A818CC8005F9715 = {
			isa = PBXGroup;
			children = (
				8514B5491A818CC8005F9715 /* JsonFileReader */,
				8514B55F1A818CC8005F9715 /* JsonFileReaderTests */,
				8514B5481A818CC8005F9715 /* Products */,
			);
			sourceTree = "<group>";
		};
		8514B5481A818CC8005F9715 /* Products */ = {
			isa = PBXGroup;
			children = (
				8514B5471A818CC8005F9715 /* JsonFileReader.app */,
				8514B55C1A818CC8005F9715 /* JsonFileReaderTests.xctest */,
			);
			name = Products;
			sourceTree = "<group>";
		};
		8514B5491A818CC8005F9715 /* JsonFileReader */ = {
			isa = PBXGroup;
			children = (
				8514B5BB1A818D8C005F9715 /* SwiftyJSON.swift */,
				8514B5B91A818D76005F9715 /* Alamofire.swift */,
				8514B54C1A818CC8005F9715 /* AppDelegate.swift */,
				8514B54E1A818CC8005F9715 /* ViewController.swift */,
				8514B5501A818CC8005F9715 /* Main.storyboard */,
				8514B5531A818CC8005F9715 /* Images.xcassets */,
				8514B5551A818CC8005F9715 /* LaunchScreen.xib */,
				8514B54A1A818CC8005F9715 /* Supporting Files */,
			);
			path = JsonFileReader;
			sourceTree = "<group>";
		};
		8514B54A1A818CC8005F9715 /* Supporting Files */ = {
			isa = PBXGroup;
			children = (
				8514B54B1A818CC8005F9715 /* Info.plist */,
			);
			name = "Supporting Files";
			sourceTree = "<group>";
		};
		8514B55F1A818CC8005F9715 /* JsonFileReaderTests */ = {
			isa = PBXGroup;
			children = (
				8514B5621A818CC8005F9715 /* JsonFileReaderTests.swift */,
				8514B5601A818CC8005F9715 /* Supporting Files */,
			);
			path = JsonFileReaderTests;
			sourceTree = "<group>";
		};
		8514B5601A818CC8005F9715 /* Supporting Files */ = {
			isa = PBXGroup;
			children = (
				8514B5611A818CC8005F9715 /* Info.plist */,
			);
			name = "Supporting Files";
			sourceTree = "<group>";
		};
/* End PBXGroup section */

/* Begin PBXNativeTarget section */
		8514B5461A818CC8005F9715 /* JsonFileReader */ = {
			isa = PBXNativeTarget;
			buildConfigurationList = 8514B5661A818CC8005F9715 /* Build configuration list for PBXNativeTarget "JsonFileReader" */;
			buildPhases = (
				8514B5431A818CC8005F9715 /* Sources */,
				8514B5441A818CC8005F9715 /* Frameworks */,
				8514B5451A818CC8005F9715 /* Resources */,
			);
			buildRules = (
			);
			dependencies = (
			);
			name = JsonFileReader;
			productName = JsonFileReader;
			productReference = 8514B5471A818CC8005F9715 /* JsonFileReader.app */;
			productType = "com.apple.product-type.application";
		};
		8514B55B1A818CC8005F9715 /* JsonFileReaderTests */ = {
			isa = PBXNativeTarget;
			buildConfigurationList = 8514B5691A818CC8005F9715 /* Build configuration list for PBXNativeTarget "JsonFileReaderTests" */;
			buildPhases = (
				8514B5581A818CC8005F9715 /* Sources */,
				8514B5591A818CC8005F9715 /* Frameworks */,
				8514B55A1A818CC8005F9715 /* Resources */,
			);
			buildRules = (
			);
			dependencies = (
				8514B55E1A818CC8005F9715 /* PBXTargetDependency */,
			);
			name = JsonFileReaderTests;
			productName = JsonFileReaderTests;
			productReference = 8514B55C1A818CC8005F9715 /* JsonFileReaderTests.xctest */;
			productType = "com.apple.product-type.bundle.unit-test";
		};
/* End PBXNativeTarget section */

/* Begin PBXProject section */
		8514B53F1A818CC8005F9715 /* Project object */ = {
			isa = PBXProject;
			attributes = {
				LastUpgradeCheck = 0610;
				ORGANIZATIONNAME = mwsu;
				TargetAttributes = {
					8514B5461A818CC8005F9715 = {
						CreatedOnToolsVersion = 6.1.1;
					};
					8514B55B1A818CC8005F9715 = {
						CreatedOnToolsVersion = 6.1.1;
						TestTargetID = 8514B5461A818CC8005F9715;
					};
				};
			};
			buildConfigurationList = 8514B5421A818CC8005F9715 /* Build configuration list for PBXProject "JsonFileReader" */;
			compatibilityVersion = "Xcode 3.2";
			developmentRegion = English;
			hasScannedForEncodings = 0;
			knownRegions = (
				en,
				Base,
			);
			mainGroup = 8514B53E1A818CC8005F9715;
			productRefGroup = 8514B5481A818CC8005F9715 /* Products */;
			projectDirPath = "";
			projectRoot = "";
			targets = (
				8514B5461A818CC8005F9715 /* JsonFileReader */,
				8514B55B1A818CC8005F9715 /* JsonFileReaderTests */,
			);
		};
/* End PBXProject section */

/* Begin PBXResourcesBuildPhase section */
		8514B5451A818CC8005F9715 /* Resources */ = {
			isa = PBXResourcesBuildPhase;
			buildActionMask = 2147483647;
			files = (
				8514B5521A818CC8005F9715 /* Main.storyboard in Resources */,
				8514B5571A818CC8005F9715 /* LaunchScreen.xib in Resources */,
				8514B5541A818CC8005F9715 /* Images.xcassets in Resources */,
			);
			runOnlyForDeploymentPostprocessing = 0;
		};
		8514B55A1A818CC8005F9715 /* Resources */ = {
			isa = PBXResourcesBuildPhase;
			buildActionMask = 2147483647;
			files = (
			);
			runOnlyForDeploymentPostprocessing = 0;
		};
/* End PBXResourcesBuildPhase section */

/* Begin PBXSourcesBuildPhase section */
		8514B5431A818CC8005F9715 /* Sources */ = {
			isa = PBXSourcesBuildPhase;
			buildActionMask = 2147483647;
			files = (
				8514B5BA1A818D76005F9715 /* Alamofire.swift in Sources */,
				8514B54F1A818CC8005F9715 /* ViewController.swift in Sources */,
				8514B54D1A818CC8005F9715 /* AppDelegate.swift in Sources */,
				8514B5BC1A818D8C005F9715 /* SwiftyJSON.swift in Sources */,
			);
			runOnlyForDeploymentPostprocessing = 0;
		};
		8514B5581A818CC8005F9715 /* Sources */ = {
			isa = PBXSourcesBuildPhase;
			buildActionMask = 2147483647;
			files = (
				8514B5631A818CC8005F9715 /* JsonFileReaderTests.swift in Sources */,
			);
			runOnlyForDeploymentPostprocessing = 0;
		};
/* End PBXSourcesBuildPhase section */

/* Begin PBXTargetDependency section */
		8514B55E1A818CC8005F9715 /* PBXTargetDependency */ = {
			isa = PBXTargetDependency;
			target = 8514B5461A818CC8005F9715 /* JsonFileReader */;
			targetProxy = 8514B55D1A818CC8005F9715 /* PBXContainerItemProxy */;
		};
/* End PBXTargetDependency section */

/* Begin PBXVariantGroup section */
		8514B5501A818CC8005F9715 /* Main.storyboard */ = {
			isa = PBXVariantGroup;
			children = (
				8514B5511A818CC8005F9715 /* Base */,
			);
			name = Main.storyboard;
			sourceTree = "<group>";
		};
		8514B5551A818CC8005F9715 /* LaunchScreen.xib */ = {
			isa = PBXVariantGroup;
			children = (
				8514B5561A818CC8005F9715 /* Base */,
			);
			name = LaunchScreen.xib;
			sourceTree = "<group>";
		};
/* End PBXVariantGroup section */

/* Begin XCBuildConfiguration section */
		8514B5641A818CC8005F9715 /* Debug */ = {
			isa = XCBuildConfiguration;
			buildSettings = {
				ALWAYS_SEARCH_USER_PATHS = NO;
				CLANG_CXX_LANGUAGE_STANDARD = "gnu++0x";
				CLANG_CXX_LIBRARY = "libc++";
				CLANG_ENABLE_MODULES = YES;
				CLANG_ENABLE_OBJC_ARC = YES;
				CLANG_WARN_BOOL_CONVERSION = YES;
				CLANG_WARN_CONSTANT_CONVERSION = YES;
				CLANG_WARN_DIRECT_OBJC_ISA_USAGE = YES_ERROR;
				CLANG_WARN_EMPTY_BODY = YES;
				CLANG_WARN_ENUM_CONVERSION = YES;
				CLANG_WARN_INT_CONVERSION = YES;
				CLANG_WARN_OBJC_ROOT_CLASS = YES_ERROR;
				CLANG_WARN_UNREACHABLE_CODE = YES;
				CLANG_WARN__DUPLICATE_METHOD_MATCH = YES;
				"CODE_SIGN_IDENTITY[sdk=iphoneos*]" = "iPhone Developer";
				COPY_PHASE_STRIP = NO;
				ENABLE_STRICT_OBJC_MSGSEND = YES;
				GCC_C_LANGUAGE_STANDARD = gnu99;
				GCC_DYNAMIC_NO_PIC = NO;
				GCC_OPTIMIZATION_LEVEL = 0;
				GCC_PREPROCESSOR_DEFINITIONS = (
					"DEBUG=1",
					"$(inherited)",
				);
				GCC_SYMBOLS_PRIVATE_EXTERN = NO;
				GCC_WARN_64_TO_32_BIT_CONVERSION = YES;
				GCC_WARN_ABOUT_RETURN_TYPE = YES_ERROR;
				GCC_WARN_UNDECLARED_SELECTOR = YES;
				GCC_WARN_UNINITIALIZED_AUTOS = YES_AGGRESSIVE;
				GCC_WARN_UNUSED_FUNCTION = YES;
				GCC_WARN_UNUSED_VARIABLE = YES;
				IPHONEOS_DEPLOYMENT_TARGET = 8.1;
				MTL_ENABLE_DEBUG_INFO = YES;
				ONLY_ACTIVE_ARCH = YES;
				SDKROOT = iphoneos;
				SWIFT_OPTIMIZATION_LEVEL = "-Onone";
				TARGETED_DEVICE_FAMILY = "1,2";
			};
			name = Debug;
		};
		8514B5651A818CC8005F9715 /* Release */ = {
			isa = XCBuildConfiguration;
			buildSettings = {
				ALWAYS_SEARCH_USER_PATHS = NO;
				CLANG_CXX_LANGUAGE_STANDARD = "gnu++0x";
				CLANG_CXX_LIBRARY = "libc++";
				CLANG_ENABLE_MODULES = YES;
				CLANG_ENABLE_OBJC_ARC = YES;
				CLANG_WARN_BOOL_CONVERSION = YES;
				CLANG_WARN_CONSTANT_CONVERSION = YES;
				CLANG_WARN_DIRECT_OBJC_ISA_USAGE = YES_ERROR;
				CLANG_WARN_EMPTY_BODY = YES;
				CLANG_WARN_ENUM_CONVERSION = YES;
				CLANG_WARN_INT_CONVERSION = YES;
				CLANG_WARN_OBJC_ROOT_CLASS = YES_ERROR;
				CLANG_WARN_UNREACHABLE_CODE = YES;
				CLANG_WARN__DUPLICATE_METHOD_MATCH = YES;
				"CODE_SIGN_IDENTITY[sdk=iphoneos*]" = "iPhone Developer";
				COPY_PHASE_STRIP = YES;
				ENABLE_NS_ASSERTIONS = NO;
				ENABLE_STRICT_OBJC_MSGSEND = YES;
				GCC_C_LANGUAGE_STANDARD = gnu99;
				GCC_WARN_64_TO_32_BIT_CONVERSION = YES;
				GCC_WARN_ABOUT_RETURN_TYPE = YES_ERROR;
				GCC_WARN_UNDECLARED_SELECTOR = YES;
				GCC_WARN_UNINITIALIZED_AUTOS = YES_AGGRESSIVE;
				GCC_WARN_UNUSED_FUNCTION = YES;
				GCC_WARN_UNUSED_VARIABLE = YES;
				IPHONEOS_DEPLOYMENT_TARGET = 8.1;
				MTL_ENABLE_DEBUG_INFO = NO;
				SDKROOT = iphoneos;
				TARGETED_DEVICE_FAMILY = "1,2";
				VALIDATE_PRODUCT = YES;
			};
			name = Release;
		};
		8514B5671A818CC8005F9715 /* Debug */ = {
			isa = XCBuildConfiguration;
			buildSettings = {
				ASSETCATALOG_COMPILER_APPICON_NAME = AppIcon;
				INFOPLIST_FILE = JsonFileReader/Info.plist;
				LD_RUNPATH_SEARCH_PATHS = "$(inherited) @executable_path/Frameworks";
				PRODUCT_NAME = "$(TARGET_NAME)";
			};
			name = Debug;
		};
		8514B5681A818CC8005F9715 /* Release */ = {
			isa = XCBuildConfiguration;
			buildSettings = {
				ASSETCATALOG_COMPILER_APPICON_NAME = AppIcon;
				INFOPLIST_FILE = JsonFileReader/Info.plist;
				LD_RUNPATH_SEARCH_PATHS = "$(inherited) @executable_path/Frameworks";
				PRODUCT_NAME = "$(TARGET_NAME)";
			};
			name = Release;
		};
		8514B56A1A818CC8005F9715 /* Debug */ = {
			isa = XCBuildConfiguration;
			buildSettings = {
				BUNDLE_LOADER = "$(TEST_HOST)";
				FRAMEWORK_SEARCH_PATHS = (
					"$(SDKROOT)/Developer/Library/Frameworks",
					"$(inherited)",
				);
				GCC_PREPROCESSOR_DEFINITIONS = (
					"DEBUG=1",
					"$(inherited)",
				);
				INFOPLIST_FILE = JsonFileReaderTests/Info.plist;
				LD_RUNPATH_SEARCH_PATHS = "$(inherited) @executable_path/Frameworks @loader_path/Frameworks";
				PRODUCT_NAME = "$(TARGET_NAME)";
				TEST_HOST = "$(BUILT_PRODUCTS_DIR)/JsonFileReader.app/JsonFileReader";
			};
			name = Debug;
		};
		8514B56B1A818CC8005F9715 /* Release */ = {
			isa = XCBuildConfiguration;
			buildSettings = {
				BUNDLE_LOADER = "$(TEST_HOST)";
				FRAMEWORK_SEARCH_PATHS = (
					"$(SDKROOT)/Developer/Library/Frameworks",
					"$(inherited)",
				);
				INFOPLIST_FILE = JsonFileReaderTests/Info.plist;
				LD_RUNPATH_SEARCH_PATHS = "$(inherited) @executable_path/Frameworks @loader_path/Frameworks";
				PRODUCT_NAME = "$(TARGET_NAME)";
				TEST_HOST = "$(BUILT_PRODUCTS_DIR)/JsonFileReader.app/JsonFileReader";
			};
			name = Release;
		};
/* End XCBuildConfiguration section */

/* Begin XCConfigurationList section */
		8514B5421A818CC8005F9715 /* Build configuration list for PBXProject "JsonFileReader" */ = {
			isa = XCConfigurationList;
			buildConfigurations = (
				8514B5641A818CC8005F9715 /* Debug */,
				8514B5651A818CC8005F9715 /* Release */,
			);
			defaultConfigurationIsVisible = 0;
			defaultConfigurationName = Release;
		};
		8514B5661A818CC8005F9715 /* Build configuration list for PBXNativeTarget "JsonFileReader" */ = {
			isa = XCConfigurationList;
			buildConfigurations = (
				8514B5671A818CC8005F9715 /* Debug */,
				8514B5681A818CC8005F9715 /* Release */,
			);
			defaultConfigurationIsVisible = 0;
		};
		8514B5691A818CC8005F9715 /* Build configuration list for PBXNativeTarget "JsonFileReaderTests" */ = {
			isa = XCConfigurationList;
			buildConfigurations = (
				8514B56A1A818CC8005F9715 /* Debug */,
				8514B56B1A818CC8005F9715 /* Release */,
			);
			defaultConfigurationIsVisible = 0;
		};
/* End XCConfigurationList section */
	};
	rootObject = 8514B53F1A818CC8005F9715 /* Project object */;
}
