// !$*UTF8*$!
{
	archiveVersion = 1;
	classes = {
	};
	objectVersion = 46;
	objects = {

/* Begin PBXBuildFile section */
		85C069D71A9C192900B5D048 /* ChecklistItem.swift in Sources */ = {isa = PBXBuildFile; fileRef = 85C069D61A9C192900B5D048 /* ChecklistItem.swift */; };
		85C069DE1A9C3F1200B5D048 /* AddItemViewController.swift in Sources */ = {isa = PBXBuildFile; fileRef = 85C069DD1A9C3F1200B5D048 /* AddItemViewController.swift */; };
		85FE28E01A9AAC0F00CB028C /* AppDelegate.swift in Sources */ = {isa = PBXBuildFile; fileRef = 85FE28DF1A9AAC0F00CB028C /* AppDelegate.swift */; };
		85FE28E21A9AAC0F00CB028C /* ChecklistViewController.swift in Sources */ = {isa = PBXBuildFile; fileRef = 85FE28E11A9AAC0F00CB028C /* ChecklistViewController.swift */; };
		85FE28E51A9AAC0F00CB028C /* Main.storyboard in Resources */ = {isa = PBXBuildFile; fileRef = 85FE28E31A9AAC0F00CB028C /* Main.storyboard */; };
		85FE28E71A9AAC0F00CB028C /* Images.xcassets in Resources */ = {isa = PBXBuildFile; fileRef = 85FE28E61A9AAC0F00CB028C /* Images.xcassets */; };
		85FE28EA1A9AAC0F00CB028C /* LaunchScreen.xib in Resources */ = {isa = PBXBuildFile; fileRef = 85FE28E81A9AAC0F00CB028C /* LaunchScreen.xib */; };
		85FE28F61A9AAC0F00CB028C /* Checklist_Swift1Tests.swift in Sources */ = {isa = PBXBuildFile; fileRef = 85FE28F51A9AAC0F00CB028C /* Checklist_Swift1Tests.swift */; };
/* End PBXBuildFile section */

/* Begin PBXContainerItemProxy section */
		85FE28F01A9AAC0F00CB028C /* PBXContainerItemProxy */ = {
			isa = PBXContainerItemProxy;
			containerPortal = 85FE28D21A9AAC0F00CB028C /* Project object */;
			proxyType = 1;
			remoteGlobalIDString = 85FE28D91A9AAC0F00CB028C;
			remoteInfo = Checklist_Swift1;
		};
/* End PBXContainerItemProxy section */

/* Begin PBXFileReference section */
		85C069D61A9C192900B5D048 /* ChecklistItem.swift */ = {isa = PBXFileReference; fileEncoding = 4; lastKnownFileType = sourcecode.swift; name = ChecklistItem.swift; path = ../ChecklistItem.swift; sourceTree = "<group>"; };
		85C069DD1A9C3F1200B5D048 /* AddItemViewController.swift */ = {isa = PBXFileReference; fileEncoding = 4; lastKnownFileType = sourcecode.swift; name = AddItemViewController.swift; path = ../AddItemViewController.swift; sourceTree = "<group>"; };
		85FE28DA1A9AAC0F00CB028C /* Checklist_Swift1.app */ = {isa = PBXFileReference; explicitFileType = wrapper.application; includeInIndex = 0; path = Checklist_Swift1.app; sourceTree = BUILT_PRODUCTS_DIR; };
		85FE28DE1A9AAC0F00CB028C /* Info.plist */ = {isa = PBXFileReference; lastKnownFileType = text.plist.xml; path = Info.plist; sourceTree = "<group>"; };
		85FE28DF1A9AAC0F00CB028C /* AppDelegate.swift */ = {isa = PBXFileReference; lastKnownFileType = sourcecode.swift; path = AppDelegate.swift; sourceTree = "<group>"; };
		85FE28E11A9AAC0F00CB028C /* ChecklistViewController.swift */ = {isa = PBXFileReference; lastKnownFileType = sourcecode.swift; path = ChecklistViewController.swift; sourceTree = "<group>"; };
		85FE28E41A9AAC0F00CB028C /* Base */ = {isa = PBXFileReference; lastKnownFileType = file.storyboard; name = Base; path = Base.lproj/Main.storyboard; sourceTree = "<group>"; };
		85FE28E61A9AAC0F00CB028C /* Images.xcassets */ = {isa = PBXFileReference; lastKnownFileType = folder.assetcatalog; path = Images.xcassets; sourceTree = "<group>"; };
		85FE28E91A9AAC0F00CB028C /* Base */ = {isa = PBXFileReference; lastKnownFileType = file.xib; name = Base; path = Base.lproj/LaunchScreen.xib; sourceTree = "<group>"; };
		85FE28EF1A9AAC0F00CB028C /* Checklist_Swift1Tests.xctest */ = {isa = PBXFileReference; explicitFileType = wrapper.cfbundle; includeInIndex = 0; path = Checklist_Swift1Tests.xctest; sourceTree = BUILT_PRODUCTS_DIR; };
		85FE28F41A9AAC0F00CB028C /* Info.plist */ = {isa = PBXFileReference; lastKnownFileType = text.plist.xml; path = Info.plist; sourceTree = "<group>"; };
		85FE28F51A9AAC0F00CB028C /* Checklist_Swift1Tests.swift */ = {isa = PBXFileReference; lastKnownFileType = sourcecode.swift; path = Checklist_Swift1Tests.swift; sourceTree = "<group>"; };
/* End PBXFileReference section */

/* Begin PBXFrameworksBuildPhase section */
		85FE28D71A9AAC0F00CB028C /* Frameworks */ = {
			isa = PBXFrameworksBuildPhase;
			buildActionMask = 2147483647;
			files = (
			);
			runOnlyForDeploymentPostprocessing = 0;
		};
		85FE28EC1A9AAC0F00CB028C /* Frameworks */ = {
			isa = PBXFrameworksBuildPhase;
			buildActionMask = 2147483647;
			files = (
			);
			runOnlyForDeploymentPostprocessing = 0;
		};
/* End PBXFrameworksBuildPhase section */

/* Begin PBXGroup section */
		85C069D81A9C193800B5D048 /* Models */ = {
			isa = PBXGroup;
			children = (
				85C069D61A9C192900B5D048 /* ChecklistItem.swift */,
			);
			name = Models;
			sourceTree = "<group>";
		};
		85C069D91A9C194000B5D048 /* Views */ = {
			isa = PBXGroup;
			children = (
				85FE28E31A9AAC0F00CB028C /* Main.storyboard */,
			);
			name = Views;
			sourceTree = "<group>";
		};
		85C069DA1A9C194600B5D048 /* Controllers */ = {
			isa = PBXGroup;
			children = (
				85C069DD1A9C3F1200B5D048 /* AddItemViewController.swift */,
				85FE28E11A9AAC0F00CB028C /* ChecklistViewController.swift */,
			);
			name = Controllers;
			sourceTree = "<group>";
		};
		85FE28D11A9AAC0F00CB028C = {
			isa = PBXGroup;
			children = (
				85FE28DC1A9AAC0F00CB028C /* Checklist_Swift1 */,
				85FE28F21A9AAC0F00CB028C /* Checklist_Swift1Tests */,
				85FE28DB1A9AAC0F00CB028C /* Products */,
			);
			sourceTree = "<group>";
		};
		85FE28DB1A9AAC0F00CB028C /* Products */ = {
			isa = PBXGroup;
			children = (
				85FE28DA1A9AAC0F00CB028C /* Checklist_Swift1.app */,
				85FE28EF1A9AAC0F00CB028C /* Checklist_Swift1Tests.xctest */,
			);
			name = Products;
			sourceTree = "<group>";
		};
		85FE28DC1A9AAC0F00CB028C /* Checklist_Swift1 */ = {
			isa = PBXGroup;
			children = (
				85C069DA1A9C194600B5D048 /* Controllers */,
				85C069D91A9C194000B5D048 /* Views */,
				85C069D81A9C193800B5D048 /* Models */,
				85FE28DF1A9AAC0F00CB028C /* AppDelegate.swift */,
				85FE28E61A9AAC0F00CB028C /* Images.xcassets */,
				85FE28E81A9AAC0F00CB028C /* LaunchScreen.xib */,
				85FE28DD1A9AAC0F00CB028C /* Supporting Files */,
			);
			path = Checklist_Swift1;
			sourceTree = "<group>";
		};
		85FE28DD1A9AAC0F00CB028C /* Supporting Files */ = {
			isa = PBXGroup;
			children = (
				85FE28DE1A9AAC0F00CB028C /* Info.plist */,
			);
			name = "Supporting Files";
			sourceTree = "<group>";
		};
		85FE28F21A9AAC0F00CB028C /* Checklist_Swift1Tests */ = {
			isa = PBXGroup;
			children = (
				85FE28F51A9AAC0F00CB028C /* Checklist_Swift1Tests.swift */,
				85FE28F31A9AAC0F00CB028C /* Supporting Files */,
			);
			path = Checklist_Swift1Tests;
			sourceTree = "<group>";
		};
		85FE28F31A9AAC0F00CB028C /* Supporting Files */ = {
			isa = PBXGroup;
			children = (
				85FE28F41A9AAC0F00CB028C /* Info.plist */,
			);
			name = "Supporting Files";
			sourceTree = "<group>";
		};
/* End PBXGroup section */

/* Begin PBXNativeTarget section */
		85FE28D91A9AAC0F00CB028C /* Checklist_Swift1 */ = {
			isa = PBXNativeTarget;
			buildConfigurationList = 85FE28F91A9AAC0F00CB028C /* Build configuration list for PBXNativeTarget "Checklist_Swift1" */;
			buildPhases = (
				85FE28D61A9AAC0F00CB028C /* Sources */,
				85FE28D71A9AAC0F00CB028C /* Frameworks */,
				85FE28D81A9AAC0F00CB028C /* Resources */,
			);
			buildRules = (
			);
			dependencies = (
			);
			name = Checklist_Swift1;
			productName = Checklist_Swift1;
			productReference = 85FE28DA1A9AAC0F00CB028C /* Checklist_Swift1.app */;
			productType = "com.apple.product-type.application";
		};
		85FE28EE1A9AAC0F00CB028C /* Checklist_Swift1Tests */ = {
			isa = PBXNativeTarget;
			buildConfigurationList = 85FE28FC1A9AAC0F00CB028C /* Build configuration list for PBXNativeTarget "Checklist_Swift1Tests" */;
			buildPhases = (
				85FE28EB1A9AAC0F00CB028C /* Sources */,
				85FE28EC1A9AAC0F00CB028C /* Frameworks */,
				85FE28ED1A9AAC0F00CB028C /* Resources */,
			);
			buildRules = (
			);
			dependencies = (
				85FE28F11A9AAC0F00CB028C /* PBXTargetDependency */,
			);
			name = Checklist_Swift1Tests;
			productName = Checklist_Swift1Tests;
			productReference = 85FE28EF1A9AAC0F00CB028C /* Checklist_Swift1Tests.xctest */;
			productType = "com.apple.product-type.bundle.unit-test";
		};
/* End PBXNativeTarget section */

/* Begin PBXProject section */
		85FE28D21A9AAC0F00CB028C /* Project object */ = {
			isa = PBXProject;
			attributes = {
				LastUpgradeCheck = 0610;
				ORGANIZATIONNAME = mwsu;
				TargetAttributes = {
					85FE28D91A9AAC0F00CB028C = {
						CreatedOnToolsVersion = 6.1.1;
					};
					85FE28EE1A9AAC0F00CB028C = {
						CreatedOnToolsVersion = 6.1.1;
						TestTargetID = 85FE28D91A9AAC0F00CB028C;
					};
				};
			};
			buildConfigurationList = 85FE28D51A9AAC0F00CB028C /* Build configuration list for PBXProject "Checklist_Swift1" */;
			compatibilityVersion = "Xcode 3.2";
			developmentRegion = English;
			hasScannedForEncodings = 0;
			knownRegions = (
				en,
				Base,
			);
			mainGroup = 85FE28D11A9AAC0F00CB028C;
			productRefGroup = 85FE28DB1A9AAC0F00CB028C /* Products */;
			projectDirPath = "";
			projectRoot = "";
			targets = (
				85FE28D91A9AAC0F00CB028C /* Checklist_Swift1 */,
				85FE28EE1A9AAC0F00CB028C /* Checklist_Swift1Tests */,
			);
		};
/* End PBXProject section */

/* Begin PBXResourcesBuildPhase section */
		85FE28D81A9AAC0F00CB028C /* Resources */ = {
			isa = PBXResourcesBuildPhase;
			buildActionMask = 2147483647;
			files = (
				85FE28E51A9AAC0F00CB028C /* Main.storyboard in Resources */,
				85FE28EA1A9AAC0F00CB028C /* LaunchScreen.xib in Resources */,
				85FE28E71A9AAC0F00CB028C /* Images.xcassets in Resources */,
			);
			runOnlyForDeploymentPostprocessing = 0;
		};
		85FE28ED1A9AAC0F00CB028C /* Resources */ = {
			isa = PBXResourcesBuildPhase;
			buildActionMask = 2147483647;
			files = (
			);
			runOnlyForDeploymentPostprocessing = 0;
		};
/* End PBXResourcesBuildPhase section */

/* Begin PBXSourcesBuildPhase section */
		85FE28D61A9AAC0F00CB028C /* Sources */ = {
			isa = PBXSourcesBuildPhase;
			buildActionMask = 2147483647;
			files = (
				85FE28E21A9AAC0F00CB028C /* ChecklistViewController.swift in Sources */,
				85C069DE1A9C3F1200B5D048 /* AddItemViewController.swift in Sources */,
				85C069D71A9C192900B5D048 /* ChecklistItem.swift in Sources */,
				85FE28E01A9AAC0F00CB028C /* AppDelegate.swift in Sources */,
			);
			runOnlyForDeploymentPostprocessing = 0;
		};
		85FE28EB1A9AAC0F00CB028C /* Sources */ = {
			isa = PBXSourcesBuildPhase;
			buildActionMask = 2147483647;
			files = (
				85FE28F61A9AAC0F00CB028C /* Checklist_Swift1Tests.swift in Sources */,
			);
			runOnlyForDeploymentPostprocessing = 0;
		};
/* End PBXSourcesBuildPhase section */

/* Begin PBXTargetDependency section */
		85FE28F11A9AAC0F00CB028C /* PBXTargetDependency */ = {
			isa = PBXTargetDependency;
			target = 85FE28D91A9AAC0F00CB028C /* Checklist_Swift1 */;
			targetProxy = 85FE28F01A9AAC0F00CB028C /* PBXContainerItemProxy */;
		};
/* End PBXTargetDependency section */

/* Begin PBXVariantGroup section */
		85FE28E31A9AAC0F00CB028C /* Main.storyboard */ = {
			isa = PBXVariantGroup;
			children = (
				85FE28E41A9AAC0F00CB028C /* Base */,
			);
			name = Main.storyboard;
			sourceTree = "<group>";
		};
		85FE28E81A9AAC0F00CB028C /* LaunchScreen.xib */ = {
			isa = PBXVariantGroup;
			children = (
				85FE28E91A9AAC0F00CB028C /* Base */,
			);
			name = LaunchScreen.xib;
			sourceTree = "<group>";
		};
/* End PBXVariantGroup section */

/* Begin XCBuildConfiguration section */
		85FE28F71A9AAC0F00CB028C /* Debug */ = {
			isa = XCBuildConfiguration;
			buildSettings = {
				ALWAYS_SEARCH_USER_PATHS = NO;
				CLANG_CXX_LANGUAGE_STANDARD = "gnu++0x";
				CLANG_CXX_LIBRARY = "libc++";
				CLANG_ENABLE_MODULES = YES;
				CLANG_ENABLE_OBJC_ARC = YES;
				CLANG_WARN_BOOL_CONVERSION = YES;
				CLANG_WARN_CONSTANT_CONVERSION = YES;
				CLANG_WARN_DIRECT_OBJC_ISA_USAGE = YES_ERROR;
				CLANG_WARN_EMPTY_BODY = YES;
				CLANG_WARN_ENUM_CONVERSION = YES;
				CLANG_WARN_INT_CONVERSION = YES;
				CLANG_WARN_OBJC_ROOT_CLASS = YES_ERROR;
				CLANG_WARN_UNREACHABLE_CODE = YES;
				CLANG_WARN__DUPLICATE_METHOD_MATCH = YES;
				"CODE_SIGN_IDENTITY[sdk=iphoneos*]" = "iPhone Developer";
				COPY_PHASE_STRIP = NO;
				ENABLE_STRICT_OBJC_MSGSEND = YES;
				GCC_C_LANGUAGE_STANDARD = gnu99;
				GCC_DYNAMIC_NO_PIC = NO;
				GCC_OPTIMIZATION_LEVEL = 0;
				GCC_PREPROCESSOR_DEFINITIONS = (
					"DEBUG=1",
					"$(inherited)",
				);
				GCC_SYMBOLS_PRIVATE_EXTERN = NO;
				GCC_WARN_64_TO_32_BIT_CONVERSION = YES;
				GCC_WARN_ABOUT_RETURN_TYPE = YES_ERROR;
				GCC_WARN_UNDECLARED_SELECTOR = YES;
				GCC_WARN_UNINITIALIZED_AUTOS = YES_AGGRESSIVE;
				GCC_WARN_UNUSED_FUNCTION = YES;
				GCC_WARN_UNUSED_VARIABLE = YES;
				IPHONEOS_DEPLOYMENT_TARGET = 8.1;
				MTL_ENABLE_DEBUG_INFO = YES;
				ONLY_ACTIVE_ARCH = YES;
				SDKROOT = iphoneos;
				SWIFT_OPTIMIZATION_LEVEL = "-Onone";
				TARGETED_DEVICE_FAMILY = "1,2";
			};
			name = Debug;
		};
		85FE28F81A9AAC0F00CB028C /* Release */ = {
			isa = XCBuildConfiguration;
			buildSettings = {
				ALWAYS_SEARCH_USER_PATHS = NO;
				CLANG_CXX_LANGUAGE_STANDARD = "gnu++0x";
				CLANG_CXX_LIBRARY = "libc++";
				CLANG_ENABLE_MODULES = YES;
				CLANG_ENABLE_OBJC_ARC = YES;
				CLANG_WARN_BOOL_CONVERSION = YES;
				CLANG_WARN_CONSTANT_CONVERSION = YES;
				CLANG_WARN_DIRECT_OBJC_ISA_USAGE = YES_ERROR;
				CLANG_WARN_EMPTY_BODY = YES;
				CLANG_WARN_ENUM_CONVERSION = YES;
				CLANG_WARN_INT_CONVERSION = YES;
				CLANG_WARN_OBJC_ROOT_CLASS = YES_ERROR;
				CLANG_WARN_UNREACHABLE_CODE = YES;
				CLANG_WARN__DUPLICATE_METHOD_MATCH = YES;
				"CODE_SIGN_IDENTITY[sdk=iphoneos*]" = "iPhone Developer";
				COPY_PHASE_STRIP = YES;
				ENABLE_NS_ASSERTIONS = NO;
				ENABLE_STRICT_OBJC_MSGSEND = YES;
				GCC_C_LANGUAGE_STANDARD = gnu99;
				GCC_WARN_64_TO_32_BIT_CONVERSION = YES;
				GCC_WARN_ABOUT_RETURN_TYPE = YES_ERROR;
				GCC_WARN_UNDECLARED_SELECTOR = YES;
				GCC_WARN_UNINITIALIZED_AUTOS = YES_AGGRESSIVE;
				GCC_WARN_UNUSED_FUNCTION = YES;
				GCC_WARN_UNUSED_VARIABLE = YES;
				IPHONEOS_DEPLOYMENT_TARGET = 8.1;
				MTL_ENABLE_DEBUG_INFO = NO;
				SDKROOT = iphoneos;
				TARGETED_DEVICE_FAMILY = "1,2";
				VALIDATE_PRODUCT = YES;
			};
			name = Release;
		};
		85FE28FA1A9AAC0F00CB028C /* Debug */ = {
			isa = XCBuildConfiguration;
			buildSettings = {
				ASSETCATALOG_COMPILER_APPICON_NAME = AppIcon;
				INFOPLIST_FILE = Checklist_Swift1/Info.plist;
				LD_RUNPATH_SEARCH_PATHS = "$(inherited) @executable_path/Frameworks";
				PRODUCT_NAME = "$(TARGET_NAME)";
			};
			name = Debug;
		};
		85FE28FB1A9AAC0F00CB028C /* Release */ = {
			isa = XCBuildConfiguration;
			buildSettings = {
				ASSETCATALOG_COMPILER_APPICON_NAME = AppIcon;
				INFOPLIST_FILE = Checklist_Swift1/Info.plist;
				LD_RUNPATH_SEARCH_PATHS = "$(inherited) @executable_path/Frameworks";
				PRODUCT_NAME = "$(TARGET_NAME)";
			};
			name = Release;
		};
		85FE28FD1A9AAC0F00CB028C /* Debug */ = {
			isa = XCBuildConfiguration;
			buildSettings = {
				BUNDLE_LOADER = "$(TEST_HOST)";
				FRAMEWORK_SEARCH_PATHS = (
					"$(SDKROOT)/Developer/Library/Frameworks",
					"$(inherited)",
				);
				GCC_PREPROCESSOR_DEFINITIONS = (
					"DEBUG=1",
					"$(inherited)",
				);
				INFOPLIST_FILE = Checklist_Swift1Tests/Info.plist;
				LD_RUNPATH_SEARCH_PATHS = "$(inherited) @executable_path/Frameworks @loader_path/Frameworks";
				PRODUCT_NAME = "$(TARGET_NAME)";
				TEST_HOST = "$(BUILT_PRODUCTS_DIR)/Checklist_Swift1.app/Checklist_Swift1";
			};
			name = Debug;
		};
		85FE28FE1A9AAC0F00CB028C /* Release */ = {
			isa = XCBuildConfiguration;
			buildSettings = {
				BUNDLE_LOADER = "$(TEST_HOST)";
				FRAMEWORK_SEARCH_PATHS = (
					"$(SDKROOT)/Developer/Library/Frameworks",
					"$(inherited)",
				);
				INFOPLIST_FILE = Checklist_Swift1Tests/Info.plist;
				LD_RUNPATH_SEARCH_PATHS = "$(inherited) @executable_path/Frameworks @loader_path/Frameworks";
				PRODUCT_NAME = "$(TARGET_NAME)";
				TEST_HOST = "$(BUILT_PRODUCTS_DIR)/Checklist_Swift1.app/Checklist_Swift1";
			};
			name = Release;
		};
/* End XCBuildConfiguration section */

/* Begin XCConfigurationList section */
		85FE28D51A9AAC0F00CB028C /* Build configuration list for PBXProject "Checklist_Swift1" */ = {
			isa = XCConfigurationList;
			buildConfigurations = (
				85FE28F71A9AAC0F00CB028C /* Debug */,
				85FE28F81A9AAC0F00CB028C /* Release */,
			);
			defaultConfigurationIsVisible = 0;
			defaultConfigurationName = Release;
		};
		85FE28F91A9AAC0F00CB028C /* Build configuration list for PBXNativeTarget "Checklist_Swift1" */ = {
			isa = XCConfigurationList;
			buildConfigurations = (
				85FE28FA1A9AAC0F00CB028C /* Debug */,
				85FE28FB1A9AAC0F00CB028C /* Release */,
			);
			defaultConfigurationIsVisible = 0;
			defaultConfigurationName = Release;
		};
		85FE28FC1A9AAC0F00CB028C /* Build configuration list for PBXNativeTarget "Checklist_Swift1Tests" */ = {
			isa = XCConfigurationList;
			buildConfigurations = (
				85FE28FD1A9AAC0F00CB028C /* Debug */,
				85FE28FE1A9AAC0F00CB028C /* Release */,
			);
			defaultConfigurationIsVisible = 0;
			defaultConfigurationName = Release;
		};
/* End XCConfigurationList section */
	};
	rootObject = 85FE28D21A9AAC0F00CB028C /* Project object */;
}
