// !$*UTF8*$!
{
	archiveVersion = 1;
	classes = {
	};
	objectVersion = 46;
	objects = {

/* Begin PBXBuildFile section */
		85FE290E1A9E4B2800CB028C /* AppDelegate.swift in Sources */ = {isa = PBXBuildFile; fileRef = 85FE290D1A9E4B2800CB028C /* AppDelegate.swift */; };
		85FE29101A9E4B2800CB028C /* ChecklistViewController.swift in Sources */ = {isa = PBXBuildFile; fileRef = 85FE290F1A9E4B2800CB028C /* ChecklistViewController.swift */; };
		85FE29131A9E4B2800CB028C /* Main.storyboard in Resources */ = {isa = PBXBuildFile; fileRef = 85FE29111A9E4B2800CB028C /* Main.storyboard */; };
		85FE29151A9E4B2800CB028C /* Images.xcassets in Resources */ = {isa = PBXBuildFile; fileRef = 85FE29141A9E4B2800CB028C /* Images.xcassets */; };
		85FE29181A9E4B2800CB028C /* LaunchScreen.xib in Resources */ = {isa = PBXBuildFile; fileRef = 85FE29161A9E4B2800CB028C /* LaunchScreen.xib */; };
		85FE29241A9E4B2800CB028C /* Checklists2Tests.swift in Sources */ = {isa = PBXBuildFile; fileRef = 85FE29231A9E4B2800CB028C /* Checklists2Tests.swift */; };
		85FE29311A9E66DA00CB028C /* ChecklistItem.swift in Sources */ = {isa = PBXBuildFile; fileRef = 85FE29301A9E66DA00CB028C /* ChecklistItem.swift */; };
/* End PBXBuildFile section */

/* Begin PBXContainerItemProxy section */
		85FE291E1A9E4B2800CB028C /* PBXContainerItemProxy */ = {
			isa = PBXContainerItemProxy;
			containerPortal = 85FE29001A9E4B2800CB028C /* Project object */;
			proxyType = 1;
			remoteGlobalIDString = 85FE29071A9E4B2800CB028C;
			remoteInfo = Checklists2;
		};
/* End PBXContainerItemProxy section */

/* Begin PBXFileReference section */
		85FE29081A9E4B2800CB028C /* Checklists2.app */ = {isa = PBXFileReference; explicitFileType = wrapper.application; includeInIndex = 0; path = Checklists2.app; sourceTree = BUILT_PRODUCTS_DIR; };
		85FE290C1A9E4B2800CB028C /* Info.plist */ = {isa = PBXFileReference; lastKnownFileType = text.plist.xml; path = Info.plist; sourceTree = "<group>"; };
		85FE290D1A9E4B2800CB028C /* AppDelegate.swift */ = {isa = PBXFileReference; lastKnownFileType = sourcecode.swift; path = AppDelegate.swift; sourceTree = "<group>"; };
		85FE290F1A9E4B2800CB028C /* ChecklistViewController.swift */ = {isa = PBXFileReference; lastKnownFileType = sourcecode.swift; path = ChecklistViewController.swift; sourceTree = "<group>"; };
		85FE29121A9E4B2800CB028C /* Base */ = {isa = PBXFileReference; lastKnownFileType = file.storyboard; name = Base; path = Base.lproj/Main.storyboard; sourceTree = "<group>"; };
		85FE29141A9E4B2800CB028C /* Images.xcassets */ = {isa = PBXFileReference; lastKnownFileType = folder.assetcatalog; path = Images.xcassets; sourceTree = "<group>"; };
		85FE29171A9E4B2800CB028C /* Base */ = {isa = PBXFileReference; lastKnownFileType = file.xib; name = Base; path = Base.lproj/LaunchScreen.xib; sourceTree = "<group>"; };
		85FE291D1A9E4B2800CB028C /* Checklists2Tests.xctest */ = {isa = PBXFileReference; explicitFileType = wrapper.cfbundle; includeInIndex = 0; path = Checklists2Tests.xctest; sourceTree = BUILT_PRODUCTS_DIR; };
		85FE29221A9E4B2800CB028C /* Info.plist */ = {isa = PBXFileReference; lastKnownFileType = text.plist.xml; path = Info.plist; sourceTree = "<group>"; };
		85FE29231A9E4B2800CB028C /* Checklists2Tests.swift */ = {isa = PBXFileReference; lastKnownFileType = sourcecode.swift; path = Checklists2Tests.swift; sourceTree = "<group>"; };
		85FE29301A9E66DA00CB028C /* ChecklistItem.swift */ = {isa = PBXFileReference; fileEncoding = 4; lastKnownFileType = sourcecode.swift; name = ChecklistItem.swift; path = ../ChecklistItem.swift; sourceTree = "<group>"; };
/* End PBXFileReference section */

/* Begin PBXFrameworksBuildPhase section */
		85FE29051A9E4B2800CB028C /* Frameworks */ = {
			isa = PBXFrameworksBuildPhase;
			buildActionMask = 2147483647;
			files = (
			);
			runOnlyForDeploymentPostprocessing = 0;
		};
		85FE291A1A9E4B2800CB028C /* Frameworks */ = {
			isa = PBXFrameworksBuildPhase;
			buildActionMask = 2147483647;
			files = (
			);
			runOnlyForDeploymentPostprocessing = 0;
		};
/* End PBXFrameworksBuildPhase section */

/* Begin PBXGroup section */
		85FE28FF1A9E4B2800CB028C = {
			isa = PBXGroup;
			children = (
				85FE290A1A9E4B2800CB028C /* Checklists2 */,
				85FE29201A9E4B2800CB028C /* Checklists2Tests */,
				85FE29091A9E4B2800CB028C /* Products */,
			);
			sourceTree = "<group>";
		};
		85FE29091A9E4B2800CB028C /* Products */ = {
			isa = PBXGroup;
			children = (
				85FE29081A9E4B2800CB028C /* Checklists2.app */,
				85FE291D1A9E4B2800CB028C /* Checklists2Tests.xctest */,
			);
			name = Products;
			sourceTree = "<group>";
		};
		85FE290A1A9E4B2800CB028C /* Checklists2 */ = {
			isa = PBXGroup;
			children = (
				85FE292F1A9E4B6300CB028C /* Controllers */,
				85FE292E1A9E4B5E00CB028C /* Views */,
				85FE292D1A9E4B5800CB028C /* Models */,
				85FE290D1A9E4B2800CB028C /* AppDelegate.swift */,
				85FE29141A9E4B2800CB028C /* Images.xcassets */,
				85FE29161A9E4B2800CB028C /* LaunchScreen.xib */,
				85FE290B1A9E4B2800CB028C /* Supporting Files */,
			);
			path = Checklists2;
			sourceTree = "<group>";
		};
		85FE290B1A9E4B2800CB028C /* Supporting Files */ = {
			isa = PBXGroup;
			children = (
				85FE290C1A9E4B2800CB028C /* Info.plist */,
			);
			name = "Supporting Files";
			sourceTree = "<group>";
		};
		85FE29201A9E4B2800CB028C /* Checklists2Tests */ = {
			isa = PBXGroup;
			children = (
				85FE29231A9E4B2800CB028C /* Checklists2Tests.swift */,
				85FE29211A9E4B2800CB028C /* Supporting Files */,
			);
			path = Checklists2Tests;
			sourceTree = "<group>";
		};
		85FE29211A9E4B2800CB028C /* Supporting Files */ = {
			isa = PBXGroup;
			children = (
				85FE29221A9E4B2800CB028C /* Info.plist */,
			);
			name = "Supporting Files";
			sourceTree = "<group>";
		};
		85FE292D1A9E4B5800CB028C /* Models */ = {
			isa = PBXGroup;
			children = (
				85FE29301A9E66DA00CB028C /* ChecklistItem.swift */,
			);
			name = Models;
			sourceTree = "<group>";
		};
		85FE292E1A9E4B5E00CB028C /* Views */ = {
			isa = PBXGroup;
			children = (
				85FE29111A9E4B2800CB028C /* Main.storyboard */,
			);
			name = Views;
			sourceTree = "<group>";
		};
		85FE292F1A9E4B6300CB028C /* Controllers */ = {
			isa = PBXGroup;
			children = (
				85FE290F1A9E4B2800CB028C /* ChecklistViewController.swift */,
			);
			name = Controllers;
			sourceTree = "<group>";
		};
/* End PBXGroup section */

/* Begin PBXNativeTarget section */
		85FE29071A9E4B2800CB028C /* Checklists2 */ = {
			isa = PBXNativeTarget;
			buildConfigurationList = 85FE29271A9E4B2800CB028C /* Build configuration list for PBXNativeTarget "Checklists2" */;
			buildPhases = (
				85FE29041A9E4B2800CB028C /* Sources */,
				85FE29051A9E4B2800CB028C /* Frameworks */,
				85FE29061A9E4B2800CB028C /* Resources */,
			);
			buildRules = (
			);
			dependencies = (
			);
			name = Checklists2;
			productName = Checklists2;
			productReference = 85FE29081A9E4B2800CB028C /* Checklists2.app */;
			productType = "com.apple.product-type.application";
		};
		85FE291C1A9E4B2800CB028C /* Checklists2Tests */ = {
			isa = PBXNativeTarget;
			buildConfigurationList = 85FE292A1A9E4B2800CB028C /* Build configuration list for PBXNativeTarget "Checklists2Tests" */;
			buildPhases = (
				85FE29191A9E4B2800CB028C /* Sources */,
				85FE291A1A9E4B2800CB028C /* Frameworks */,
				85FE291B1A9E4B2800CB028C /* Resources */,
			);
			buildRules = (
			);
			dependencies = (
				85FE291F1A9E4B2800CB028C /* PBXTargetDependency */,
			);
			name = Checklists2Tests;
			productName = Checklists2Tests;
			productReference = 85FE291D1A9E4B2800CB028C /* Checklists2Tests.xctest */;
			productType = "com.apple.product-type.bundle.unit-test";
		};
/* End PBXNativeTarget section */

/* Begin PBXProject section */
		85FE29001A9E4B2800CB028C /* Project object */ = {
			isa = PBXProject;
			attributes = {
				LastUpgradeCheck = 0610;
				ORGANIZATIONNAME = mwsu;
				TargetAttributes = {
					85FE29071A9E4B2800CB028C = {
						CreatedOnToolsVersion = 6.1.1;
					};
					85FE291C1A9E4B2800CB028C = {
						CreatedOnToolsVersion = 6.1.1;
						TestTargetID = 85FE29071A9E4B2800CB028C;
					};
				};
			};
			buildConfigurationList = 85FE29031A9E4B2800CB028C /* Build configuration list for PBXProject "Checklists2" */;
			compatibilityVersion = "Xcode 3.2";
			developmentRegion = English;
			hasScannedForEncodings = 0;
			knownRegions = (
				en,
				Base,
			);
			mainGroup = 85FE28FF1A9E4B2800CB028C;
			productRefGroup = 85FE29091A9E4B2800CB028C /* Products */;
			projectDirPath = "";
			projectRoot = "";
			targets = (
				85FE29071A9E4B2800CB028C /* Checklists2 */,
				85FE291C1A9E4B2800CB028C /* Checklists2Tests */,
			);
		};
/* End PBXProject section */

/* Begin PBXResourcesBuildPhase section */
		85FE29061A9E4B2800CB028C /* Resources */ = {
			isa = PBXResourcesBuildPhase;
			buildActionMask = 2147483647;
			files = (
				85FE29131A9E4B2800CB028C /* Main.storyboard in Resources */,
				85FE29181A9E4B2800CB028C /* LaunchScreen.xib in Resources */,
				85FE29151A9E4B2800CB028C /* Images.xcassets in Resources */,
			);
			runOnlyForDeploymentPostprocessing = 0;
		};
		85FE291B1A9E4B2800CB028C /* Resources */ = {
			isa = PBXResourcesBuildPhase;
			buildActionMask = 2147483647;
			files = (
			);
			runOnlyForDeploymentPostprocessing = 0;
		};
/* End PBXResourcesBuildPhase section */

/* Begin PBXSourcesBuildPhase section */
		85FE29041A9E4B2800CB028C /* Sources */ = {
			isa = PBXSourcesBuildPhase;
			buildActionMask = 2147483647;
			files = (
				85FE29101A9E4B2800CB028C /* ChecklistViewController.swift in Sources */,
				85FE29311A9E66DA00CB028C /* ChecklistItem.swift in Sources */,
				85FE290E1A9E4B2800CB028C /* AppDelegate.swift in Sources */,
			);
			runOnlyForDeploymentPostprocessing = 0;
		};
		85FE29191A9E4B2800CB028C /* Sources */ = {
			isa = PBXSourcesBuildPhase;
			buildActionMask = 2147483647;
			files = (
				85FE29241A9E4B2800CB028C /* Checklists2Tests.swift in Sources */,
			);
			runOnlyForDeploymentPostprocessing = 0;
		};
/* End PBXSourcesBuildPhase section */

/* Begin PBXTargetDependency section */
		85FE291F1A9E4B2800CB028C /* PBXTargetDependency */ = {
			isa = PBXTargetDependency;
			target = 85FE29071A9E4B2800CB028C /* Checklists2 */;
			targetProxy = 85FE291E1A9E4B2800CB028C /* PBXContainerItemProxy */;
		};
/* End PBXTargetDependency section */

/* Begin PBXVariantGroup section */
		85FE29111A9E4B2800CB028C /* Main.storyboard */ = {
			isa = PBXVariantGroup;
			children = (
				85FE29121A9E4B2800CB028C /* Base */,
			);
			name = Main.storyboard;
			sourceTree = "<group>";
		};
		85FE29161A9E4B2800CB028C /* LaunchScreen.xib */ = {
			isa = PBXVariantGroup;
			children = (
				85FE29171A9E4B2800CB028C /* Base */,
			);
			name = LaunchScreen.xib;
			sourceTree = "<group>";
		};
/* End PBXVariantGroup section */

/* Begin XCBuildConfiguration section */
		85FE29251A9E4B2800CB028C /* Debug */ = {
			isa = XCBuildConfiguration;
			buildSettings = {
				ALWAYS_SEARCH_USER_PATHS = NO;
				CLANG_CXX_LANGUAGE_STANDARD = "gnu++0x";
				CLANG_CXX_LIBRARY = "libc++";
				CLANG_ENABLE_MODULES = YES;
				CLANG_ENABLE_OBJC_ARC = YES;
				CLANG_WARN_BOOL_CONVERSION = YES;
				CLANG_WARN_CONSTANT_CONVERSION = YES;
				CLANG_WARN_DIRECT_OBJC_ISA_USAGE = YES_ERROR;
				CLANG_WARN_EMPTY_BODY = YES;
				CLANG_WARN_ENUM_CONVERSION = YES;
				CLANG_WARN_INT_CONVERSION = YES;
				CLANG_WARN_OBJC_ROOT_CLASS = YES_ERROR;
				CLANG_WARN_UNREACHABLE_CODE = YES;
				CLANG_WARN__DUPLICATE_METHOD_MATCH = YES;
				"CODE_SIGN_IDENTITY[sdk=iphoneos*]" = "iPhone Developer";
				COPY_PHASE_STRIP = NO;
				ENABLE_STRICT_OBJC_MSGSEND = YES;
				GCC_C_LANGUAGE_STANDARD = gnu99;
				GCC_DYNAMIC_NO_PIC = NO;
				GCC_OPTIMIZATION_LEVEL = 0;
				GCC_PREPROCESSOR_DEFINITIONS = (
					"DEBUG=1",
					"$(inherited)",
				);
				GCC_SYMBOLS_PRIVATE_EXTERN = NO;
				GCC_WARN_64_TO_32_BIT_CONVERSION = YES;
				GCC_WARN_ABOUT_RETURN_TYPE = YES_ERROR;
				GCC_WARN_UNDECLARED_SELECTOR = YES;
				GCC_WARN_UNINITIALIZED_AUTOS = YES_AGGRESSIVE;
				GCC_WARN_UNUSED_FUNCTION = YES;
				GCC_WARN_UNUSED_VARIABLE = YES;
				IPHONEOS_DEPLOYMENT_TARGET = 8.1;
				MTL_ENABLE_DEBUG_INFO = YES;
				ONLY_ACTIVE_ARCH = YES;
				SDKROOT = iphoneos;
				SWIFT_OPTIMIZATION_LEVEL = "-Onone";
				TARGETED_DEVICE_FAMILY = "1,2";
			};
			name = Debug;
		};
		85FE29261A9E4B2800CB028C /* Release */ = {
			isa = XCBuildConfiguration;
			buildSettings = {
				ALWAYS_SEARCH_USER_PATHS = NO;
				CLANG_CXX_LANGUAGE_STANDARD = "gnu++0x";
				CLANG_CXX_LIBRARY = "libc++";
				CLANG_ENABLE_MODULES = YES;
				CLANG_ENABLE_OBJC_ARC = YES;
				CLANG_WARN_BOOL_CONVERSION = YES;
				CLANG_WARN_CONSTANT_CONVERSION = YES;
				CLANG_WARN_DIRECT_OBJC_ISA_USAGE = YES_ERROR;
				CLANG_WARN_EMPTY_BODY = YES;
				CLANG_WARN_ENUM_CONVERSION = YES;
				CLANG_WARN_INT_CONVERSION = YES;
				CLANG_WARN_OBJC_ROOT_CLASS = YES_ERROR;
				CLANG_WARN_UNREACHABLE_CODE = YES;
				CLANG_WARN__DUPLICATE_METHOD_MATCH = YES;
				"CODE_SIGN_IDENTITY[sdk=iphoneos*]" = "iPhone Developer";
				COPY_PHASE_STRIP = YES;
				ENABLE_NS_ASSERTIONS = NO;
				ENABLE_STRICT_OBJC_MSGSEND = YES;
				GCC_C_LANGUAGE_STANDARD = gnu99;
				GCC_WARN_64_TO_32_BIT_CONVERSION = YES;
				GCC_WARN_ABOUT_RETURN_TYPE = YES_ERROR;
				GCC_WARN_UNDECLARED_SELECTOR = YES;
				GCC_WARN_UNINITIALIZED_AUTOS = YES_AGGRESSIVE;
				GCC_WARN_UNUSED_FUNCTION = YES;
				GCC_WARN_UNUSED_VARIABLE = YES;
				IPHONEOS_DEPLOYMENT_TARGET = 8.1;
				MTL_ENABLE_DEBUG_INFO = NO;
				SDKROOT = iphoneos;
				TARGETED_DEVICE_FAMILY = "1,2";
				VALIDATE_PRODUCT = YES;
			};
			name = Release;
		};
		85FE29281A9E4B2800CB028C /* Debug */ = {
			isa = XCBuildConfiguration;
			buildSettings = {
				ASSETCATALOG_COMPILER_APPICON_NAME = AppIcon;
				INFOPLIST_FILE = Checklists2/Info.plist;
				LD_RUNPATH_SEARCH_PATHS = "$(inherited) @executable_path/Frameworks";
				PRODUCT_NAME = "$(TARGET_NAME)";
			};
			name = Debug;
		};
		85FE29291A9E4B2800CB028C /* Release */ = {
			isa = XCBuildConfiguration;
			buildSettings = {
				ASSETCATALOG_COMPILER_APPICON_NAME = AppIcon;
				INFOPLIST_FILE = Checklists2/Info.plist;
				LD_RUNPATH_SEARCH_PATHS = "$(inherited) @executable_path/Frameworks";
				PRODUCT_NAME = "$(TARGET_NAME)";
			};
			name = Release;
		};
		85FE292B1A9E4B2800CB028C /* Debug */ = {
			isa = XCBuildConfiguration;
			buildSettings = {
				BUNDLE_LOADER = "$(TEST_HOST)";
				FRAMEWORK_SEARCH_PATHS = (
					"$(SDKROOT)/Developer/Library/Frameworks",
					"$(inherited)",
				);
				GCC_PREPROCESSOR_DEFINITIONS = (
					"DEBUG=1",
					"$(inherited)",
				);
				INFOPLIST_FILE = Checklists2Tests/Info.plist;
				LD_RUNPATH_SEARCH_PATHS = "$(inherited) @executable_path/Frameworks @loader_path/Frameworks";
				PRODUCT_NAME = "$(TARGET_NAME)";
				TEST_HOST = "$(BUILT_PRODUCTS_DIR)/Checklists2.app/Checklists2";
			};
			name = Debug;
		};
		85FE292C1A9E4B2800CB028C /* Release */ = {
			isa = XCBuildConfiguration;
			buildSettings = {
				BUNDLE_LOADER = "$(TEST_HOST)";
				FRAMEWORK_SEARCH_PATHS = (
					"$(SDKROOT)/Developer/Library/Frameworks",
					"$(inherited)",
				);
				INFOPLIST_FILE = Checklists2Tests/Info.plist;
				LD_RUNPATH_SEARCH_PATHS = "$(inherited) @executable_path/Frameworks @loader_path/Frameworks";
				PRODUCT_NAME = "$(TARGET_NAME)";
				TEST_HOST = "$(BUILT_PRODUCTS_DIR)/Checklists2.app/Checklists2";
			};
			name = Release;
		};
/* End XCBuildConfiguration section */

/* Begin XCConfigurationList section */
		85FE29031A9E4B2800CB028C /* Build configuration list for PBXProject "Checklists2" */ = {
			isa = XCConfigurationList;
			buildConfigurations = (
				85FE29251A9E4B2800CB028C /* Debug */,
				85FE29261A9E4B2800CB028C /* Release */,
			);
			defaultConfigurationIsVisible = 0;
			defaultConfigurationName = Release;
		};
		85FE29271A9E4B2800CB028C /* Build configuration list for PBXNativeTarget "Checklists2" */ = {
			isa = XCConfigurationList;
			buildConfigurations = (
				85FE29281A9E4B2800CB028C /* Debug */,
				85FE29291A9E4B2800CB028C /* Release */,
			);
			defaultConfigurationIsVisible = 0;
		};
		85FE292A1A9E4B2800CB028C /* Build configuration list for PBXNativeTarget "Checklists2Tests" */ = {
			isa = XCConfigurationList;
			buildConfigurations = (
				85FE292B1A9E4B2800CB028C /* Debug */,
				85FE292C1A9E4B2800CB028C /* Release */,
			);
			defaultConfigurationIsVisible = 0;
		};
/* End XCConfigurationList section */
	};
	rootObject = 85FE29001A9E4B2800CB028C /* Project object */;
}
