// !$*UTF8*$!
{
	archiveVersion = 1;
	classes = {
	};
	objectVersion = 46;
	objects = {

/* Begin PBXBuildFile section */
		85771A141A7AEC9900AFD8E6 /* AppDelegate.swift in Sources */ = {isa = PBXBuildFile; fileRef = 85771A131A7AEC9900AFD8E6 /* AppDelegate.swift */; };
		85771A161A7AEC9900AFD8E6 /* ViewController.swift in Sources */ = {isa = PBXBuildFile; fileRef = 85771A151A7AEC9900AFD8E6 /* ViewController.swift */; };
		85771A191A7AEC9900AFD8E6 /* Main.storyboard in Resources */ = {isa = PBXBuildFile; fileRef = 85771A171A7AEC9900AFD8E6 /* Main.storyboard */; };
		85771A1B1A7AEC9900AFD8E6 /* Images.xcassets in Resources */ = {isa = PBXBuildFile; fileRef = 85771A1A1A7AEC9900AFD8E6 /* Images.xcassets */; };
		85771A1E1A7AEC9900AFD8E6 /* LaunchScreen.xib in Resources */ = {isa = PBXBuildFile; fileRef = 85771A1C1A7AEC9900AFD8E6 /* LaunchScreen.xib */; };
		85771A2A1A7AEC9900AFD8E6 /* Image_PickerTests.swift in Sources */ = {isa = PBXBuildFile; fileRef = 85771A291A7AEC9900AFD8E6 /* Image_PickerTests.swift */; };
		85771A431A7AF0D500AFD8E6 /* bee.jpg in Resources */ = {isa = PBXBuildFile; fileRef = 85771A331A7AF0D500AFD8E6 /* bee.jpg */; };
		85771A441A7AF0D500AFD8E6 /* cat.jpg in Resources */ = {isa = PBXBuildFile; fileRef = 85771A341A7AF0D500AFD8E6 /* cat.jpg */; };
		85771A451A7AF0D500AFD8E6 /* cow.jpg in Resources */ = {isa = PBXBuildFile; fileRef = 85771A351A7AF0D500AFD8E6 /* cow.jpg */; };
		85771A461A7AF0D500AFD8E6 /* dog.jpg in Resources */ = {isa = PBXBuildFile; fileRef = 85771A361A7AF0D500AFD8E6 /* dog.jpg */; };
		85771A471A7AF0D500AFD8E6 /* elk.jpg in Resources */ = {isa = PBXBuildFile; fileRef = 85771A371A7AF0D500AFD8E6 /* elk.jpg */; };
		85771A481A7AF0D500AFD8E6 /* frog.gif in Resources */ = {isa = PBXBuildFile; fileRef = 85771A381A7AF0D500AFD8E6 /* frog.gif */; };
		85771A491A7AF0D500AFD8E6 /* gorilla.jpg in Resources */ = {isa = PBXBuildFile; fileRef = 85771A391A7AF0D500AFD8E6 /* gorilla.jpg */; };
		85771A4A1A7AF0D500AFD8E6 /* guinea_pig.jpg in Resources */ = {isa = PBXBuildFile; fileRef = 85771A3A1A7AF0D500AFD8E6 /* guinea_pig.jpg */; };
		85771A4B1A7AF0D500AFD8E6 /* hippo.jpg in Resources */ = {isa = PBXBuildFile; fileRef = 85771A3B1A7AF0D500AFD8E6 /* hippo.jpg */; };
		85771A4C1A7AF0D500AFD8E6 /* monkey.jpg in Resources */ = {isa = PBXBuildFile; fileRef = 85771A3C1A7AF0D500AFD8E6 /* monkey.jpg */; };
		85771A4D1A7AF0D500AFD8E6 /* owl.jpg in Resources */ = {isa = PBXBuildFile; fileRef = 85771A3D1A7AF0D500AFD8E6 /* owl.jpg */; };
		85771A4E1A7AF0D500AFD8E6 /* panda.jpg in Resources */ = {isa = PBXBuildFile; fileRef = 85771A3E1A7AF0D500AFD8E6 /* panda.jpg */; };
		85771A4F1A7AF0D500AFD8E6 /* penguin.jpg in Resources */ = {isa = PBXBuildFile; fileRef = 85771A3F1A7AF0D500AFD8E6 /* penguin.jpg */; };
		85771A501A7AF0D500AFD8E6 /* pig.jpg in Resources */ = {isa = PBXBuildFile; fileRef = 85771A401A7AF0D500AFD8E6 /* pig.jpg */; };
		85771A511A7AF0D500AFD8E6 /* shark.jpg in Resources */ = {isa = PBXBuildFile; fileRef = 85771A411A7AF0D500AFD8E6 /* shark.jpg */; };
		85771A521A7AF0D500AFD8E6 /* tiger.jpg in Resources */ = {isa = PBXBuildFile; fileRef = 85771A421A7AF0D500AFD8E6 /* tiger.jpg */; };
/* End PBXBuildFile section */

/* Begin PBXContainerItemProxy section */
		85771A241A7AEC9900AFD8E6 /* PBXContainerItemProxy */ = {
			isa = PBXContainerItemProxy;
			containerPortal = 85771A061A7AEC9900AFD8E6 /* Project object */;
			proxyType = 1;
			remoteGlobalIDString = 85771A0D1A7AEC9900AFD8E6;
			remoteInfo = "Image Picker";
		};
/* End PBXContainerItemProxy section */

/* Begin PBXFileReference section */
		85771A0E1A7AEC9900AFD8E6 /* Image Picker.app */ = {isa = PBXFileReference; explicitFileType = wrapper.application; includeInIndex = 0; path = "Image Picker.app"; sourceTree = BUILT_PRODUCTS_DIR; };
		85771A121A7AEC9900AFD8E6 /* Info.plist */ = {isa = PBXFileReference; lastKnownFileType = text.plist.xml; path = Info.plist; sourceTree = "<group>"; };
		85771A131A7AEC9900AFD8E6 /* AppDelegate.swift */ = {isa = PBXFileReference; lastKnownFileType = sourcecode.swift; path = AppDelegate.swift; sourceTree = "<group>"; };
		85771A151A7AEC9900AFD8E6 /* ViewController.swift */ = {isa = PBXFileReference; lastKnownFileType = sourcecode.swift; path = ViewController.swift; sourceTree = "<group>"; };
		85771A181A7AEC9900AFD8E6 /* Base */ = {isa = PBXFileReference; lastKnownFileType = file.storyboard; name = Base; path = Base.lproj/Main.storyboard; sourceTree = "<group>"; };
		85771A1A1A7AEC9900AFD8E6 /* Images.xcassets */ = {isa = PBXFileReference; lastKnownFileType = folder.assetcatalog; path = Images.xcassets; sourceTree = "<group>"; };
		85771A1D1A7AEC9900AFD8E6 /* Base */ = {isa = PBXFileReference; lastKnownFileType = file.xib; name = Base; path = Base.lproj/LaunchScreen.xib; sourceTree = "<group>"; };
		85771A231A7AEC9900AFD8E6 /* Image PickerTests.xctest */ = {isa = PBXFileReference; explicitFileType = wrapper.cfbundle; includeInIndex = 0; path = "Image PickerTests.xctest"; sourceTree = BUILT_PRODUCTS_DIR; };
		85771A281A7AEC9900AFD8E6 /* Info.plist */ = {isa = PBXFileReference; lastKnownFileType = text.plist.xml; path = Info.plist; sourceTree = "<group>"; };
		85771A291A7AEC9900AFD8E6 /* Image_PickerTests.swift */ = {isa = PBXFileReference; lastKnownFileType = sourcecode.swift; path = Image_PickerTests.swift; sourceTree = "<group>"; };
		85771A331A7AF0D500AFD8E6 /* bee.jpg */ = {isa = PBXFileReference; lastKnownFileType = image.jpeg; path = bee.jpg; sourceTree = "<group>"; };
		85771A341A7AF0D500AFD8E6 /* cat.jpg */ = {isa = PBXFileReference; lastKnownFileType = image.jpeg; path = cat.jpg; sourceTree = "<group>"; };
		85771A351A7AF0D500AFD8E6 /* cow.jpg */ = {isa = PBXFileReference; lastKnownFileType = image.jpeg; path = cow.jpg; sourceTree = "<group>"; };
		85771A361A7AF0D500AFD8E6 /* dog.jpg */ = {isa = PBXFileReference; lastKnownFileType = image.jpeg; path = dog.jpg; sourceTree = "<group>"; };
		85771A371A7AF0D500AFD8E6 /* elk.jpg */ = {isa = PBXFileReference; lastKnownFileType = image.jpeg; path = elk.jpg; sourceTree = "<group>"; };
		85771A381A7AF0D500AFD8E6 /* frog.gif */ = {isa = PBXFileReference; lastKnownFileType = image.gif; path = frog.gif; sourceTree = "<group>"; };
		85771A391A7AF0D500AFD8E6 /* gorilla.jpg */ = {isa = PBXFileReference; lastKnownFileType = image.jpeg; path = gorilla.jpg; sourceTree = "<group>"; };
		85771A3A1A7AF0D500AFD8E6 /* guinea_pig.jpg */ = {isa = PBXFileReference; lastKnownFileType = image.jpeg; path = guinea_pig.jpg; sourceTree = "<group>"; };
		85771A3B1A7AF0D500AFD8E6 /* hippo.jpg */ = {isa = PBXFileReference; lastKnownFileType = image.jpeg; path = hippo.jpg; sourceTree = "<group>"; };
		85771A3C1A7AF0D500AFD8E6 /* monkey.jpg */ = {isa = PBXFileReference; lastKnownFileType = image.jpeg; path = monkey.jpg; sourceTree = "<group>"; };
		85771A3D1A7AF0D500AFD8E6 /* owl.jpg */ = {isa = PBXFileReference; lastKnownFileType = image.jpeg; path = owl.jpg; sourceTree = "<group>"; };
		85771A3E1A7AF0D500AFD8E6 /* panda.jpg */ = {isa = PBXFileReference; lastKnownFileType = image.jpeg; path = panda.jpg; sourceTree = "<group>"; };
		85771A3F1A7AF0D500AFD8E6 /* penguin.jpg */ = {isa = PBXFileReference; lastKnownFileType = image.jpeg; path = penguin.jpg; sourceTree = "<group>"; };
		85771A401A7AF0D500AFD8E6 /* pig.jpg */ = {isa = PBXFileReference; lastKnownFileType = image.jpeg; path = pig.jpg; sourceTree = "<group>"; };
		85771A411A7AF0D500AFD8E6 /* shark.jpg */ = {isa = PBXFileReference; lastKnownFileType = image.jpeg; path = shark.jpg; sourceTree = "<group>"; };
		85771A421A7AF0D500AFD8E6 /* tiger.jpg */ = {isa = PBXFileReference; lastKnownFileType = image.jpeg; path = tiger.jpg; sourceTree = "<group>"; };
/* End PBXFileReference section */

/* Begin PBXFrameworksBuildPhase section */
		85771A0B1A7AEC9900AFD8E6 /* Frameworks */ = {
			isa = PBXFrameworksBuildPhase;
			buildActionMask = 2147483647;
			files = (
			);
			runOnlyForDeploymentPostprocessing = 0;
		};
		85771A201A7AEC9900AFD8E6 /* Frameworks */ = {
			isa = PBXFrameworksBuildPhase;
			buildActionMask = 2147483647;
			files = (
			);
			runOnlyForDeploymentPostprocessing = 0;
		};
/* End PBXFrameworksBuildPhase section */

/* Begin PBXGroup section */
		85771A051A7AEC9900AFD8E6 = {
			isa = PBXGroup;
			children = (
				85771A101A7AEC9900AFD8E6 /* Image Picker */,
				85771A261A7AEC9900AFD8E6 /* Image PickerTests */,
				85771A0F1A7AEC9900AFD8E6 /* Products */,
			);
			sourceTree = "<group>";
		};
		85771A0F1A7AEC9900AFD8E6 /* Products */ = {
			isa = PBXGroup;
			children = (
				85771A0E1A7AEC9900AFD8E6 /* Image Picker.app */,
				85771A231A7AEC9900AFD8E6 /* Image PickerTests.xctest */,
			);
			name = Products;
			sourceTree = "<group>";
		};
		85771A101A7AEC9900AFD8E6 /* Image Picker */ = {
			isa = PBXGroup;
			children = (
				85771A131A7AEC9900AFD8E6 /* AppDelegate.swift */,
				85771A151A7AEC9900AFD8E6 /* ViewController.swift */,
				85771A171A7AEC9900AFD8E6 /* Main.storyboard */,
				85771A1A1A7AEC9900AFD8E6 /* Images.xcassets */,
				85771A1C1A7AEC9900AFD8E6 /* LaunchScreen.xib */,
				85771A111A7AEC9900AFD8E6 /* Supporting Files */,
			);
			path = "Image Picker";
			sourceTree = "<group>";
		};
		85771A111A7AEC9900AFD8E6 /* Supporting Files */ = {
			isa = PBXGroup;
			children = (
				85771A331A7AF0D500AFD8E6 /* bee.jpg */,
				85771A341A7AF0D500AFD8E6 /* cat.jpg */,
				85771A351A7AF0D500AFD8E6 /* cow.jpg */,
				85771A361A7AF0D500AFD8E6 /* dog.jpg */,
				85771A371A7AF0D500AFD8E6 /* elk.jpg */,
				85771A381A7AF0D500AFD8E6 /* frog.gif */,
				85771A391A7AF0D500AFD8E6 /* gorilla.jpg */,
				85771A3A1A7AF0D500AFD8E6 /* guinea_pig.jpg */,
				85771A3B1A7AF0D500AFD8E6 /* hippo.jpg */,
				85771A3C1A7AF0D500AFD8E6 /* monkey.jpg */,
				85771A3D1A7AF0D500AFD8E6 /* owl.jpg */,
				85771A3E1A7AF0D500AFD8E6 /* panda.jpg */,
				85771A3F1A7AF0D500AFD8E6 /* penguin.jpg */,
				85771A401A7AF0D500AFD8E6 /* pig.jpg */,
				85771A411A7AF0D500AFD8E6 /* shark.jpg */,
				85771A421A7AF0D500AFD8E6 /* tiger.jpg */,
				85771A121A7AEC9900AFD8E6 /* Info.plist */,
			);
			name = "Supporting Files";
			sourceTree = "<group>";
		};
		85771A261A7AEC9900AFD8E6 /* Image PickerTests */ = {
			isa = PBXGroup;
			children = (
				85771A291A7AEC9900AFD8E6 /* Image_PickerTests.swift */,
				85771A271A7AEC9900AFD8E6 /* Supporting Files */,
			);
			path = "Image PickerTests";
			sourceTree = "<group>";
		};
		85771A271A7AEC9900AFD8E6 /* Supporting Files */ = {
			isa = PBXGroup;
			children = (
				85771A281A7AEC9900AFD8E6 /* Info.plist */,
			);
			name = "Supporting Files";
			sourceTree = "<group>";
		};
/* End PBXGroup section */

/* Begin PBXNativeTarget section */
		85771A0D1A7AEC9900AFD8E6 /* Image Picker */ = {
			isa = PBXNativeTarget;
			buildConfigurationList = 85771A2D1A7AEC9900AFD8E6 /* Build configuration list for PBXNativeTarget "Image Picker" */;
			buildPhases = (
				85771A0A1A7AEC9900AFD8E6 /* Sources */,
				85771A0B1A7AEC9900AFD8E6 /* Frameworks */,
				85771A0C1A7AEC9900AFD8E6 /* Resources */,
			);
			buildRules = (
			);
			dependencies = (
			);
			name = "Image Picker";
			productName = "Image Picker";
			productReference = 85771A0E1A7AEC9900AFD8E6 /* Image Picker.app */;
			productType = "com.apple.product-type.application";
		};
		85771A221A7AEC9900AFD8E6 /* Image PickerTests */ = {
			isa = PBXNativeTarget;
			buildConfigurationList = 85771A301A7AEC9900AFD8E6 /* Build configuration list for PBXNativeTarget "Image PickerTests" */;
			buildPhases = (
				85771A1F1A7AEC9900AFD8E6 /* Sources */,
				85771A201A7AEC9900AFD8E6 /* Frameworks */,
				85771A211A7AEC9900AFD8E6 /* Resources */,
			);
			buildRules = (
			);
			dependencies = (
				85771A251A7AEC9900AFD8E6 /* PBXTargetDependency */,
			);
			name = "Image PickerTests";
			productName = "Image PickerTests";
			productReference = 85771A231A7AEC9900AFD8E6 /* Image PickerTests.xctest */;
			productType = "com.apple.product-type.bundle.unit-test";
		};
/* End PBXNativeTarget section */

/* Begin PBXProject section */
		85771A061A7AEC9900AFD8E6 /* Project object */ = {
			isa = PBXProject;
			attributes = {
				LastUpgradeCheck = 0610;
				ORGANIZATIONNAME = mwsu;
				TargetAttributes = {
					85771A0D1A7AEC9900AFD8E6 = {
						CreatedOnToolsVersion = 6.1.1;
					};
					85771A221A7AEC9900AFD8E6 = {
						CreatedOnToolsVersion = 6.1.1;
						TestTargetID = 85771A0D1A7AEC9900AFD8E6;
					};
				};
			};
			buildConfigurationList = 85771A091A7AEC9900AFD8E6 /* Build configuration list for PBXProject "Image Picker" */;
			compatibilityVersion = "Xcode 3.2";
			developmentRegion = English;
			hasScannedForEncodings = 0;
			knownRegions = (
				en,
				Base,
			);
			mainGroup = 85771A051A7AEC9900AFD8E6;
			productRefGroup = 85771A0F1A7AEC9900AFD8E6 /* Products */;
			projectDirPath = "";
			projectRoot = "";
			targets = (
				85771A0D1A7AEC9900AFD8E6 /* Image Picker */,
				85771A221A7AEC9900AFD8E6 /* Image PickerTests */,
			);
		};
/* End PBXProject section */

/* Begin PBXResourcesBuildPhase section */
		85771A0C1A7AEC9900AFD8E6 /* Resources */ = {
			isa = PBXResourcesBuildPhase;
			buildActionMask = 2147483647;
			files = (
				85771A4F1A7AF0D500AFD8E6 /* penguin.jpg in Resources */,
				85771A511A7AF0D500AFD8E6 /* shark.jpg in Resources */,
				85771A461A7AF0D500AFD8E6 /* dog.jpg in Resources */,
				85771A521A7AF0D500AFD8E6 /* tiger.jpg in Resources */,
				85771A441A7AF0D500AFD8E6 /* cat.jpg in Resources */,
				85771A4D1A7AF0D500AFD8E6 /* owl.jpg in Resources */,
				85771A471A7AF0D500AFD8E6 /* elk.jpg in Resources */,
				85771A191A7AEC9900AFD8E6 /* Main.storyboard in Resources */,
				85771A4E1A7AF0D500AFD8E6 /* panda.jpg in Resources */,
				85771A4B1A7AF0D500AFD8E6 /* hippo.jpg in Resources */,
				85771A1E1A7AEC9900AFD8E6 /* LaunchScreen.xib in Resources */,
				85771A451A7AF0D500AFD8E6 /* cow.jpg in Resources */,
				85771A431A7AF0D500AFD8E6 /* bee.jpg in Resources */,
				85771A481A7AF0D500AFD8E6 /* frog.gif in Resources */,
				85771A501A7AF0D500AFD8E6 /* pig.jpg in Resources */,
				85771A4A1A7AF0D500AFD8E6 /* guinea_pig.jpg in Resources */,
				85771A491A7AF0D500AFD8E6 /* gorilla.jpg in Resources */,
				85771A4C1A7AF0D500AFD8E6 /* monkey.jpg in Resources */,
				85771A1B1A7AEC9900AFD8E6 /* Images.xcassets in Resources */,
			);
			runOnlyForDeploymentPostprocessing = 0;
		};
		85771A211A7AEC9900AFD8E6 /* Resources */ = {
			isa = PBXResourcesBuildPhase;
			buildActionMask = 2147483647;
			files = (
			);
			runOnlyForDeploymentPostprocessing = 0;
		};
/* End PBXResourcesBuildPhase section */

/* Begin PBXSourcesBuildPhase section */
		85771A0A1A7AEC9900AFD8E6 /* Sources */ = {
			isa = PBXSourcesBuildPhase;
			buildActionMask = 2147483647;
			files = (
				85771A161A7AEC9900AFD8E6 /* ViewController.swift in Sources */,
				85771A141A7AEC9900AFD8E6 /* AppDelegate.swift in Sources */,
			);
			runOnlyForDeploymentPostprocessing = 0;
		};
		85771A1F1A7AEC9900AFD8E6 /* Sources */ = {
			isa = PBXSourcesBuildPhase;
			buildActionMask = 2147483647;
			files = (
				85771A2A1A7AEC9900AFD8E6 /* Image_PickerTests.swift in Sources */,
			);
			runOnlyForDeploymentPostprocessing = 0;
		};
/* End PBXSourcesBuildPhase section */

/* Begin PBXTargetDependency section */
		85771A251A7AEC9900AFD8E6 /* PBXTargetDependency */ = {
			isa = PBXTargetDependency;
			target = 85771A0D1A7AEC9900AFD8E6 /* Image Picker */;
			targetProxy = 85771A241A7AEC9900AFD8E6 /* PBXContainerItemProxy */;
		};
/* End PBXTargetDependency section */

/* Begin PBXVariantGroup section */
		85771A171A7AEC9900AFD8E6 /* Main.storyboard */ = {
			isa = PBXVariantGroup;
			children = (
				85771A181A7AEC9900AFD8E6 /* Base */,
			);
			name = Main.storyboard;
			sourceTree = "<group>";
		};
		85771A1C1A7AEC9900AFD8E6 /* LaunchScreen.xib */ = {
			isa = PBXVariantGroup;
			children = (
				85771A1D1A7AEC9900AFD8E6 /* Base */,
			);
			name = LaunchScreen.xib;
			sourceTree = "<group>";
		};
/* End PBXVariantGroup section */

/* Begin XCBuildConfiguration section */
		85771A2B1A7AEC9900AFD8E6 /* Debug */ = {
			isa = XCBuildConfiguration;
			buildSettings = {
				ALWAYS_SEARCH_USER_PATHS = NO;
				CLANG_CXX_LANGUAGE_STANDARD = "gnu++0x";
				CLANG_CXX_LIBRARY = "libc++";
				CLANG_ENABLE_MODULES = YES;
				CLANG_ENABLE_OBJC_ARC = YES;
				CLANG_WARN_BOOL_CONVERSION = YES;
				CLANG_WARN_CONSTANT_CONVERSION = YES;
				CLANG_WARN_DIRECT_OBJC_ISA_USAGE = YES_ERROR;
				CLANG_WARN_EMPTY_BODY = YES;
				CLANG_WARN_ENUM_CONVERSION = YES;
				CLANG_WARN_INT_CONVERSION = YES;
				CLANG_WARN_OBJC_ROOT_CLASS = YES_ERROR;
				CLANG_WARN_UNREACHABLE_CODE = YES;
				CLANG_WARN__DUPLICATE_METHOD_MATCH = YES;
				"CODE_SIGN_IDENTITY[sdk=iphoneos*]" = "iPhone Developer";
				COPY_PHASE_STRIP = NO;
				ENABLE_STRICT_OBJC_MSGSEND = YES;
				GCC_C_LANGUAGE_STANDARD = gnu99;
				GCC_DYNAMIC_NO_PIC = NO;
				GCC_OPTIMIZATION_LEVEL = 0;
				GCC_PREPROCESSOR_DEFINITIONS = (
					"DEBUG=1",
					"$(inherited)",
				);
				GCC_SYMBOLS_PRIVATE_EXTERN = NO;
				GCC_WARN_64_TO_32_BIT_CONVERSION = YES;
				GCC_WARN_ABOUT_RETURN_TYPE = YES_ERROR;
				GCC_WARN_UNDECLARED_SELECTOR = YES;
				GCC_WARN_UNINITIALIZED_AUTOS = YES_AGGRESSIVE;
				GCC_WARN_UNUSED_FUNCTION = YES;
				GCC_WARN_UNUSED_VARIABLE = YES;
				IPHONEOS_DEPLOYMENT_TARGET = 8.1;
				MTL_ENABLE_DEBUG_INFO = YES;
				ONLY_ACTIVE_ARCH = YES;
				SDKROOT = iphoneos;
				SWIFT_OPTIMIZATION_LEVEL = "-Onone";
				TARGETED_DEVICE_FAMILY = "1,2";
			};
			name = Debug;
		};
		85771A2C1A7AEC9900AFD8E6 /* Release */ = {
			isa = XCBuildConfiguration;
			buildSettings = {
				ALWAYS_SEARCH_USER_PATHS = NO;
				CLANG_CXX_LANGUAGE_STANDARD = "gnu++0x";
				CLANG_CXX_LIBRARY = "libc++";
				CLANG_ENABLE_MODULES = YES;
				CLANG_ENABLE_OBJC_ARC = YES;
				CLANG_WARN_BOOL_CONVERSION = YES;
				CLANG_WARN_CONSTANT_CONVERSION = YES;
				CLANG_WARN_DIRECT_OBJC_ISA_USAGE = YES_ERROR;
				CLANG_WARN_EMPTY_BODY = YES;
				CLANG_WARN_ENUM_CONVERSION = YES;
				CLANG_WARN_INT_CONVERSION = YES;
				CLANG_WARN_OBJC_ROOT_CLASS = YES_ERROR;
				CLANG_WARN_UNREACHABLE_CODE = YES;
				CLANG_WARN__DUPLICATE_METHOD_MATCH = YES;
				"CODE_SIGN_IDENTITY[sdk=iphoneos*]" = "iPhone Developer";
				COPY_PHASE_STRIP = YES;
				ENABLE_NS_ASSERTIONS = NO;
				ENABLE_STRICT_OBJC_MSGSEND = YES;
				GCC_C_LANGUAGE_STANDARD = gnu99;
				GCC_WARN_64_TO_32_BIT_CONVERSION = YES;
				GCC_WARN_ABOUT_RETURN_TYPE = YES_ERROR;
				GCC_WARN_UNDECLARED_SELECTOR = YES;
				GCC_WARN_UNINITIALIZED_AUTOS = YES_AGGRESSIVE;
				GCC_WARN_UNUSED_FUNCTION = YES;
				GCC_WARN_UNUSED_VARIABLE = YES;
				IPHONEOS_DEPLOYMENT_TARGET = 8.1;
				MTL_ENABLE_DEBUG_INFO = NO;
				SDKROOT = iphoneos;
				TARGETED_DEVICE_FAMILY = "1,2";
				VALIDATE_PRODUCT = YES;
			};
			name = Release;
		};
		85771A2E1A7AEC9900AFD8E6 /* Debug */ = {
			isa = XCBuildConfiguration;
			buildSettings = {
				ASSETCATALOG_COMPILER_APPICON_NAME = AppIcon;
				INFOPLIST_FILE = "Image Picker/Info.plist";
				LD_RUNPATH_SEARCH_PATHS = "$(inherited) @executable_path/Frameworks";
				PRODUCT_NAME = "$(TARGET_NAME)";
			};
			name = Debug;
		};
		85771A2F1A7AEC9900AFD8E6 /* Release */ = {
			isa = XCBuildConfiguration;
			buildSettings = {
				ASSETCATALOG_COMPILER_APPICON_NAME = AppIcon;
				INFOPLIST_FILE = "Image Picker/Info.plist";
				LD_RUNPATH_SEARCH_PATHS = "$(inherited) @executable_path/Frameworks";
				PRODUCT_NAME = "$(TARGET_NAME)";
			};
			name = Release;
		};
		85771A311A7AEC9900AFD8E6 /* Debug */ = {
			isa = XCBuildConfiguration;
			buildSettings = {
				BUNDLE_LOADER = "$(TEST_HOST)";
				FRAMEWORK_SEARCH_PATHS = (
					"$(SDKROOT)/Developer/Library/Frameworks",
					"$(inherited)",
				);
				GCC_PREPROCESSOR_DEFINITIONS = (
					"DEBUG=1",
					"$(inherited)",
				);
				INFOPLIST_FILE = "Image PickerTests/Info.plist";
				LD_RUNPATH_SEARCH_PATHS = "$(inherited) @executable_path/Frameworks @loader_path/Frameworks";
				PRODUCT_NAME = "$(TARGET_NAME)";
				TEST_HOST = "$(BUILT_PRODUCTS_DIR)/Image Picker.app/Image Picker";
			};
			name = Debug;
		};
		85771A321A7AEC9900AFD8E6 /* Release */ = {
			isa = XCBuildConfiguration;
			buildSettings = {
				BUNDLE_LOADER = "$(TEST_HOST)";
				FRAMEWORK_SEARCH_PATHS = (
					"$(SDKROOT)/Developer/Library/Frameworks",
					"$(inherited)",
				);
				INFOPLIST_FILE = "Image PickerTests/Info.plist";
				LD_RUNPATH_SEARCH_PATHS = "$(inherited) @executable_path/Frameworks @loader_path/Frameworks";
				PRODUCT_NAME = "$(TARGET_NAME)";
				TEST_HOST = "$(BUILT_PRODUCTS_DIR)/Image Picker.app/Image Picker";
			};
			name = Release;
		};
/* End XCBuildConfiguration section */

/* Begin XCConfigurationList section */
		85771A091A7AEC9900AFD8E6 /* Build configuration list for PBXProject "Image Picker" */ = {
			isa = XCConfigurationList;
			buildConfigurations = (
				85771A2B1A7AEC9900AFD8E6 /* Debug */,
				85771A2C1A7AEC9900AFD8E6 /* Release */,
			);
			defaultConfigurationIsVisible = 0;
			defaultConfigurationName = Release;
		};
		85771A2D1A7AEC9900AFD8E6 /* Build configuration list for PBXNativeTarget "Image Picker" */ = {
			isa = XCConfigurationList;
			buildConfigurations = (
				85771A2E1A7AEC9900AFD8E6 /* Debug */,
				85771A2F1A7AEC9900AFD8E6 /* Release */,
			);
			defaultConfigurationIsVisible = 0;
		};
		85771A301A7AEC9900AFD8E6 /* Build configuration list for PBXNativeTarget "Image PickerTests" */ = {
			isa = XCConfigurationList;
			buildConfigurations = (
				85771A311A7AEC9900AFD8E6 /* Debug */,
				85771A321A7AEC9900AFD8E6 /* Release */,
			);
			defaultConfigurationIsVisible = 0;
		};
/* End XCConfigurationList section */
	};
	rootObject = 85771A061A7AEC9900AFD8E6 /* Project object */;
}
