// !$*UTF8*$!
{
	archiveVersion = 1;
	classes = {
	};
	objectVersion = 46;
	objects = {

/* Begin PBXBuildFile section */
<<<<<<< HEAD
		85291F4E1AA76C18001EA02D /* AppDelegate.swift in Sources */ = {isa = PBXBuildFile; fileRef = 85291F4D1AA76C18001EA02D /* AppDelegate.swift */; };
		85291F501AA76C18001EA02D /* HomeViewController.swift in Sources */ = {isa = PBXBuildFile; fileRef = 85291F4F1AA76C18001EA02D /* HomeViewController.swift */; };
		85291F531AA76C18001EA02D /* Main.storyboard in Resources */ = {isa = PBXBuildFile; fileRef = 85291F511AA76C18001EA02D /* Main.storyboard */; };
		85291F551AA76C18001EA02D /* Images.xcassets in Resources */ = {isa = PBXBuildFile; fileRef = 85291F541AA76C18001EA02D /* Images.xcassets */; };
		85291F581AA76C18001EA02D /* LaunchScreen.xib in Resources */ = {isa = PBXBuildFile; fileRef = 85291F561AA76C18001EA02D /* LaunchScreen.xib */; };
		85291F641AA76C18001EA02D /* Delegate1Tests.swift in Sources */ = {isa = PBXBuildFile; fileRef = 85291F631AA76C18001EA02D /* Delegate1Tests.swift */; };
		85291F711AA7D997001EA02D /* GetColorViewController.swift in Sources */ = {isa = PBXBuildFile; fileRef = 85291F701AA7D997001EA02D /* GetColorViewController.swift */; };
		85291F731AA7DF52001EA02D /* Colors.swift in Sources */ = {isa = PBXBuildFile; fileRef = 85291F721AA7DF52001EA02D /* Colors.swift */; };
		85291F7A1AA7F5E0001EA02D /* Alamofire.framework in Frameworks */ = {isa = PBXBuildFile; fileRef = 85291F791AA7F5E0001EA02D /* Alamofire.framework */; };
		85291F7C1AA7F5EA001EA02D /* SwiftyJSON.framework in Frameworks */ = {isa = PBXBuildFile; fileRef = 85291F7B1AA7F5EA001EA02D /* SwiftyJSON.framework */; };
/* End PBXBuildFile section */

/* Begin PBXContainerItemProxy section */
		85291F5E1AA76C18001EA02D /* PBXContainerItemProxy */ = {
			isa = PBXContainerItemProxy;
			containerPortal = 85291F401AA76C18001EA02D /* Project object */;
			proxyType = 1;
			remoteGlobalIDString = 85291F471AA76C18001EA02D;
=======
		85CA48CA1AA78E67009A311C /* AppDelegate.swift in Sources */ = {isa = PBXBuildFile; fileRef = 85CA48C91AA78E67009A311C /* AppDelegate.swift */; };
		85CA48CC1AA78E67009A311C /* ViewController.swift in Sources */ = {isa = PBXBuildFile; fileRef = 85CA48CB1AA78E67009A311C /* ViewController.swift */; };
		85CA48CF1AA78E67009A311C /* Main.storyboard in Resources */ = {isa = PBXBuildFile; fileRef = 85CA48CD1AA78E67009A311C /* Main.storyboard */; };
		85CA48D11AA78E67009A311C /* Images.xcassets in Resources */ = {isa = PBXBuildFile; fileRef = 85CA48D01AA78E67009A311C /* Images.xcassets */; };
		85CA48D41AA78E67009A311C /* LaunchScreen.xib in Resources */ = {isa = PBXBuildFile; fileRef = 85CA48D21AA78E67009A311C /* LaunchScreen.xib */; };
		85CA48E01AA78E67009A311C /* Delegate1Tests.swift in Sources */ = {isa = PBXBuildFile; fileRef = 85CA48DF1AA78E67009A311C /* Delegate1Tests.swift */; };
		85CA48EA1AA79F26009A311C /* AddItemViewController.swift in Sources */ = {isa = PBXBuildFile; fileRef = 85CA48E91AA79F26009A311C /* AddItemViewController.swift */; };
/* End PBXBuildFile section */

/* Begin PBXContainerItemProxy section */
		85CA48DA1AA78E67009A311C /* PBXContainerItemProxy */ = {
			isa = PBXContainerItemProxy;
			containerPortal = 85CA48BC1AA78E67009A311C /* Project object */;
			proxyType = 1;
			remoteGlobalIDString = 85CA48C31AA78E67009A311C;
>>>>>>> 3dbf18b2d4cd7c9d81f25fd4d912b4ec7d717d1f
			remoteInfo = Delegate1;
		};
/* End PBXContainerItemProxy section */

/* Begin PBXFileReference section */
<<<<<<< HEAD
		85291F481AA76C18001EA02D /* Delegate1.app */ = {isa = PBXFileReference; explicitFileType = wrapper.application; includeInIndex = 0; path = Delegate1.app; sourceTree = BUILT_PRODUCTS_DIR; };
		85291F4C1AA76C18001EA02D /* Info.plist */ = {isa = PBXFileReference; lastKnownFileType = text.plist.xml; path = Info.plist; sourceTree = "<group>"; };
		85291F4D1AA76C18001EA02D /* AppDelegate.swift */ = {isa = PBXFileReference; lastKnownFileType = sourcecode.swift; path = AppDelegate.swift; sourceTree = "<group>"; };
		85291F4F1AA76C18001EA02D /* HomeViewController.swift */ = {isa = PBXFileReference; lastKnownFileType = sourcecode.swift; path = HomeViewController.swift; sourceTree = "<group>"; };
		85291F521AA76C18001EA02D /* Base */ = {isa = PBXFileReference; lastKnownFileType = file.storyboard; name = Base; path = Base.lproj/Main.storyboard; sourceTree = "<group>"; };
		85291F541AA76C18001EA02D /* Images.xcassets */ = {isa = PBXFileReference; lastKnownFileType = folder.assetcatalog; path = Images.xcassets; sourceTree = "<group>"; };
		85291F571AA76C18001EA02D /* Base */ = {isa = PBXFileReference; lastKnownFileType = file.xib; name = Base; path = Base.lproj/LaunchScreen.xib; sourceTree = "<group>"; };
		85291F5D1AA76C18001EA02D /* Delegate1Tests.xctest */ = {isa = PBXFileReference; explicitFileType = wrapper.cfbundle; includeInIndex = 0; path = Delegate1Tests.xctest; sourceTree = BUILT_PRODUCTS_DIR; };
		85291F621AA76C18001EA02D /* Info.plist */ = {isa = PBXFileReference; lastKnownFileType = text.plist.xml; path = Info.plist; sourceTree = "<group>"; };
		85291F631AA76C18001EA02D /* Delegate1Tests.swift */ = {isa = PBXFileReference; lastKnownFileType = sourcecode.swift; path = Delegate1Tests.swift; sourceTree = "<group>"; };
		85291F701AA7D997001EA02D /* GetColorViewController.swift */ = {isa = PBXFileReference; fileEncoding = 4; lastKnownFileType = sourcecode.swift; path = GetColorViewController.swift; sourceTree = "<group>"; };
		85291F721AA7DF52001EA02D /* Colors.swift */ = {isa = PBXFileReference; fileEncoding = 4; lastKnownFileType = sourcecode.swift; name = Colors.swift; path = ../Colors.swift; sourceTree = "<group>"; };
		85291F791AA7F5E0001EA02D /* Alamofire.framework */ = {isa = PBXFileReference; lastKnownFileType = wrapper.framework; name = Alamofire.framework; path = Carthage/Build/iOS/Alamofire.framework; sourceTree = "<group>"; };
		85291F7B1AA7F5EA001EA02D /* SwiftyJSON.framework */ = {isa = PBXFileReference; lastKnownFileType = wrapper.framework; name = SwiftyJSON.framework; path = Carthage/Build/iOS/SwiftyJSON.framework; sourceTree = "<group>"; };
/* End PBXFileReference section */

/* Begin PBXFrameworksBuildPhase section */
		85291F451AA76C18001EA02D /* Frameworks */ = {
			isa = PBXFrameworksBuildPhase;
			buildActionMask = 2147483647;
			files = (
				85291F7C1AA7F5EA001EA02D /* SwiftyJSON.framework in Frameworks */,
				85291F7A1AA7F5E0001EA02D /* Alamofire.framework in Frameworks */,
			);
			runOnlyForDeploymentPostprocessing = 0;
		};
		85291F5A1AA76C18001EA02D /* Frameworks */ = {
=======
		85CA48C41AA78E67009A311C /* Delegate1.app */ = {isa = PBXFileReference; explicitFileType = wrapper.application; includeInIndex = 0; path = Delegate1.app; sourceTree = BUILT_PRODUCTS_DIR; };
		85CA48C81AA78E67009A311C /* Info.plist */ = {isa = PBXFileReference; lastKnownFileType = text.plist.xml; path = Info.plist; sourceTree = "<group>"; };
		85CA48C91AA78E67009A311C /* AppDelegate.swift */ = {isa = PBXFileReference; lastKnownFileType = sourcecode.swift; path = AppDelegate.swift; sourceTree = "<group>"; };
		85CA48CB1AA78E67009A311C /* ViewController.swift */ = {isa = PBXFileReference; lastKnownFileType = sourcecode.swift; path = ViewController.swift; sourceTree = "<group>"; };
		85CA48CE1AA78E67009A311C /* Base */ = {isa = PBXFileReference; lastKnownFileType = file.storyboard; name = Base; path = Base.lproj/Main.storyboard; sourceTree = "<group>"; };
		85CA48D01AA78E67009A311C /* Images.xcassets */ = {isa = PBXFileReference; lastKnownFileType = folder.assetcatalog; path = Images.xcassets; sourceTree = "<group>"; };
		85CA48D31AA78E67009A311C /* Base */ = {isa = PBXFileReference; lastKnownFileType = file.xib; name = Base; path = Base.lproj/LaunchScreen.xib; sourceTree = "<group>"; };
		85CA48D91AA78E67009A311C /* Delegate1Tests.xctest */ = {isa = PBXFileReference; explicitFileType = wrapper.cfbundle; includeInIndex = 0; path = Delegate1Tests.xctest; sourceTree = BUILT_PRODUCTS_DIR; };
		85CA48DE1AA78E67009A311C /* Info.plist */ = {isa = PBXFileReference; lastKnownFileType = text.plist.xml; path = Info.plist; sourceTree = "<group>"; };
		85CA48DF1AA78E67009A311C /* Delegate1Tests.swift */ = {isa = PBXFileReference; lastKnownFileType = sourcecode.swift; path = Delegate1Tests.swift; sourceTree = "<group>"; };
		85CA48E91AA79F26009A311C /* AddItemViewController.swift */ = {isa = PBXFileReference; fileEncoding = 10; lastKnownFileType = sourcecode.swift; name = AddItemViewController.swift; path = ../AddItemViewController.swift; sourceTree = "<group>"; };
/* End PBXFileReference section */

/* Begin PBXFrameworksBuildPhase section */
		85CA48C11AA78E67009A311C /* Frameworks */ = {
			isa = PBXFrameworksBuildPhase;
			buildActionMask = 2147483647;
			files = (
			);
			runOnlyForDeploymentPostprocessing = 0;
		};
		85CA48D61AA78E67009A311C /* Frameworks */ = {
>>>>>>> 3dbf18b2d4cd7c9d81f25fd4d912b4ec7d717d1f
			isa = PBXFrameworksBuildPhase;
			buildActionMask = 2147483647;
			files = (
			);
			runOnlyForDeploymentPostprocessing = 0;
		};
/* End PBXFrameworksBuildPhase section */

/* Begin PBXGroup section */
<<<<<<< HEAD
		85291F3F1AA76C18001EA02D = {
			isa = PBXGroup;
			children = (
				85291F7B1AA7F5EA001EA02D /* SwiftyJSON.framework */,
				85291F791AA7F5E0001EA02D /* Alamofire.framework */,
				85291F4A1AA76C18001EA02D /* Delegate1 */,
				85291F601AA76C18001EA02D /* Delegate1Tests */,
				85291F491AA76C18001EA02D /* Products */,
			);
			sourceTree = "<group>";
		};
		85291F491AA76C18001EA02D /* Products */ = {
			isa = PBXGroup;
			children = (
				85291F481AA76C18001EA02D /* Delegate1.app */,
				85291F5D1AA76C18001EA02D /* Delegate1Tests.xctest */,
=======
		85CA48BB1AA78E67009A311C = {
			isa = PBXGroup;
			children = (
				85CA48C61AA78E67009A311C /* Delegate1 */,
				85CA48DC1AA78E67009A311C /* Delegate1Tests */,
				85CA48C51AA78E67009A311C /* Products */,
			);
			sourceTree = "<group>";
		};
		85CA48C51AA78E67009A311C /* Products */ = {
			isa = PBXGroup;
			children = (
				85CA48C41AA78E67009A311C /* Delegate1.app */,
				85CA48D91AA78E67009A311C /* Delegate1Tests.xctest */,
>>>>>>> 3dbf18b2d4cd7c9d81f25fd4d912b4ec7d717d1f
			);
			name = Products;
			sourceTree = "<group>";
		};
<<<<<<< HEAD
		85291F4A1AA76C18001EA02D /* Delegate1 */ = {
			isa = PBXGroup;
			children = (
				85291F6F1AA7D93E001EA02D /* Controllers */,
				85291F6E1AA7D939001EA02D /* Views */,
				85291F6D1AA7D930001EA02D /* Models */,
				85291F4D1AA76C18001EA02D /* AppDelegate.swift */,
				85291F541AA76C18001EA02D /* Images.xcassets */,
				85291F561AA76C18001EA02D /* LaunchScreen.xib */,
				85291F4B1AA76C18001EA02D /* Supporting Files */,
=======
		85CA48C61AA78E67009A311C /* Delegate1 */ = {
			isa = PBXGroup;
			children = (
				85CA48ED1AA79F40009A311C /* Controllers */,
				85CA48EC1AA79F3B009A311C /* Views */,
				85CA48EB1AA79F34009A311C /* Models */,
				85CA48C91AA78E67009A311C /* AppDelegate.swift */,
				85CA48D01AA78E67009A311C /* Images.xcassets */,
				85CA48D21AA78E67009A311C /* LaunchScreen.xib */,
				85CA48C71AA78E67009A311C /* Supporting Files */,
>>>>>>> 3dbf18b2d4cd7c9d81f25fd4d912b4ec7d717d1f
			);
			path = Delegate1;
			sourceTree = "<group>";
		};
<<<<<<< HEAD
		85291F4B1AA76C18001EA02D /* Supporting Files */ = {
			isa = PBXGroup;
			children = (
				85291F4C1AA76C18001EA02D /* Info.plist */,
=======
		85CA48C71AA78E67009A311C /* Supporting Files */ = {
			isa = PBXGroup;
			children = (
				85CA48C81AA78E67009A311C /* Info.plist */,
>>>>>>> 3dbf18b2d4cd7c9d81f25fd4d912b4ec7d717d1f
			);
			name = "Supporting Files";
			sourceTree = "<group>";
		};
<<<<<<< HEAD
		85291F601AA76C18001EA02D /* Delegate1Tests */ = {
			isa = PBXGroup;
			children = (
				85291F631AA76C18001EA02D /* Delegate1Tests.swift */,
				85291F611AA76C18001EA02D /* Supporting Files */,
=======
		85CA48DC1AA78E67009A311C /* Delegate1Tests */ = {
			isa = PBXGroup;
			children = (
				85CA48DF1AA78E67009A311C /* Delegate1Tests.swift */,
				85CA48DD1AA78E67009A311C /* Supporting Files */,
>>>>>>> 3dbf18b2d4cd7c9d81f25fd4d912b4ec7d717d1f
			);
			path = Delegate1Tests;
			sourceTree = "<group>";
		};
<<<<<<< HEAD
		85291F611AA76C18001EA02D /* Supporting Files */ = {
			isa = PBXGroup;
			children = (
				85291F621AA76C18001EA02D /* Info.plist */,
=======
		85CA48DD1AA78E67009A311C /* Supporting Files */ = {
			isa = PBXGroup;
			children = (
				85CA48DE1AA78E67009A311C /* Info.plist */,
>>>>>>> 3dbf18b2d4cd7c9d81f25fd4d912b4ec7d717d1f
			);
			name = "Supporting Files";
			sourceTree = "<group>";
		};
<<<<<<< HEAD
		85291F6D1AA7D930001EA02D /* Models */ = {
			isa = PBXGroup;
			children = (
				85291F721AA7DF52001EA02D /* Colors.swift */,
=======
		85CA48EB1AA79F34009A311C /* Models */ = {
			isa = PBXGroup;
			children = (
				85CA48E91AA79F26009A311C /* AddItemViewController.swift */,
>>>>>>> 3dbf18b2d4cd7c9d81f25fd4d912b4ec7d717d1f
			);
			name = Models;
			sourceTree = "<group>";
		};
<<<<<<< HEAD
		85291F6E1AA7D939001EA02D /* Views */ = {
			isa = PBXGroup;
			children = (
				85291F511AA76C18001EA02D /* Main.storyboard */,
=======
		85CA48EC1AA79F3B009A311C /* Views */ = {
			isa = PBXGroup;
			children = (
				85CA48CD1AA78E67009A311C /* Main.storyboard */,
>>>>>>> 3dbf18b2d4cd7c9d81f25fd4d912b4ec7d717d1f
			);
			name = Views;
			sourceTree = "<group>";
		};
<<<<<<< HEAD
		85291F6F1AA7D93E001EA02D /* Controllers */ = {
			isa = PBXGroup;
			children = (
				85291F4F1AA76C18001EA02D /* HomeViewController.swift */,
				85291F701AA7D997001EA02D /* GetColorViewController.swift */,
=======
		85CA48ED1AA79F40009A311C /* Controllers */ = {
			isa = PBXGroup;
			children = (
				85CA48CB1AA78E67009A311C /* ViewController.swift */,
>>>>>>> 3dbf18b2d4cd7c9d81f25fd4d912b4ec7d717d1f
			);
			name = Controllers;
			sourceTree = "<group>";
		};
/* End PBXGroup section */

/* Begin PBXNativeTarget section */
<<<<<<< HEAD
		85291F471AA76C18001EA02D /* Delegate1 */ = {
			isa = PBXNativeTarget;
			buildConfigurationList = 85291F671AA76C18001EA02D /* Build configuration list for PBXNativeTarget "Delegate1" */;
			buildPhases = (
				85291F441AA76C18001EA02D /* Sources */,
				85291F451AA76C18001EA02D /* Frameworks */,
				85291F461AA76C18001EA02D /* Resources */,
				85291F781AA7F19D001EA02D /* ShellScript */,
=======
		85CA48C31AA78E67009A311C /* Delegate1 */ = {
			isa = PBXNativeTarget;
			buildConfigurationList = 85CA48E31AA78E67009A311C /* Build configuration list for PBXNativeTarget "Delegate1" */;
			buildPhases = (
				85CA48C01AA78E67009A311C /* Sources */,
				85CA48C11AA78E67009A311C /* Frameworks */,
				85CA48C21AA78E67009A311C /* Resources */,
>>>>>>> 3dbf18b2d4cd7c9d81f25fd4d912b4ec7d717d1f
			);
			buildRules = (
			);
			dependencies = (
			);
			name = Delegate1;
			productName = Delegate1;
<<<<<<< HEAD
			productReference = 85291F481AA76C18001EA02D /* Delegate1.app */;
			productType = "com.apple.product-type.application";
		};
		85291F5C1AA76C18001EA02D /* Delegate1Tests */ = {
			isa = PBXNativeTarget;
			buildConfigurationList = 85291F6A1AA76C18001EA02D /* Build configuration list for PBXNativeTarget "Delegate1Tests" */;
			buildPhases = (
				85291F591AA76C18001EA02D /* Sources */,
				85291F5A1AA76C18001EA02D /* Frameworks */,
				85291F5B1AA76C18001EA02D /* Resources */,
=======
			productReference = 85CA48C41AA78E67009A311C /* Delegate1.app */;
			productType = "com.apple.product-type.application";
		};
		85CA48D81AA78E67009A311C /* Delegate1Tests */ = {
			isa = PBXNativeTarget;
			buildConfigurationList = 85CA48E61AA78E67009A311C /* Build configuration list for PBXNativeTarget "Delegate1Tests" */;
			buildPhases = (
				85CA48D51AA78E67009A311C /* Sources */,
				85CA48D61AA78E67009A311C /* Frameworks */,
				85CA48D71AA78E67009A311C /* Resources */,
>>>>>>> 3dbf18b2d4cd7c9d81f25fd4d912b4ec7d717d1f
			);
			buildRules = (
			);
			dependencies = (
<<<<<<< HEAD
				85291F5F1AA76C18001EA02D /* PBXTargetDependency */,
			);
			name = Delegate1Tests;
			productName = Delegate1Tests;
			productReference = 85291F5D1AA76C18001EA02D /* Delegate1Tests.xctest */;
=======
				85CA48DB1AA78E67009A311C /* PBXTargetDependency */,
			);
			name = Delegate1Tests;
			productName = Delegate1Tests;
			productReference = 85CA48D91AA78E67009A311C /* Delegate1Tests.xctest */;
>>>>>>> 3dbf18b2d4cd7c9d81f25fd4d912b4ec7d717d1f
			productType = "com.apple.product-type.bundle.unit-test";
		};
/* End PBXNativeTarget section */

/* Begin PBXProject section */
<<<<<<< HEAD
		85291F401AA76C18001EA02D /* Project object */ = {
			isa = PBXProject;
			attributes = {
				LastUpgradeCheck = 0610;
				ORGANIZATIONNAME = "Terry Griffin";
				TargetAttributes = {
					85291F471AA76C18001EA02D = {
						CreatedOnToolsVersion = 6.1.1;
						DevelopmentTeam = 5759AXAR43;
					};
					85291F5C1AA76C18001EA02D = {
						CreatedOnToolsVersion = 6.1.1;
						TestTargetID = 85291F471AA76C18001EA02D;
					};
				};
			};
			buildConfigurationList = 85291F431AA76C18001EA02D /* Build configuration list for PBXProject "Delegate1" */;
=======
		85CA48BC1AA78E67009A311C /* Project object */ = {
			isa = PBXProject;
			attributes = {
				LastUpgradeCheck = 0610;
				ORGANIZATIONNAME = mwsu;
				TargetAttributes = {
					85CA48C31AA78E67009A311C = {
						CreatedOnToolsVersion = 6.1.1;
					};
					85CA48D81AA78E67009A311C = {
						CreatedOnToolsVersion = 6.1.1;
						TestTargetID = 85CA48C31AA78E67009A311C;
					};
				};
			};
			buildConfigurationList = 85CA48BF1AA78E67009A311C /* Build configuration list for PBXProject "Delegate1" */;
>>>>>>> 3dbf18b2d4cd7c9d81f25fd4d912b4ec7d717d1f
			compatibilityVersion = "Xcode 3.2";
			developmentRegion = English;
			hasScannedForEncodings = 0;
			knownRegions = (
				en,
				Base,
			);
<<<<<<< HEAD
			mainGroup = 85291F3F1AA76C18001EA02D;
			productRefGroup = 85291F491AA76C18001EA02D /* Products */;
			projectDirPath = "";
			projectRoot = "";
			targets = (
				85291F471AA76C18001EA02D /* Delegate1 */,
				85291F5C1AA76C18001EA02D /* Delegate1Tests */,
=======
			mainGroup = 85CA48BB1AA78E67009A311C;
			productRefGroup = 85CA48C51AA78E67009A311C /* Products */;
			projectDirPath = "";
			projectRoot = "";
			targets = (
				85CA48C31AA78E67009A311C /* Delegate1 */,
				85CA48D81AA78E67009A311C /* Delegate1Tests */,
>>>>>>> 3dbf18b2d4cd7c9d81f25fd4d912b4ec7d717d1f
			);
		};
/* End PBXProject section */

/* Begin PBXResourcesBuildPhase section */
<<<<<<< HEAD
		85291F461AA76C18001EA02D /* Resources */ = {
			isa = PBXResourcesBuildPhase;
			buildActionMask = 2147483647;
			files = (
				85291F531AA76C18001EA02D /* Main.storyboard in Resources */,
				85291F581AA76C18001EA02D /* LaunchScreen.xib in Resources */,
				85291F551AA76C18001EA02D /* Images.xcassets in Resources */,
			);
			runOnlyForDeploymentPostprocessing = 0;
		};
		85291F5B1AA76C18001EA02D /* Resources */ = {
=======
		85CA48C21AA78E67009A311C /* Resources */ = {
			isa = PBXResourcesBuildPhase;
			buildActionMask = 2147483647;
			files = (
				85CA48CF1AA78E67009A311C /* Main.storyboard in Resources */,
				85CA48D41AA78E67009A311C /* LaunchScreen.xib in Resources */,
				85CA48D11AA78E67009A311C /* Images.xcassets in Resources */,
			);
			runOnlyForDeploymentPostprocessing = 0;
		};
		85CA48D71AA78E67009A311C /* Resources */ = {
>>>>>>> 3dbf18b2d4cd7c9d81f25fd4d912b4ec7d717d1f
			isa = PBXResourcesBuildPhase;
			buildActionMask = 2147483647;
			files = (
			);
			runOnlyForDeploymentPostprocessing = 0;
		};
/* End PBXResourcesBuildPhase section */

<<<<<<< HEAD
/* Begin PBXShellScriptBuildPhase section */
		85291F781AA7F19D001EA02D /* ShellScript */ = {
			isa = PBXShellScriptBuildPhase;
			buildActionMask = 2147483647;
			files = (
			);
			inputPaths = (
				"$(SRCROOT)/Carthage/Build/iOS/Alamofire.framework",
				"$(SRCROOT)/Carthage/Build/iOS/SwiftyJSON.framework",
			);
			outputPaths = (
			);
			runOnlyForDeploymentPostprocessing = 0;
			shellPath = /bin/sh;
			shellScript = "/usr/local/bin/carthage copy-frameworks";
		};
/* End PBXShellScriptBuildPhase section */

/* Begin PBXSourcesBuildPhase section */
		85291F441AA76C18001EA02D /* Sources */ = {
			isa = PBXSourcesBuildPhase;
			buildActionMask = 2147483647;
			files = (
				85291F501AA76C18001EA02D /* HomeViewController.swift in Sources */,
				85291F731AA7DF52001EA02D /* Colors.swift in Sources */,
				85291F4E1AA76C18001EA02D /* AppDelegate.swift in Sources */,
				85291F711AA7D997001EA02D /* GetColorViewController.swift in Sources */,
			);
			runOnlyForDeploymentPostprocessing = 0;
		};
		85291F591AA76C18001EA02D /* Sources */ = {
			isa = PBXSourcesBuildPhase;
			buildActionMask = 2147483647;
			files = (
				85291F641AA76C18001EA02D /* Delegate1Tests.swift in Sources */,
=======
/* Begin PBXSourcesBuildPhase section */
		85CA48C01AA78E67009A311C /* Sources */ = {
			isa = PBXSourcesBuildPhase;
			buildActionMask = 2147483647;
			files = (
				85CA48EA1AA79F26009A311C /* AddItemViewController.swift in Sources */,
				85CA48CC1AA78E67009A311C /* ViewController.swift in Sources */,
				85CA48CA1AA78E67009A311C /* AppDelegate.swift in Sources */,
			);
			runOnlyForDeploymentPostprocessing = 0;
		};
		85CA48D51AA78E67009A311C /* Sources */ = {
			isa = PBXSourcesBuildPhase;
			buildActionMask = 2147483647;
			files = (
				85CA48E01AA78E67009A311C /* Delegate1Tests.swift in Sources */,
>>>>>>> 3dbf18b2d4cd7c9d81f25fd4d912b4ec7d717d1f
			);
			runOnlyForDeploymentPostprocessing = 0;
		};
/* End PBXSourcesBuildPhase section */

/* Begin PBXTargetDependency section */
<<<<<<< HEAD
		85291F5F1AA76C18001EA02D /* PBXTargetDependency */ = {
			isa = PBXTargetDependency;
			target = 85291F471AA76C18001EA02D /* Delegate1 */;
			targetProxy = 85291F5E1AA76C18001EA02D /* PBXContainerItemProxy */;
=======
		85CA48DB1AA78E67009A311C /* PBXTargetDependency */ = {
			isa = PBXTargetDependency;
			target = 85CA48C31AA78E67009A311C /* Delegate1 */;
			targetProxy = 85CA48DA1AA78E67009A311C /* PBXContainerItemProxy */;
>>>>>>> 3dbf18b2d4cd7c9d81f25fd4d912b4ec7d717d1f
		};
/* End PBXTargetDependency section */

/* Begin PBXVariantGroup section */
<<<<<<< HEAD
		85291F511AA76C18001EA02D /* Main.storyboard */ = {
			isa = PBXVariantGroup;
			children = (
				85291F521AA76C18001EA02D /* Base */,
=======
		85CA48CD1AA78E67009A311C /* Main.storyboard */ = {
			isa = PBXVariantGroup;
			children = (
				85CA48CE1AA78E67009A311C /* Base */,
>>>>>>> 3dbf18b2d4cd7c9d81f25fd4d912b4ec7d717d1f
			);
			name = Main.storyboard;
			sourceTree = "<group>";
		};
<<<<<<< HEAD
		85291F561AA76C18001EA02D /* LaunchScreen.xib */ = {
			isa = PBXVariantGroup;
			children = (
				85291F571AA76C18001EA02D /* Base */,
=======
		85CA48D21AA78E67009A311C /* LaunchScreen.xib */ = {
			isa = PBXVariantGroup;
			children = (
				85CA48D31AA78E67009A311C /* Base */,
>>>>>>> 3dbf18b2d4cd7c9d81f25fd4d912b4ec7d717d1f
			);
			name = LaunchScreen.xib;
			sourceTree = "<group>";
		};
/* End PBXVariantGroup section */

/* Begin XCBuildConfiguration section */
<<<<<<< HEAD
		85291F651AA76C18001EA02D /* Debug */ = {
=======
		85CA48E11AA78E67009A311C /* Debug */ = {
>>>>>>> 3dbf18b2d4cd7c9d81f25fd4d912b4ec7d717d1f
			isa = XCBuildConfiguration;
			buildSettings = {
				ALWAYS_SEARCH_USER_PATHS = NO;
				CLANG_CXX_LANGUAGE_STANDARD = "gnu++0x";
				CLANG_CXX_LIBRARY = "libc++";
				CLANG_ENABLE_MODULES = YES;
				CLANG_ENABLE_OBJC_ARC = YES;
				CLANG_WARN_BOOL_CONVERSION = YES;
				CLANG_WARN_CONSTANT_CONVERSION = YES;
				CLANG_WARN_DIRECT_OBJC_ISA_USAGE = YES_ERROR;
				CLANG_WARN_EMPTY_BODY = YES;
				CLANG_WARN_ENUM_CONVERSION = YES;
				CLANG_WARN_INT_CONVERSION = YES;
				CLANG_WARN_OBJC_ROOT_CLASS = YES_ERROR;
				CLANG_WARN_UNREACHABLE_CODE = YES;
				CLANG_WARN__DUPLICATE_METHOD_MATCH = YES;
				"CODE_SIGN_IDENTITY[sdk=iphoneos*]" = "iPhone Developer";
				COPY_PHASE_STRIP = NO;
				ENABLE_STRICT_OBJC_MSGSEND = YES;
				GCC_C_LANGUAGE_STANDARD = gnu99;
				GCC_DYNAMIC_NO_PIC = NO;
				GCC_OPTIMIZATION_LEVEL = 0;
				GCC_PREPROCESSOR_DEFINITIONS = (
					"DEBUG=1",
					"$(inherited)",
				);
				GCC_SYMBOLS_PRIVATE_EXTERN = NO;
				GCC_WARN_64_TO_32_BIT_CONVERSION = YES;
				GCC_WARN_ABOUT_RETURN_TYPE = YES_ERROR;
				GCC_WARN_UNDECLARED_SELECTOR = YES;
				GCC_WARN_UNINITIALIZED_AUTOS = YES_AGGRESSIVE;
				GCC_WARN_UNUSED_FUNCTION = YES;
				GCC_WARN_UNUSED_VARIABLE = YES;
				IPHONEOS_DEPLOYMENT_TARGET = 8.1;
				MTL_ENABLE_DEBUG_INFO = YES;
				ONLY_ACTIVE_ARCH = YES;
				SDKROOT = iphoneos;
				SWIFT_OPTIMIZATION_LEVEL = "-Onone";
				TARGETED_DEVICE_FAMILY = "1,2";
			};
			name = Debug;
		};
<<<<<<< HEAD
		85291F661AA76C18001EA02D /* Release */ = {
=======
		85CA48E21AA78E67009A311C /* Release */ = {
>>>>>>> 3dbf18b2d4cd7c9d81f25fd4d912b4ec7d717d1f
			isa = XCBuildConfiguration;
			buildSettings = {
				ALWAYS_SEARCH_USER_PATHS = NO;
				CLANG_CXX_LANGUAGE_STANDARD = "gnu++0x";
				CLANG_CXX_LIBRARY = "libc++";
				CLANG_ENABLE_MODULES = YES;
				CLANG_ENABLE_OBJC_ARC = YES;
				CLANG_WARN_BOOL_CONVERSION = YES;
				CLANG_WARN_CONSTANT_CONVERSION = YES;
				CLANG_WARN_DIRECT_OBJC_ISA_USAGE = YES_ERROR;
				CLANG_WARN_EMPTY_BODY = YES;
				CLANG_WARN_ENUM_CONVERSION = YES;
				CLANG_WARN_INT_CONVERSION = YES;
				CLANG_WARN_OBJC_ROOT_CLASS = YES_ERROR;
				CLANG_WARN_UNREACHABLE_CODE = YES;
				CLANG_WARN__DUPLICATE_METHOD_MATCH = YES;
				"CODE_SIGN_IDENTITY[sdk=iphoneos*]" = "iPhone Developer";
				COPY_PHASE_STRIP = YES;
				ENABLE_NS_ASSERTIONS = NO;
				ENABLE_STRICT_OBJC_MSGSEND = YES;
				GCC_C_LANGUAGE_STANDARD = gnu99;
				GCC_WARN_64_TO_32_BIT_CONVERSION = YES;
				GCC_WARN_ABOUT_RETURN_TYPE = YES_ERROR;
				GCC_WARN_UNDECLARED_SELECTOR = YES;
				GCC_WARN_UNINITIALIZED_AUTOS = YES_AGGRESSIVE;
				GCC_WARN_UNUSED_FUNCTION = YES;
				GCC_WARN_UNUSED_VARIABLE = YES;
				IPHONEOS_DEPLOYMENT_TARGET = 8.1;
				MTL_ENABLE_DEBUG_INFO = NO;
				SDKROOT = iphoneos;
				TARGETED_DEVICE_FAMILY = "1,2";
				VALIDATE_PRODUCT = YES;
			};
			name = Release;
		};
<<<<<<< HEAD
		85291F681AA76C18001EA02D /* Debug */ = {
			isa = XCBuildConfiguration;
			buildSettings = {
				ASSETCATALOG_COMPILER_APPICON_NAME = AppIcon;
				CODE_SIGN_IDENTITY = "iPhone Developer";
				FRAMEWORK_SEARCH_PATHS = (
					"$(inherited)",
					"$(PROJECT_DIR)/Carthage/Build/iOS",
				);
=======
		85CA48E41AA78E67009A311C /* Debug */ = {
			isa = XCBuildConfiguration;
			buildSettings = {
				ASSETCATALOG_COMPILER_APPICON_NAME = AppIcon;
>>>>>>> 3dbf18b2d4cd7c9d81f25fd4d912b4ec7d717d1f
				INFOPLIST_FILE = Delegate1/Info.plist;
				LD_RUNPATH_SEARCH_PATHS = "$(inherited) @executable_path/Frameworks";
				PRODUCT_NAME = "$(TARGET_NAME)";
				TARGETED_DEVICE_FAMILY = 1;
			};
			name = Debug;
		};
<<<<<<< HEAD
		85291F691AA76C18001EA02D /* Release */ = {
			isa = XCBuildConfiguration;
			buildSettings = {
				ASSETCATALOG_COMPILER_APPICON_NAME = AppIcon;
				CODE_SIGN_IDENTITY = "iPhone Developer";
				FRAMEWORK_SEARCH_PATHS = (
					"$(inherited)",
					"$(PROJECT_DIR)/Carthage/Build/iOS",
				);
=======
		85CA48E51AA78E67009A311C /* Release */ = {
			isa = XCBuildConfiguration;
			buildSettings = {
				ASSETCATALOG_COMPILER_APPICON_NAME = AppIcon;
>>>>>>> 3dbf18b2d4cd7c9d81f25fd4d912b4ec7d717d1f
				INFOPLIST_FILE = Delegate1/Info.plist;
				LD_RUNPATH_SEARCH_PATHS = "$(inherited) @executable_path/Frameworks";
				PRODUCT_NAME = "$(TARGET_NAME)";
				TARGETED_DEVICE_FAMILY = 1;
			};
			name = Release;
		};
<<<<<<< HEAD
		85291F6B1AA76C18001EA02D /* Debug */ = {
=======
		85CA48E71AA78E67009A311C /* Debug */ = {
>>>>>>> 3dbf18b2d4cd7c9d81f25fd4d912b4ec7d717d1f
			isa = XCBuildConfiguration;
			buildSettings = {
				BUNDLE_LOADER = "$(TEST_HOST)";
				FRAMEWORK_SEARCH_PATHS = (
					"$(SDKROOT)/Developer/Library/Frameworks",
					"$(inherited)",
				);
				GCC_PREPROCESSOR_DEFINITIONS = (
					"DEBUG=1",
					"$(inherited)",
				);
				INFOPLIST_FILE = Delegate1Tests/Info.plist;
				LD_RUNPATH_SEARCH_PATHS = "$(inherited) @executable_path/Frameworks @loader_path/Frameworks";
				PRODUCT_NAME = "$(TARGET_NAME)";
				TEST_HOST = "$(BUILT_PRODUCTS_DIR)/Delegate1.app/Delegate1";
			};
			name = Debug;
		};
<<<<<<< HEAD
		85291F6C1AA76C18001EA02D /* Release */ = {
=======
		85CA48E81AA78E67009A311C /* Release */ = {
>>>>>>> 3dbf18b2d4cd7c9d81f25fd4d912b4ec7d717d1f
			isa = XCBuildConfiguration;
			buildSettings = {
				BUNDLE_LOADER = "$(TEST_HOST)";
				FRAMEWORK_SEARCH_PATHS = (
					"$(SDKROOT)/Developer/Library/Frameworks",
					"$(inherited)",
				);
				INFOPLIST_FILE = Delegate1Tests/Info.plist;
				LD_RUNPATH_SEARCH_PATHS = "$(inherited) @executable_path/Frameworks @loader_path/Frameworks";
				PRODUCT_NAME = "$(TARGET_NAME)";
				TEST_HOST = "$(BUILT_PRODUCTS_DIR)/Delegate1.app/Delegate1";
			};
			name = Release;
		};
/* End XCBuildConfiguration section */

/* Begin XCConfigurationList section */
<<<<<<< HEAD
		85291F431AA76C18001EA02D /* Build configuration list for PBXProject "Delegate1" */ = {
			isa = XCConfigurationList;
			buildConfigurations = (
				85291F651AA76C18001EA02D /* Debug */,
				85291F661AA76C18001EA02D /* Release */,
=======
		85CA48BF1AA78E67009A311C /* Build configuration list for PBXProject "Delegate1" */ = {
			isa = XCConfigurationList;
			buildConfigurations = (
				85CA48E11AA78E67009A311C /* Debug */,
				85CA48E21AA78E67009A311C /* Release */,
>>>>>>> 3dbf18b2d4cd7c9d81f25fd4d912b4ec7d717d1f
			);
			defaultConfigurationIsVisible = 0;
			defaultConfigurationName = Release;
		};
<<<<<<< HEAD
		85291F671AA76C18001EA02D /* Build configuration list for PBXNativeTarget "Delegate1" */ = {
			isa = XCConfigurationList;
			buildConfigurations = (
				85291F681AA76C18001EA02D /* Debug */,
				85291F691AA76C18001EA02D /* Release */,
			);
			defaultConfigurationIsVisible = 0;
		};
		85291F6A1AA76C18001EA02D /* Build configuration list for PBXNativeTarget "Delegate1Tests" */ = {
			isa = XCConfigurationList;
			buildConfigurations = (
				85291F6B1AA76C18001EA02D /* Debug */,
				85291F6C1AA76C18001EA02D /* Release */,
			);
			defaultConfigurationIsVisible = 0;
		};
/* End XCConfigurationList section */
	};
	rootObject = 85291F401AA76C18001EA02D /* Project object */;
=======
		85CA48E31AA78E67009A311C /* Build configuration list for PBXNativeTarget "Delegate1" */ = {
			isa = XCConfigurationList;
			buildConfigurations = (
				85CA48E41AA78E67009A311C /* Debug */,
				85CA48E51AA78E67009A311C /* Release */,
			);
			defaultConfigurationIsVisible = 0;
			defaultConfigurationName = Release;
		};
		85CA48E61AA78E67009A311C /* Build configuration list for PBXNativeTarget "Delegate1Tests" */ = {
			isa = XCConfigurationList;
			buildConfigurations = (
				85CA48E71AA78E67009A311C /* Debug */,
				85CA48E81AA78E67009A311C /* Release */,
			);
			defaultConfigurationIsVisible = 0;
			defaultConfigurationName = Release;
		};
/* End XCConfigurationList section */
	};
	rootObject = 85CA48BC1AA78E67009A311C /* Project object */;
>>>>>>> 3dbf18b2d4cd7c9d81f25fd4d912b4ec7d717d1f
}
