// !$*UTF8*$!
{
	archiveVersion = 1;
	classes = {
	};
	objectVersion = 46;
	objects = {

/* Begin PBXBuildFile section */
		8537FA2F1ABFCECB003A8E2D /* SplashController.swift in Sources */ = {isa = PBXBuildFile; fileRef = 8537FA2E1ABFCECB003A8E2D /* SplashController.swift */; };
		8537FA351ABFD0BF003A8E2D /* Palette-icon-58.png in Resources */ = {isa = PBXBuildFile; fileRef = 8537FA301ABFD0BF003A8E2D /* Palette-icon-58.png */; };
		8537FA361ABFD0BF003A8E2D /* Palette-icon-80.png in Resources */ = {isa = PBXBuildFile; fileRef = 8537FA311ABFD0BF003A8E2D /* Palette-icon-80.png */; };
		8537FA371ABFD0BF003A8E2D /* Palette-icon-87.png in Resources */ = {isa = PBXBuildFile; fileRef = 8537FA321ABFD0BF003A8E2D /* Palette-icon-87.png */; };
		8537FA381ABFD0BF003A8E2D /* Palette-icon-120.png in Resources */ = {isa = PBXBuildFile; fileRef = 8537FA331ABFD0BF003A8E2D /* Palette-icon-120.png */; };
		8537FA391ABFD0BF003A8E2D /* Palette-icon-180.png in Resources */ = {isa = PBXBuildFile; fileRef = 8537FA341ABFD0BF003A8E2D /* Palette-icon-180.png */; };
		8537FB721ABFE9F7003A8E2D /* t0.png in Resources */ = {isa = PBXBuildFile; fileRef = 8537FB2A1ABFE9F7003A8E2D /* t0.png */; };
		8537FB731ABFE9F7003A8E2D /* t1.png in Resources */ = {isa = PBXBuildFile; fileRef = 8537FB2B1ABFE9F7003A8E2D /* t1.png */; };
		8537FB741ABFE9F7003A8E2D /* t2.png in Resources */ = {isa = PBXBuildFile; fileRef = 8537FB2C1ABFE9F7003A8E2D /* t2.png */; };
		8537FB751ABFE9F7003A8E2D /* t3.png in Resources */ = {isa = PBXBuildFile; fileRef = 8537FB2D1ABFE9F7003A8E2D /* t3.png */; };
		8537FB761ABFE9F7003A8E2D /* t4.png in Resources */ = {isa = PBXBuildFile; fileRef = 8537FB2E1ABFE9F7003A8E2D /* t4.png */; };
		8537FB771ABFE9F7003A8E2D /* t5.png in Resources */ = {isa = PBXBuildFile; fileRef = 8537FB2F1ABFE9F7003A8E2D /* t5.png */; };
		8537FB781ABFE9F7003A8E2D /* t6.png in Resources */ = {isa = PBXBuildFile; fileRef = 8537FB301ABFE9F7003A8E2D /* t6.png */; };
		8537FB791ABFE9F7003A8E2D /* t7.png in Resources */ = {isa = PBXBuildFile; fileRef = 8537FB311ABFE9F7003A8E2D /* t7.png */; };
		8537FB7A1ABFE9F7003A8E2D /* t8.png in Resources */ = {isa = PBXBuildFile; fileRef = 8537FB321ABFE9F7003A8E2D /* t8.png */; };
		8537FB7B1ABFE9F7003A8E2D /* t9.png in Resources */ = {isa = PBXBuildFile; fileRef = 8537FB331ABFE9F7003A8E2D /* t9.png */; };
		8537FB7C1ABFE9F7003A8E2D /* t10.png in Resources */ = {isa = PBXBuildFile; fileRef = 8537FB341ABFE9F7003A8E2D /* t10.png */; };
		8537FB7D1ABFE9F7003A8E2D /* t11.png in Resources */ = {isa = PBXBuildFile; fileRef = 8537FB351ABFE9F7003A8E2D /* t11.png */; };
		8537FB7E1ABFE9F7003A8E2D /* t12.png in Resources */ = {isa = PBXBuildFile; fileRef = 8537FB361ABFE9F7003A8E2D /* t12.png */; };
		8537FB7F1ABFE9F7003A8E2D /* t13.png in Resources */ = {isa = PBXBuildFile; fileRef = 8537FB371ABFE9F7003A8E2D /* t13.png */; };
		8537FB801ABFE9F7003A8E2D /* t14.png in Resources */ = {isa = PBXBuildFile; fileRef = 8537FB381ABFE9F7003A8E2D /* t14.png */; };
		8537FB811ABFE9F7003A8E2D /* t15.png in Resources */ = {isa = PBXBuildFile; fileRef = 8537FB391ABFE9F7003A8E2D /* t15.png */; };
		8537FB821ABFE9F7003A8E2D /* t16.png in Resources */ = {isa = PBXBuildFile; fileRef = 8537FB3A1ABFE9F7003A8E2D /* t16.png */; };
		8537FB831ABFE9F7003A8E2D /* t17.png in Resources */ = {isa = PBXBuildFile; fileRef = 8537FB3B1ABFE9F7003A8E2D /* t17.png */; };
		8537FB841ABFE9F7003A8E2D /* t18.png in Resources */ = {isa = PBXBuildFile; fileRef = 8537FB3C1ABFE9F7003A8E2D /* t18.png */; };
		8537FB851ABFE9F7003A8E2D /* t19.png in Resources */ = {isa = PBXBuildFile; fileRef = 8537FB3D1ABFE9F7003A8E2D /* t19.png */; };
		8537FB861ABFE9F7003A8E2D /* t20.png in Resources */ = {isa = PBXBuildFile; fileRef = 8537FB3E1ABFE9F7003A8E2D /* t20.png */; };
		8537FB871ABFE9F7003A8E2D /* t21.png in Resources */ = {isa = PBXBuildFile; fileRef = 8537FB3F1ABFE9F7003A8E2D /* t21.png */; };
		8537FB881ABFE9F7003A8E2D /* t22.png in Resources */ = {isa = PBXBuildFile; fileRef = 8537FB401ABFE9F7003A8E2D /* t22.png */; };
		8537FB891ABFE9F7003A8E2D /* t23.png in Resources */ = {isa = PBXBuildFile; fileRef = 8537FB411ABFE9F7003A8E2D /* t23.png */; };
		8537FB8A1ABFE9F7003A8E2D /* t24.png in Resources */ = {isa = PBXBuildFile; fileRef = 8537FB421ABFE9F7003A8E2D /* t24.png */; };
		8537FB8B1ABFE9F7003A8E2D /* t25.png in Resources */ = {isa = PBXBuildFile; fileRef = 8537FB431ABFE9F7003A8E2D /* t25.png */; };
		8537FB8C1ABFE9F7003A8E2D /* t26.png in Resources */ = {isa = PBXBuildFile; fileRef = 8537FB441ABFE9F7003A8E2D /* t26.png */; };
		8537FB8D1ABFE9F7003A8E2D /* t27.png in Resources */ = {isa = PBXBuildFile; fileRef = 8537FB451ABFE9F7003A8E2D /* t27.png */; };
		8537FB8E1ABFE9F7003A8E2D /* t28.png in Resources */ = {isa = PBXBuildFile; fileRef = 8537FB461ABFE9F7003A8E2D /* t28.png */; };
		8537FB8F1ABFE9F7003A8E2D /* t29.png in Resources */ = {isa = PBXBuildFile; fileRef = 8537FB471ABFE9F7003A8E2D /* t29.png */; };
		8537FB901ABFE9F7003A8E2D /* t30.png in Resources */ = {isa = PBXBuildFile; fileRef = 8537FB481ABFE9F7003A8E2D /* t30.png */; };
		8537FB911ABFE9F7003A8E2D /* t31.png in Resources */ = {isa = PBXBuildFile; fileRef = 8537FB491ABFE9F7003A8E2D /* t31.png */; };
		8537FB921ABFE9F7003A8E2D /* t32.png in Resources */ = {isa = PBXBuildFile; fileRef = 8537FB4A1ABFE9F7003A8E2D /* t32.png */; };
		8537FB931ABFE9F7003A8E2D /* t33.png in Resources */ = {isa = PBXBuildFile; fileRef = 8537FB4B1ABFE9F7003A8E2D /* t33.png */; };
		8537FB941ABFE9F7003A8E2D /* t34.png in Resources */ = {isa = PBXBuildFile; fileRef = 8537FB4C1ABFE9F7003A8E2D /* t34.png */; };
		8537FB951ABFE9F7003A8E2D /* t35.png in Resources */ = {isa = PBXBuildFile; fileRef = 8537FB4D1ABFE9F7003A8E2D /* t35.png */; };
		8537FB961ABFE9F7003A8E2D /* t36.png in Resources */ = {isa = PBXBuildFile; fileRef = 8537FB4E1ABFE9F7003A8E2D /* t36.png */; };
		8537FB971ABFE9F7003A8E2D /* t37.png in Resources */ = {isa = PBXBuildFile; fileRef = 8537FB4F1ABFE9F7003A8E2D /* t37.png */; };
		8537FB981ABFE9F7003A8E2D /* t38.png in Resources */ = {isa = PBXBuildFile; fileRef = 8537FB501ABFE9F7003A8E2D /* t38.png */; };
		8537FB991ABFE9F7003A8E2D /* t39.png in Resources */ = {isa = PBXBuildFile; fileRef = 8537FB511ABFE9F7003A8E2D /* t39.png */; };
		8537FB9A1ABFE9F7003A8E2D /* t40.png in Resources */ = {isa = PBXBuildFile; fileRef = 8537FB521ABFE9F7003A8E2D /* t40.png */; };
		8537FB9B1ABFE9F7003A8E2D /* t41.png in Resources */ = {isa = PBXBuildFile; fileRef = 8537FB531ABFE9F7003A8E2D /* t41.png */; };
		8537FB9C1ABFE9F7003A8E2D /* t42.png in Resources */ = {isa = PBXBuildFile; fileRef = 8537FB541ABFE9F7003A8E2D /* t42.png */; };
		8537FB9D1ABFE9F7003A8E2D /* t43.png in Resources */ = {isa = PBXBuildFile; fileRef = 8537FB551ABFE9F7003A8E2D /* t43.png */; };
		8537FB9E1ABFE9F7003A8E2D /* t44.png in Resources */ = {isa = PBXBuildFile; fileRef = 8537FB561ABFE9F7003A8E2D /* t44.png */; };
		8537FB9F1ABFE9F7003A8E2D /* t45.png in Resources */ = {isa = PBXBuildFile; fileRef = 8537FB571ABFE9F7003A8E2D /* t45.png */; };
		8537FBA01ABFE9F7003A8E2D /* t46.png in Resources */ = {isa = PBXBuildFile; fileRef = 8537FB581ABFE9F7003A8E2D /* t46.png */; };
		8537FBA11ABFE9F7003A8E2D /* t47.png in Resources */ = {isa = PBXBuildFile; fileRef = 8537FB591ABFE9F7003A8E2D /* t47.png */; };
		8537FBA21ABFE9F7003A8E2D /* t48.png in Resources */ = {isa = PBXBuildFile; fileRef = 8537FB5A1ABFE9F7003A8E2D /* t48.png */; };
		8537FBA31ABFE9F7003A8E2D /* t49.png in Resources */ = {isa = PBXBuildFile; fileRef = 8537FB5B1ABFE9F7003A8E2D /* t49.png */; };
		8537FBA41ABFE9F7003A8E2D /* t50.png in Resources */ = {isa = PBXBuildFile; fileRef = 8537FB5C1ABFE9F7003A8E2D /* t50.png */; };
		8537FBA51ABFE9F7003A8E2D /* t51.png in Resources */ = {isa = PBXBuildFile; fileRef = 8537FB5D1ABFE9F7003A8E2D /* t51.png */; };
		8537FBA61ABFE9F7003A8E2D /* t52.png in Resources */ = {isa = PBXBuildFile; fileRef = 8537FB5E1ABFE9F7003A8E2D /* t52.png */; };
		8537FBA71ABFE9F7003A8E2D /* t53.png in Resources */ = {isa = PBXBuildFile; fileRef = 8537FB5F1ABFE9F7003A8E2D /* t53.png */; };
		8537FBA81ABFE9F7003A8E2D /* t54.png in Resources */ = {isa = PBXBuildFile; fileRef = 8537FB601ABFE9F7003A8E2D /* t54.png */; };
		8537FBA91ABFE9F7003A8E2D /* t55.png in Resources */ = {isa = PBXBuildFile; fileRef = 8537FB611ABFE9F7003A8E2D /* t55.png */; };
		8537FBAA1ABFE9F7003A8E2D /* t56.png in Resources */ = {isa = PBXBuildFile; fileRef = 8537FB621ABFE9F7003A8E2D /* t56.png */; };
		8537FBAB1ABFE9F7003A8E2D /* t57.png in Resources */ = {isa = PBXBuildFile; fileRef = 8537FB631ABFE9F7003A8E2D /* t57.png */; };
		8537FBAC1ABFE9F7003A8E2D /* t58.png in Resources */ = {isa = PBXBuildFile; fileRef = 8537FB641ABFE9F7003A8E2D /* t58.png */; };
		8537FBAD1ABFE9F7003A8E2D /* t59.png in Resources */ = {isa = PBXBuildFile; fileRef = 8537FB651ABFE9F7003A8E2D /* t59.png */; };
		8537FBAE1ABFE9F7003A8E2D /* t60.png in Resources */ = {isa = PBXBuildFile; fileRef = 8537FB661ABFE9F7003A8E2D /* t60.png */; };
		8537FBAF1ABFE9F7003A8E2D /* t61.png in Resources */ = {isa = PBXBuildFile; fileRef = 8537FB671ABFE9F7003A8E2D /* t61.png */; };
		8537FBB01ABFE9F7003A8E2D /* t62.png in Resources */ = {isa = PBXBuildFile; fileRef = 8537FB681ABFE9F7003A8E2D /* t62.png */; };
		8537FBB11ABFE9F7003A8E2D /* t63.png in Resources */ = {isa = PBXBuildFile; fileRef = 8537FB691ABFE9F7003A8E2D /* t63.png */; };
		8537FBB21ABFE9F7003A8E2D /* t64.png in Resources */ = {isa = PBXBuildFile; fileRef = 8537FB6A1ABFE9F7003A8E2D /* t64.png */; };
		8537FBB31ABFE9F7003A8E2D /* t65.png in Resources */ = {isa = PBXBuildFile; fileRef = 8537FB6B1ABFE9F7003A8E2D /* t65.png */; };
		8537FBB41ABFE9F7003A8E2D /* t66.png in Resources */ = {isa = PBXBuildFile; fileRef = 8537FB6C1ABFE9F7003A8E2D /* t66.png */; };
		8537FBB51ABFE9F7003A8E2D /* t67.png in Resources */ = {isa = PBXBuildFile; fileRef = 8537FB6D1ABFE9F7003A8E2D /* t67.png */; };
		8537FBB61ABFE9F7003A8E2D /* t68.png in Resources */ = {isa = PBXBuildFile; fileRef = 8537FB6E1ABFE9F7003A8E2D /* t68.png */; };
		8537FBB71ABFE9F7003A8E2D /* t69.png in Resources */ = {isa = PBXBuildFile; fileRef = 8537FB6F1ABFE9F7003A8E2D /* t69.png */; };
		8537FBB81ABFE9F7003A8E2D /* t70.png in Resources */ = {isa = PBXBuildFile; fileRef = 8537FB701ABFE9F7003A8E2D /* t70.png */; };
		8537FBB91ABFE9F7003A8E2D /* t71.png in Resources */ = {isa = PBXBuildFile; fileRef = 8537FB711ABFE9F7003A8E2D /* t71.png */; };
		856119421ABD356700F9E5E2 /* ColorTableViewController.swift in Sources */ = {isa = PBXBuildFile; fileRef = 856119411ABD356700F9E5E2 /* ColorTableViewController.swift */; };
		856119481ABD375500F9E5E2 /* color_wheel-32.png in Resources */ = {isa = PBXBuildFile; fileRef = 856119471ABD375500F9E5E2 /* color_wheel-32.png */; };
		8561194A1ABD37D400F9E5E2 /* colors.swift in Sources */ = {isa = PBXBuildFile; fileRef = 856119491ABD37D400F9E5E2 /* colors.swift */; };
		8561194D1ABD385900F9E5E2 /* Alamofire.swift in Sources */ = {isa = PBXBuildFile; fileRef = 8561194B1ABD385900F9E5E2 /* Alamofire.swift */; };
		8561194E1ABD385900F9E5E2 /* SwiftyJSON.swift in Sources */ = {isa = PBXBuildFile; fileRef = 8561194C1ABD385900F9E5E2 /* SwiftyJSON.swift */; };
		8578F43F1AB6380E007C5CCA /* AppDelegate.swift in Sources */ = {isa = PBXBuildFile; fileRef = 8578F43E1AB6380E007C5CCA /* AppDelegate.swift */; };
		8578F4411AB6380E007C5CCA /* ViewController.swift in Sources */ = {isa = PBXBuildFile; fileRef = 8578F4401AB6380E007C5CCA /* ViewController.swift */; };
		8578F4441AB6380E007C5CCA /* Main.storyboard in Resources */ = {isa = PBXBuildFile; fileRef = 8578F4421AB6380E007C5CCA /* Main.storyboard */; };
		8578F4461AB6380E007C5CCA /* Images.xcassets in Resources */ = {isa = PBXBuildFile; fileRef = 8578F4451AB6380E007C5CCA /* Images.xcassets */; };
		8578F4491AB6380E007C5CCA /* LaunchScreen.xib in Resources */ = {isa = PBXBuildFile; fileRef = 8578F4471AB6380E007C5CCA /* LaunchScreen.xib */; };
		8578F4551AB6380E007C5CCA /* DelegateColorExampleTests.swift in Sources */ = {isa = PBXBuildFile; fileRef = 8578F4541AB6380E007C5CCA /* DelegateColorExampleTests.swift */; };
/* End PBXBuildFile section */

/* Begin PBXContainerItemProxy section */
		8578F44F1AB6380E007C5CCA /* PBXContainerItemProxy */ = {
			isa = PBXContainerItemProxy;
			containerPortal = 8578F4311AB6380E007C5CCA /* Project object */;
			proxyType = 1;
			remoteGlobalIDString = 8578F4381AB6380E007C5CCA;
			remoteInfo = DelegateColorExample;
		};
/* End PBXContainerItemProxy section */

/* Begin PBXFileReference section */
		8537FA2E1ABFCECB003A8E2D /* SplashController.swift */ = {isa = PBXFileReference; fileEncoding = 4; lastKnownFileType = sourcecode.swift; path = SplashController.swift; sourceTree = "<group>"; };
		8537FA301ABFD0BF003A8E2D /* Palette-icon-58.png */ = {isa = PBXFileReference; lastKnownFileType = image.png; path = "Palette-icon-58.png"; sourceTree = "<group>"; };
		8537FA311ABFD0BF003A8E2D /* Palette-icon-80.png */ = {isa = PBXFileReference; lastKnownFileType = image.png; path = "Palette-icon-80.png"; sourceTree = "<group>"; };
		8537FA321ABFD0BF003A8E2D /* Palette-icon-87.png */ = {isa = PBXFileReference; lastKnownFileType = image.png; path = "Palette-icon-87.png"; sourceTree = "<group>"; };
		8537FA331ABFD0BF003A8E2D /* Palette-icon-120.png */ = {isa = PBXFileReference; lastKnownFileType = image.png; path = "Palette-icon-120.png"; sourceTree = "<group>"; };
		8537FA341ABFD0BF003A8E2D /* Palette-icon-180.png */ = {isa = PBXFileReference; lastKnownFileType = image.png; path = "Palette-icon-180.png"; sourceTree = "<group>"; };
		8537FB2A1ABFE9F7003A8E2D /* t0.png */ = {isa = PBXFileReference; lastKnownFileType = image.png; path = t0.png; sourceTree = "<group>"; };
		8537FB2B1ABFE9F7003A8E2D /* t1.png */ = {isa = PBXFileReference; lastKnownFileType = image.png; path = t1.png; sourceTree = "<group>"; };
		8537FB2C1ABFE9F7003A8E2D /* t2.png */ = {isa = PBXFileReference; lastKnownFileType = image.png; path = t2.png; sourceTree = "<group>"; };
		8537FB2D1ABFE9F7003A8E2D /* t3.png */ = {isa = PBXFileReference; lastKnownFileType = image.png; path = t3.png; sourceTree = "<group>"; };
		8537FB2E1ABFE9F7003A8E2D /* t4.png */ = {isa = PBXFileReference; lastKnownFileType = image.png; path = t4.png; sourceTree = "<group>"; };
		8537FB2F1ABFE9F7003A8E2D /* t5.png */ = {isa = PBXFileReference; lastKnownFileType = image.png; path = t5.png; sourceTree = "<group>"; };
		8537FB301ABFE9F7003A8E2D /* t6.png */ = {isa = PBXFileReference; lastKnownFileType = image.png; path = t6.png; sourceTree = "<group>"; };
		8537FB311ABFE9F7003A8E2D /* t7.png */ = {isa = PBXFileReference; lastKnownFileType = image.png; path = t7.png; sourceTree = "<group>"; };
		8537FB321ABFE9F7003A8E2D /* t8.png */ = {isa = PBXFileReference; lastKnownFileType = image.png; path = t8.png; sourceTree = "<group>"; };
		8537FB331ABFE9F7003A8E2D /* t9.png */ = {isa = PBXFileReference; lastKnownFileType = image.png; path = t9.png; sourceTree = "<group>"; };
		8537FB341ABFE9F7003A8E2D /* t10.png */ = {isa = PBXFileReference; lastKnownFileType = image.png; path = t10.png; sourceTree = "<group>"; };
		8537FB351ABFE9F7003A8E2D /* t11.png */ = {isa = PBXFileReference; lastKnownFileType = image.png; path = t11.png; sourceTree = "<group>"; };
		8537FB361ABFE9F7003A8E2D /* t12.png */ = {isa = PBXFileReference; lastKnownFileType = image.png; path = t12.png; sourceTree = "<group>"; };
		8537FB371ABFE9F7003A8E2D /* t13.png */ = {isa = PBXFileReference; lastKnownFileType = image.png; path = t13.png; sourceTree = "<group>"; };
		8537FB381ABFE9F7003A8E2D /* t14.png */ = {isa = PBXFileReference; lastKnownFileType = image.png; path = t14.png; sourceTree = "<group>"; };
		8537FB391ABFE9F7003A8E2D /* t15.png */ = {isa = PBXFileReference; lastKnownFileType = image.png; path = t15.png; sourceTree = "<group>"; };
		8537FB3A1ABFE9F7003A8E2D /* t16.png */ = {isa = PBXFileReference; lastKnownFileType = image.png; path = t16.png; sourceTree = "<group>"; };
		8537FB3B1ABFE9F7003A8E2D /* t17.png */ = {isa = PBXFileReference; lastKnownFileType = image.png; path = t17.png; sourceTree = "<group>"; };
		8537FB3C1ABFE9F7003A8E2D /* t18.png */ = {isa = PBXFileReference; lastKnownFileType = image.png; path = t18.png; sourceTree = "<group>"; };
		8537FB3D1ABFE9F7003A8E2D /* t19.png */ = {isa = PBXFileReference; lastKnownFileType = image.png; path = t19.png; sourceTree = "<group>"; };
		8537FB3E1ABFE9F7003A8E2D /* t20.png */ = {isa = PBXFileReference; lastKnownFileType = image.png; path = t20.png; sourceTree = "<group>"; };
		8537FB3F1ABFE9F7003A8E2D /* t21.png */ = {isa = PBXFileReference; lastKnownFileType = image.png; path = t21.png; sourceTree = "<group>"; };
		8537FB401ABFE9F7003A8E2D /* t22.png */ = {isa = PBXFileReference; lastKnownFileType = image.png; path = t22.png; sourceTree = "<group>"; };
		8537FB411ABFE9F7003A8E2D /* t23.png */ = {isa = PBXFileReference; lastKnownFileType = image.png; path = t23.png; sourceTree = "<group>"; };
		8537FB421ABFE9F7003A8E2D /* t24.png */ = {isa = PBXFileReference; lastKnownFileType = image.png; path = t24.png; sourceTree = "<group>"; };
		8537FB431ABFE9F7003A8E2D /* t25.png */ = {isa = PBXFileReference; lastKnownFileType = image.png; path = t25.png; sourceTree = "<group>"; };
		8537FB441ABFE9F7003A8E2D /* t26.png */ = {isa = PBXFileReference; lastKnownFileType = image.png; path = t26.png; sourceTree = "<group>"; };
		8537FB451ABFE9F7003A8E2D /* t27.png */ = {isa = PBXFileReference; lastKnownFileType = image.png; path = t27.png; sourceTree = "<group>"; };
		8537FB461ABFE9F7003A8E2D /* t28.png */ = {isa = PBXFileReference; lastKnownFileType = image.png; path = t28.png; sourceTree = "<group>"; };
		8537FB471ABFE9F7003A8E2D /* t29.png */ = {isa = PBXFileReference; lastKnownFileType = image.png; path = t29.png; sourceTree = "<group>"; };
		8537FB481ABFE9F7003A8E2D /* t30.png */ = {isa = PBXFileReference; lastKnownFileType = image.png; path = t30.png; sourceTree = "<group>"; };
		8537FB491ABFE9F7003A8E2D /* t31.png */ = {isa = PBXFileReference; lastKnownFileType = image.png; path = t31.png; sourceTree = "<group>"; };
		8537FB4A1ABFE9F7003A8E2D /* t32.png */ = {isa = PBXFileReference; lastKnownFileType = image.png; path = t32.png; sourceTree = "<group>"; };
		8537FB4B1ABFE9F7003A8E2D /* t33.png */ = {isa = PBXFileReference; lastKnownFileType = image.png; path = t33.png; sourceTree = "<group>"; };
		8537FB4C1ABFE9F7003A8E2D /* t34.png */ = {isa = PBXFileReference; lastKnownFileType = image.png; path = t34.png; sourceTree = "<group>"; };
		8537FB4D1ABFE9F7003A8E2D /* t35.png */ = {isa = PBXFileReference; lastKnownFileType = image.png; path = t35.png; sourceTree = "<group>"; };
		8537FB4E1ABFE9F7003A8E2D /* t36.png */ = {isa = PBXFileReference; lastKnownFileType = image.png; path = t36.png; sourceTree = "<group>"; };
		8537FB4F1ABFE9F7003A8E2D /* t37.png */ = {isa = PBXFileReference; lastKnownFileType = image.png; path = t37.png; sourceTree = "<group>"; };
		8537FB501ABFE9F7003A8E2D /* t38.png */ = {isa = PBXFileReference; lastKnownFileType = image.png; path = t38.png; sourceTree = "<group>"; };
		8537FB511ABFE9F7003A8E2D /* t39.png */ = {isa = PBXFileReference; lastKnownFileType = image.png; path = t39.png; sourceTree = "<group>"; };
		8537FB521ABFE9F7003A8E2D /* t40.png */ = {isa = PBXFileReference; lastKnownFileType = image.png; path = t40.png; sourceTree = "<group>"; };
		8537FB531ABFE9F7003A8E2D /* t41.png */ = {isa = PBXFileReference; lastKnownFileType = image.png; path = t41.png; sourceTree = "<group>"; };
		8537FB541ABFE9F7003A8E2D /* t42.png */ = {isa = PBXFileReference; lastKnownFileType = image.png; path = t42.png; sourceTree = "<group>"; };
		8537FB551ABFE9F7003A8E2D /* t43.png */ = {isa = PBXFileReference; lastKnownFileType = image.png; path = t43.png; sourceTree = "<group>"; };
		8537FB561ABFE9F7003A8E2D /* t44.png */ = {isa = PBXFileReference; lastKnownFileType = image.png; path = t44.png; sourceTree = "<group>"; };
		8537FB571ABFE9F7003A8E2D /* t45.png */ = {isa = PBXFileReference; lastKnownFileType = image.png; path = t45.png; sourceTree = "<group>"; };
		8537FB581ABFE9F7003A8E2D /* t46.png */ = {isa = PBXFileReference; lastKnownFileType = image.png; path = t46.png; sourceTree = "<group>"; };
		8537FB591ABFE9F7003A8E2D /* t47.png */ = {isa = PBXFileReference; lastKnownFileType = image.png; path = t47.png; sourceTree = "<group>"; };
		8537FB5A1ABFE9F7003A8E2D /* t48.png */ = {isa = PBXFileReference; lastKnownFileType = image.png; path = t48.png; sourceTree = "<group>"; };
		8537FB5B1ABFE9F7003A8E2D /* t49.png */ = {isa = PBXFileReference; lastKnownFileType = image.png; path = t49.png; sourceTree = "<group>"; };
		8537FB5C1ABFE9F7003A8E2D /* t50.png */ = {isa = PBXFileReference; lastKnownFileType = image.png; path = t50.png; sourceTree = "<group>"; };
		8537FB5D1ABFE9F7003A8E2D /* t51.png */ = {isa = PBXFileReference; lastKnownFileType = image.png; path = t51.png; sourceTree = "<group>"; };
		8537FB5E1ABFE9F7003A8E2D /* t52.png */ = {isa = PBXFileReference; lastKnownFileType = image.png; path = t52.png; sourceTree = "<group>"; };
		8537FB5F1ABFE9F7003A8E2D /* t53.png */ = {isa = PBXFileReference; lastKnownFileType = image.png; path = t53.png; sourceTree = "<group>"; };
		8537FB601ABFE9F7003A8E2D /* t54.png */ = {isa = PBXFileReference; lastKnownFileType = image.png; path = t54.png; sourceTree = "<group>"; };
		8537FB611ABFE9F7003A8E2D /* t55.png */ = {isa = PBXFileReference; lastKnownFileType = image.png; path = t55.png; sourceTree = "<group>"; };
		8537FB621ABFE9F7003A8E2D /* t56.png */ = {isa = PBXFileReference; lastKnownFileType = image.png; path = t56.png; sourceTree = "<group>"; };
		8537FB631ABFE9F7003A8E2D /* t57.png */ = {isa = PBXFileReference; lastKnownFileType = image.png; path = t57.png; sourceTree = "<group>"; };
		8537FB641ABFE9F7003A8E2D /* t58.png */ = {isa = PBXFileReference; lastKnownFileType = image.png; path = t58.png; sourceTree = "<group>"; };
		8537FB651ABFE9F7003A8E2D /* t59.png */ = {isa = PBXFileReference; lastKnownFileType = image.png; path = t59.png; sourceTree = "<group>"; };
		8537FB661ABFE9F7003A8E2D /* t60.png */ = {isa = PBXFileReference; lastKnownFileType = image.png; path = t60.png; sourceTree = "<group>"; };
		8537FB671ABFE9F7003A8E2D /* t61.png */ = {isa = PBXFileReference; lastKnownFileType = image.png; path = t61.png; sourceTree = "<group>"; };
		8537FB681ABFE9F7003A8E2D /* t62.png */ = {isa = PBXFileReference; lastKnownFileType = image.png; path = t62.png; sourceTree = "<group>"; };
		8537FB691ABFE9F7003A8E2D /* t63.png */ = {isa = PBXFileReference; lastKnownFileType = image.png; path = t63.png; sourceTree = "<group>"; };
		8537FB6A1ABFE9F7003A8E2D /* t64.png */ = {isa = PBXFileReference; lastKnownFileType = image.png; path = t64.png; sourceTree = "<group>"; };
		8537FB6B1ABFE9F7003A8E2D /* t65.png */ = {isa = PBXFileReference; lastKnownFileType = image.png; path = t65.png; sourceTree = "<group>"; };
		8537FB6C1ABFE9F7003A8E2D /* t66.png */ = {isa = PBXFileReference; lastKnownFileType = image.png; path = t66.png; sourceTree = "<group>"; };
		8537FB6D1ABFE9F7003A8E2D /* t67.png */ = {isa = PBXFileReference; lastKnownFileType = image.png; path = t67.png; sourceTree = "<group>"; };
		8537FB6E1ABFE9F7003A8E2D /* t68.png */ = {isa = PBXFileReference; lastKnownFileType = image.png; path = t68.png; sourceTree = "<group>"; };
		8537FB6F1ABFE9F7003A8E2D /* t69.png */ = {isa = PBXFileReference; lastKnownFileType = image.png; path = t69.png; sourceTree = "<group>"; };
		8537FB701ABFE9F7003A8E2D /* t70.png */ = {isa = PBXFileReference; lastKnownFileType = image.png; path = t70.png; sourceTree = "<group>"; };
		8537FB711ABFE9F7003A8E2D /* t71.png */ = {isa = PBXFileReference; lastKnownFileType = image.png; path = t71.png; sourceTree = "<group>"; };
		856119411ABD356700F9E5E2 /* ColorTableViewController.swift */ = {isa = PBXFileReference; fileEncoding = 4; lastKnownFileType = sourcecode.swift; name = ColorTableViewController.swift; path = ../ColorTableViewController.swift; sourceTree = "<group>"; };
		856119471ABD375500F9E5E2 /* color_wheel-32.png */ = {isa = PBXFileReference; lastKnownFileType = image.png; path = "color_wheel-32.png"; sourceTree = "<group>"; };
		856119491ABD37D400F9E5E2 /* colors.swift */ = {isa = PBXFileReference; fileEncoding = 4; lastKnownFileType = sourcecode.swift; name = colors.swift; path = ../colors.swift; sourceTree = "<group>"; };
		8561194B1ABD385900F9E5E2 /* Alamofire.swift */ = {isa = PBXFileReference; fileEncoding = 4; lastKnownFileType = sourcecode.swift; name = Alamofire.swift; path = ../Alamofire.swift; sourceTree = "<group>"; };
		8561194C1ABD385900F9E5E2 /* SwiftyJSON.swift */ = {isa = PBXFileReference; fileEncoding = 4; lastKnownFileType = sourcecode.swift; name = SwiftyJSON.swift; path = ../SwiftyJSON.swift; sourceTree = "<group>"; };
		8578F4391AB6380E007C5CCA /* DelegateColorExample.app */ = {isa = PBXFileReference; explicitFileType = wrapper.application; includeInIndex = 0; path = DelegateColorExample.app; sourceTree = BUILT_PRODUCTS_DIR; };
		8578F43D1AB6380E007C5CCA /* Info.plist */ = {isa = PBXFileReference; lastKnownFileType = text.plist.xml; path = Info.plist; sourceTree = "<group>"; };
		8578F43E1AB6380E007C5CCA /* AppDelegate.swift */ = {isa = PBXFileReference; lastKnownFileType = sourcecode.swift; path = AppDelegate.swift; sourceTree = "<group>"; };
		8578F4401AB6380E007C5CCA /* ViewController.swift */ = {isa = PBXFileReference; lastKnownFileType = sourcecode.swift; path = ViewController.swift; sourceTree = "<group>"; };
		8578F4431AB6380E007C5CCA /* Base */ = {isa = PBXFileReference; lastKnownFileType = file.storyboard; name = Base; path = Base.lproj/Main.storyboard; sourceTree = "<group>"; };
		8578F4451AB6380E007C5CCA /* Images.xcassets */ = {isa = PBXFileReference; lastKnownFileType = folder.assetcatalog; path = Images.xcassets; sourceTree = "<group>"; };
		8578F4481AB6380E007C5CCA /* Base */ = {isa = PBXFileReference; lastKnownFileType = file.xib; name = Base; path = Base.lproj/LaunchScreen.xib; sourceTree = "<group>"; };
		8578F44E1AB6380E007C5CCA /* DelegateColorExampleTests.xctest */ = {isa = PBXFileReference; explicitFileType = wrapper.cfbundle; includeInIndex = 0; path = DelegateColorExampleTests.xctest; sourceTree = BUILT_PRODUCTS_DIR; };
		8578F4531AB6380E007C5CCA /* Info.plist */ = {isa = PBXFileReference; lastKnownFileType = text.plist.xml; path = Info.plist; sourceTree = "<group>"; };
		8578F4541AB6380E007C5CCA /* DelegateColorExampleTests.swift */ = {isa = PBXFileReference; lastKnownFileType = sourcecode.swift; path = DelegateColorExampleTests.swift; sourceTree = "<group>"; };
/* End PBXFileReference section */

/* Begin PBXFrameworksBuildPhase section */
		8578F4361AB6380E007C5CCA /* Frameworks */ = {
			isa = PBXFrameworksBuildPhase;
			buildActionMask = 2147483647;
			files = (
			);
			runOnlyForDeploymentPostprocessing = 0;
		};
		8578F44B1AB6380E007C5CCA /* Frameworks */ = {
			isa = PBXFrameworksBuildPhase;
			buildActionMask = 2147483647;
			files = (
			);
			runOnlyForDeploymentPostprocessing = 0;
		};
/* End PBXFrameworksBuildPhase section */

/* Begin PBXGroup section */
		8561194F1ABD38B900F9E5E2 /* models */ = {
			isa = PBXGroup;
			children = (
				856119491ABD37D400F9E5E2 /* colors.swift */,
				8561194C1ABD385900F9E5E2 /* SwiftyJSON.swift */,
				8561194B1ABD385900F9E5E2 /* Alamofire.swift */,
			);
			name = models;
			sourceTree = "<group>";
		};
		856119501ABD38C000F9E5E2 /* views */ = {
			isa = PBXGroup;
			children = (
				8578F4421AB6380E007C5CCA /* Main.storyboard */,
			);
			name = views;
			sourceTree = "<group>";
		};
		856119511ABD38C700F9E5E2 /* controllers */ = {
			isa = PBXGroup;
			children = (
				856119411ABD356700F9E5E2 /* ColorTableViewController.swift */,
				8578F4401AB6380E007C5CCA /* ViewController.swift */,
				8537FA2E1ABFCECB003A8E2D /* SplashController.swift */,
			);
			name = controllers;
			sourceTree = "<group>";
		};
		8578F4301AB6380E007C5CCA = {
			isa = PBXGroup;
			children = (
				8578F43B1AB6380E007C5CCA /* DelegateColorExample */,
				8578F4511AB6380E007C5CCA /* DelegateColorExampleTests */,
				8578F43A1AB6380E007C5CCA /* Products */,
			);
			sourceTree = "<group>";
		};
		8578F43A1AB6380E007C5CCA /* Products */ = {
			isa = PBXGroup;
			children = (
				8578F4391AB6380E007C5CCA /* DelegateColorExample.app */,
				8578F44E1AB6380E007C5CCA /* DelegateColorExampleTests.xctest */,
			);
			name = Products;
			sourceTree = "<group>";
		};
		8578F43B1AB6380E007C5CCA /* DelegateColorExample */ = {
			isa = PBXGroup;
			children = (
				856119511ABD38C700F9E5E2 /* controllers */,
				856119501ABD38C000F9E5E2 /* views */,
				8561194F1ABD38B900F9E5E2 /* models */,
				8578F43E1AB6380E007C5CCA /* AppDelegate.swift */,
				8578F4451AB6380E007C5CCA /* Images.xcassets */,
				8578F4471AB6380E007C5CCA /* LaunchScreen.xib */,
				8578F43C1AB6380E007C5CCA /* Supporting Files */,
			);
			path = DelegateColorExample;
			sourceTree = "<group>";
		};
		8578F43C1AB6380E007C5CCA /* Supporting Files */ = {
			isa = PBXGroup;
			children = (
				8537FB2A1ABFE9F7003A8E2D /* t0.png */,
				8537FB2B1ABFE9F7003A8E2D /* t1.png */,
				8537FB2C1ABFE9F7003A8E2D /* t2.png */,
				8537FB2D1ABFE9F7003A8E2D /* t3.png */,
				8537FB2E1ABFE9F7003A8E2D /* t4.png */,
				8537FB2F1ABFE9F7003A8E2D /* t5.png */,
				8537FB301ABFE9F7003A8E2D /* t6.png */,
				8537FB311ABFE9F7003A8E2D /* t7.png */,
				8537FB321ABFE9F7003A8E2D /* t8.png */,
				8537FB331ABFE9F7003A8E2D /* t9.png */,
				8537FB341ABFE9F7003A8E2D /* t10.png */,
				8537FB351ABFE9F7003A8E2D /* t11.png */,
				8537FB361ABFE9F7003A8E2D /* t12.png */,
				8537FB371ABFE9F7003A8E2D /* t13.png */,
				8537FB381ABFE9F7003A8E2D /* t14.png */,
				8537FB391ABFE9F7003A8E2D /* t15.png */,
				8537FB3A1ABFE9F7003A8E2D /* t16.png */,
				8537FB3B1ABFE9F7003A8E2D /* t17.png */,
				8537FB3C1ABFE9F7003A8E2D /* t18.png */,
				8537FB3D1ABFE9F7003A8E2D /* t19.png */,
				8537FB3E1ABFE9F7003A8E2D /* t20.png */,
				8537FB3F1ABFE9F7003A8E2D /* t21.png */,
				8537FB401ABFE9F7003A8E2D /* t22.png */,
				8537FB411ABFE9F7003A8E2D /* t23.png */,
				8537FB421ABFE9F7003A8E2D /* t24.png */,
				8537FB431ABFE9F7003A8E2D /* t25.png */,
				8537FB441ABFE9F7003A8E2D /* t26.png */,
				8537FB451ABFE9F7003A8E2D /* t27.png */,
				8537FB461ABFE9F7003A8E2D /* t28.png */,
				8537FB471ABFE9F7003A8E2D /* t29.png */,
				8537FB481ABFE9F7003A8E2D /* t30.png */,
				8537FB491ABFE9F7003A8E2D /* t31.png */,
				8537FB4A1ABFE9F7003A8E2D /* t32.png */,
				8537FB4B1ABFE9F7003A8E2D /* t33.png */,
				8537FB4C1ABFE9F7003A8E2D /* t34.png */,
				8537FB4D1ABFE9F7003A8E2D /* t35.png */,
				8537FB4E1ABFE9F7003A8E2D /* t36.png */,
				8537FB4F1ABFE9F7003A8E2D /* t37.png */,
				8537FB501ABFE9F7003A8E2D /* t38.png */,
				8537FB511ABFE9F7003A8E2D /* t39.png */,
				8537FB521ABFE9F7003A8E2D /* t40.png */,
				8537FB531ABFE9F7003A8E2D /* t41.png */,
				8537FB541ABFE9F7003A8E2D /* t42.png */,
				8537FB551ABFE9F7003A8E2D /* t43.png */,
				8537FB561ABFE9F7003A8E2D /* t44.png */,
				8537FB571ABFE9F7003A8E2D /* t45.png */,
				8537FB581ABFE9F7003A8E2D /* t46.png */,
				8537FB591ABFE9F7003A8E2D /* t47.png */,
				8537FB5A1ABFE9F7003A8E2D /* t48.png */,
				8537FB5B1ABFE9F7003A8E2D /* t49.png */,
				8537FB5C1ABFE9F7003A8E2D /* t50.png */,
				8537FB5D1ABFE9F7003A8E2D /* t51.png */,
				8537FB5E1ABFE9F7003A8E2D /* t52.png */,
				8537FB5F1ABFE9F7003A8E2D /* t53.png */,
				8537FB601ABFE9F7003A8E2D /* t54.png */,
				8537FB611ABFE9F7003A8E2D /* t55.png */,
				8537FB621ABFE9F7003A8E2D /* t56.png */,
				8537FB631ABFE9F7003A8E2D /* t57.png */,
				8537FB641ABFE9F7003A8E2D /* t58.png */,
				8537FB651ABFE9F7003A8E2D /* t59.png */,
				8537FB661ABFE9F7003A8E2D /* t60.png */,
				8537FB671ABFE9F7003A8E2D /* t61.png */,
				8537FB681ABFE9F7003A8E2D /* t62.png */,
				8537FB691ABFE9F7003A8E2D /* t63.png */,
				8537FB6A1ABFE9F7003A8E2D /* t64.png */,
				8537FB6B1ABFE9F7003A8E2D /* t65.png */,
				8537FB6C1ABFE9F7003A8E2D /* t66.png */,
				8537FB6D1ABFE9F7003A8E2D /* t67.png */,
				8537FB6E1ABFE9F7003A8E2D /* t68.png */,
				8537FB6F1ABFE9F7003A8E2D /* t69.png */,
				8537FB701ABFE9F7003A8E2D /* t70.png */,
				8537FB711ABFE9F7003A8E2D /* t71.png */,
				8537FA301ABFD0BF003A8E2D /* Palette-icon-58.png */,
				8537FA311ABFD0BF003A8E2D /* Palette-icon-80.png */,
				8537FA321ABFD0BF003A8E2D /* Palette-icon-87.png */,
				8537FA331ABFD0BF003A8E2D /* Palette-icon-120.png */,
				8537FA341ABFD0BF003A8E2D /* Palette-icon-180.png */,
				856119471ABD375500F9E5E2 /* color_wheel-32.png */,
				8578F43D1AB6380E007C5CCA /* Info.plist */,
			);
			name = "Supporting Files";
			sourceTree = "<group>";
		};
		8578F4511AB6380E007C5CCA /* DelegateColorExampleTests */ = {
			isa = PBXGroup;
			children = (
				8578F4541AB6380E007C5CCA /* DelegateColorExampleTests.swift */,
				8578F4521AB6380E007C5CCA /* Supporting Files */,
			);
			path = DelegateColorExampleTests;
			sourceTree = "<group>";
		};
		8578F4521AB6380E007C5CCA /* Supporting Files */ = {
			isa = PBXGroup;
			children = (
				8578F4531AB6380E007C5CCA /* Info.plist */,
			);
			name = "Supporting Files";
			sourceTree = "<group>";
		};
/* End PBXGroup section */

/* Begin PBXNativeTarget section */
		8578F4381AB6380E007C5CCA /* DelegateColorExample */ = {
			isa = PBXNativeTarget;
			buildConfigurationList = 8578F4581AB6380E007C5CCA /* Build configuration list for PBXNativeTarget "DelegateColorExample" */;
			buildPhases = (
				8578F4351AB6380E007C5CCA /* Sources */,
				8578F4361AB6380E007C5CCA /* Frameworks */,
				8578F4371AB6380E007C5CCA /* Resources */,
			);
			buildRules = (
			);
			dependencies = (
			);
			name = DelegateColorExample;
			productName = DelegateColorExample;
			productReference = 8578F4391AB6380E007C5CCA /* DelegateColorExample.app */;
			productType = "com.apple.product-type.application";
		};
		8578F44D1AB6380E007C5CCA /* DelegateColorExampleTests */ = {
			isa = PBXNativeTarget;
			buildConfigurationList = 8578F45B1AB6380E007C5CCA /* Build configuration list for PBXNativeTarget "DelegateColorExampleTests" */;
			buildPhases = (
				8578F44A1AB6380E007C5CCA /* Sources */,
				8578F44B1AB6380E007C5CCA /* Frameworks */,
				8578F44C1AB6380E007C5CCA /* Resources */,
			);
			buildRules = (
			);
			dependencies = (
				8578F4501AB6380E007C5CCA /* PBXTargetDependency */,
			);
			name = DelegateColorExampleTests;
			productName = DelegateColorExampleTests;
			productReference = 8578F44E1AB6380E007C5CCA /* DelegateColorExampleTests.xctest */;
			productType = "com.apple.product-type.bundle.unit-test";
		};
/* End PBXNativeTarget section */

/* Begin PBXProject section */
		8578F4311AB6380E007C5CCA /* Project object */ = {
			isa = PBXProject;
			attributes = {
				LastUpgradeCheck = 0610;
				ORGANIZATIONNAME = "Terry Griffin";
				TargetAttributes = {
					8578F4381AB6380E007C5CCA = {
						CreatedOnToolsVersion = 6.1.1;
						DevelopmentTeam = 5759AXAR43;
					};
					8578F44D1AB6380E007C5CCA = {
						CreatedOnToolsVersion = 6.1.1;
						TestTargetID = 8578F4381AB6380E007C5CCA;
					};
				};
			};
			buildConfigurationList = 8578F4341AB6380E007C5CCA /* Build configuration list for PBXProject "DelegateColorExample" */;
			compatibilityVersion = "Xcode 3.2";
			developmentRegion = English;
			hasScannedForEncodings = 0;
			knownRegions = (
				en,
				Base,
			);
			mainGroup = 8578F4301AB6380E007C5CCA;
			productRefGroup = 8578F43A1AB6380E007C5CCA /* Products */;
			projectDirPath = "";
			projectRoot = "";
			targets = (
				8578F4381AB6380E007C5CCA /* DelegateColorExample */,
				8578F44D1AB6380E007C5CCA /* DelegateColorExampleTests */,
			);
		};
/* End PBXProject section */

/* Begin PBXResourcesBuildPhase section */
		8578F4371AB6380E007C5CCA /* Resources */ = {
			isa = PBXResourcesBuildPhase;
			buildActionMask = 2147483647;
			files = (
				8537FBA01ABFE9F7003A8E2D /* t46.png in Resources */,
				8537FB931ABFE9F7003A8E2D /* t33.png in Resources */,
				8537FB751ABFE9F7003A8E2D /* t3.png in Resources */,
				8537FBB91ABFE9F7003A8E2D /* t71.png in Resources */,
				8537FBAA1ABFE9F7003A8E2D /* t56.png in Resources */,
				8537FBA41ABFE9F7003A8E2D /* t50.png in Resources */,
				8537FA391ABFD0BF003A8E2D /* Palette-icon-180.png in Resources */,
				8537FB9B1ABFE9F7003A8E2D /* t41.png in Resources */,
				8537FB791ABFE9F7003A8E2D /* t7.png in Resources */,
				8537FB801ABFE9F7003A8E2D /* t14.png in Resources */,
				8537FB941ABFE9F7003A8E2D /* t34.png in Resources */,
				8537FB8B1ABFE9F7003A8E2D /* t25.png in Resources */,
				8578F4441AB6380E007C5CCA /* Main.storyboard in Resources */,
				8537FBAF1ABFE9F7003A8E2D /* t61.png in Resources */,
				8537FBA51ABFE9F7003A8E2D /* t51.png in Resources */,
				8537FB8C1ABFE9F7003A8E2D /* t26.png in Resources */,
				8537FBB71ABFE9F7003A8E2D /* t69.png in Resources */,
				8537FB981ABFE9F7003A8E2D /* t38.png in Resources */,
				8537FBAC1ABFE9F7003A8E2D /* t58.png in Resources */,
				8537FB9A1ABFE9F7003A8E2D /* t40.png in Resources */,
				8537FB961ABFE9F7003A8E2D /* t36.png in Resources */,
				8537FB781ABFE9F7003A8E2D /* t6.png in Resources */,
				8537FB8D1ABFE9F7003A8E2D /* t27.png in Resources */,
				8537FB9F1ABFE9F7003A8E2D /* t45.png in Resources */,
				8537FBB21ABFE9F7003A8E2D /* t64.png in Resources */,
				8537FB921ABFE9F7003A8E2D /* t32.png in Resources */,
				8537FBB51ABFE9F7003A8E2D /* t67.png in Resources */,
				8537FB891ABFE9F7003A8E2D /* t23.png in Resources */,
				8537FB911ABFE9F7003A8E2D /* t31.png in Resources */,
				8537FB7B1ABFE9F7003A8E2D /* t9.png in Resources */,
				8537FBB11ABFE9F7003A8E2D /* t63.png in Resources */,
				8537FBA91ABFE9F7003A8E2D /* t55.png in Resources */,
				8537FBA81ABFE9F7003A8E2D /* t54.png in Resources */,
				8537FB7D1ABFE9F7003A8E2D /* t11.png in Resources */,
				8537FB7F1ABFE9F7003A8E2D /* t13.png in Resources */,
				8537FB7E1ABFE9F7003A8E2D /* t12.png in Resources */,
				8537FBA31ABFE9F7003A8E2D /* t49.png in Resources */,
				8537FA371ABFD0BF003A8E2D /* Palette-icon-87.png in Resources */,
				8537FBB61ABFE9F7003A8E2D /* t68.png in Resources */,
				8578F4491AB6380E007C5CCA /* LaunchScreen.xib in Resources */,
				8537FBB31ABFE9F7003A8E2D /* t65.png in Resources */,
				8537FBA61ABFE9F7003A8E2D /* t52.png in Resources */,
				8537FB831ABFE9F7003A8E2D /* t17.png in Resources */,
				8537FB901ABFE9F7003A8E2D /* t30.png in Resources */,
				8537FB851ABFE9F7003A8E2D /* t19.png in Resources */,
				8537FBA71ABFE9F7003A8E2D /* t53.png in Resources */,
				8537FA361ABFD0BF003A8E2D /* Palette-icon-80.png in Resources */,
				8537FB9D1ABFE9F7003A8E2D /* t43.png in Resources */,
				8537FB721ABFE9F7003A8E2D /* t0.png in Resources */,
				8537FA381ABFD0BF003A8E2D /* Palette-icon-120.png in Resources */,
				8537FB7C1ABFE9F7003A8E2D /* t10.png in Resources */,
				8537FB951ABFE9F7003A8E2D /* t35.png in Resources */,
				8537FB991ABFE9F7003A8E2D /* t39.png in Resources */,
				8537FB881ABFE9F7003A8E2D /* t22.png in Resources */,
				8537FB741ABFE9F7003A8E2D /* t2.png in Resources */,
				8537FB871ABFE9F7003A8E2D /* t21.png in Resources */,
				8537FB9C1ABFE9F7003A8E2D /* t42.png in Resources */,
				856119481ABD375500F9E5E2 /* color_wheel-32.png in Resources */,
				8537FB771ABFE9F7003A8E2D /* t5.png in Resources */,
				8537FB7A1ABFE9F7003A8E2D /* t8.png in Resources */,
				8578F4461AB6380E007C5CCA /* Images.xcassets in Resources */,
				8537FBB01ABFE9F7003A8E2D /* t62.png in Resources */,
				8537FB811ABFE9F7003A8E2D /* t15.png in Resources */,
				8537FB861ABFE9F7003A8E2D /* t20.png in Resources */,
				8537FBA21ABFE9F7003A8E2D /* t48.png in Resources */,
				8537FA351ABFD0BF003A8E2D /* Palette-icon-58.png in Resources */,
				8537FBAD1ABFE9F7003A8E2D /* t59.png in Resources */,
				8537FB8E1ABFE9F7003A8E2D /* t28.png in Resources */,
				8537FB971ABFE9F7003A8E2D /* t37.png in Resources */,
				8537FB821ABFE9F7003A8E2D /* t16.png in Resources */,
				8537FBB81ABFE9F7003A8E2D /* t70.png in Resources */,
				8537FBAB1ABFE9F7003A8E2D /* t57.png in Resources */,
				8537FB9E1ABFE9F7003A8E2D /* t44.png in Resources */,
				8537FBA11ABFE9F7003A8E2D /* t47.png in Resources */,
				8537FB8A1ABFE9F7003A8E2D /* t24.png in Resources */,
				8537FBB41ABFE9F7003A8E2D /* t66.png in Resources */,
				8537FB731ABFE9F7003A8E2D /* t1.png in Resources */,
				8537FBAE1ABFE9F7003A8E2D /* t60.png in Resources */,
				8537FB8F1ABFE9F7003A8E2D /* t29.png in Resources */,
				8537FB761ABFE9F7003A8E2D /* t4.png in Resources */,
				8537FB841ABFE9F7003A8E2D /* t18.png in Resources */,
			);
			runOnlyForDeploymentPostprocessing = 0;
		};
		8578F44C1AB6380E007C5CCA /* Resources */ = {
			isa = PBXResourcesBuildPhase;
			buildActionMask = 2147483647;
			files = (
			);
			runOnlyForDeploymentPostprocessing = 0;
		};
/* End PBXResourcesBuildPhase section */

/* Begin PBXSourcesBuildPhase section */
		8578F4351AB6380E007C5CCA /* Sources */ = {
			isa = PBXSourcesBuildPhase;
			buildActionMask = 2147483647;
			files = (
				8578F4411AB6380E007C5CCA /* ViewController.swift in Sources */,
				8561194D1ABD385900F9E5E2 /* Alamofire.swift in Sources */,
				8561194A1ABD37D400F9E5E2 /* colors.swift in Sources */,
				8561194E1ABD385900F9E5E2 /* SwiftyJSON.swift in Sources */,
				856119421ABD356700F9E5E2 /* ColorTableViewController.swift in Sources */,
				8537FA2F1ABFCECB003A8E2D /* SplashController.swift in Sources */,
				8578F43F1AB6380E007C5CCA /* AppDelegate.swift in Sources */,
			);
			runOnlyForDeploymentPostprocessing = 0;
		};
		8578F44A1AB6380E007C5CCA /* Sources */ = {
			isa = PBXSourcesBuildPhase;
			buildActionMask = 2147483647;
			files = (
				8578F4551AB6380E007C5CCA /* DelegateColorExampleTests.swift in Sources */,
			);
			runOnlyForDeploymentPostprocessing = 0;
		};
/* End PBXSourcesBuildPhase section */

/* Begin PBXTargetDependency section */
		8578F4501AB6380E007C5CCA /* PBXTargetDependency */ = {
			isa = PBXTargetDependency;
			target = 8578F4381AB6380E007C5CCA /* DelegateColorExample */;
			targetProxy = 8578F44F1AB6380E007C5CCA /* PBXContainerItemProxy */;
		};
/* End PBXTargetDependency section */

/* Begin PBXVariantGroup section */
		8578F4421AB6380E007C5CCA /* Main.storyboard */ = {
			isa = PBXVariantGroup;
			children = (
				8578F4431AB6380E007C5CCA /* Base */,
			);
			name = Main.storyboard;
			sourceTree = "<group>";
		};
		8578F4471AB6380E007C5CCA /* LaunchScreen.xib */ = {
			isa = PBXVariantGroup;
			children = (
				8578F4481AB6380E007C5CCA /* Base */,
			);
			name = LaunchScreen.xib;
			sourceTree = "<group>";
		};
/* End PBXVariantGroup section */

/* Begin XCBuildConfiguration section */
		8578F4561AB6380E007C5CCA /* Debug */ = {
			isa = XCBuildConfiguration;
			buildSettings = {
				ALWAYS_SEARCH_USER_PATHS = NO;
				CLANG_CXX_LANGUAGE_STANDARD = "gnu++0x";
				CLANG_CXX_LIBRARY = "libc++";
				CLANG_ENABLE_MODULES = YES;
				CLANG_ENABLE_OBJC_ARC = YES;
				CLANG_WARN_BOOL_CONVERSION = YES;
				CLANG_WARN_CONSTANT_CONVERSION = YES;
				CLANG_WARN_DIRECT_OBJC_ISA_USAGE = YES_ERROR;
				CLANG_WARN_EMPTY_BODY = YES;
				CLANG_WARN_ENUM_CONVERSION = YES;
				CLANG_WARN_INT_CONVERSION = YES;
				CLANG_WARN_OBJC_ROOT_CLASS = YES_ERROR;
				CLANG_WARN_UNREACHABLE_CODE = YES;
				CLANG_WARN__DUPLICATE_METHOD_MATCH = YES;
				"CODE_SIGN_IDENTITY[sdk=iphoneos*]" = "iPhone Developer";
				COPY_PHASE_STRIP = NO;
				ENABLE_STRICT_OBJC_MSGSEND = YES;
				GCC_C_LANGUAGE_STANDARD = gnu99;
				GCC_DYNAMIC_NO_PIC = NO;
				GCC_OPTIMIZATION_LEVEL = 0;
				GCC_PREPROCESSOR_DEFINITIONS = (
					"DEBUG=1",
					"$(inherited)",
				);
				GCC_SYMBOLS_PRIVATE_EXTERN = NO;
				GCC_WARN_64_TO_32_BIT_CONVERSION = YES;
				GCC_WARN_ABOUT_RETURN_TYPE = YES_ERROR;
				GCC_WARN_UNDECLARED_SELECTOR = YES;
				GCC_WARN_UNINITIALIZED_AUTOS = YES_AGGRESSIVE;
				GCC_WARN_UNUSED_FUNCTION = YES;
				GCC_WARN_UNUSED_VARIABLE = YES;
				IPHONEOS_DEPLOYMENT_TARGET = 8.1;
				MTL_ENABLE_DEBUG_INFO = YES;
				ONLY_ACTIVE_ARCH = YES;
				SDKROOT = iphoneos;
				SWIFT_OPTIMIZATION_LEVEL = "-Onone";
			};
			name = Debug;
		};
		8578F4571AB6380E007C5CCA /* Release */ = {
			isa = XCBuildConfiguration;
			buildSettings = {
				ALWAYS_SEARCH_USER_PATHS = NO;
				CLANG_CXX_LANGUAGE_STANDARD = "gnu++0x";
				CLANG_CXX_LIBRARY = "libc++";
				CLANG_ENABLE_MODULES = YES;
				CLANG_ENABLE_OBJC_ARC = YES;
				CLANG_WARN_BOOL_CONVERSION = YES;
				CLANG_WARN_CONSTANT_CONVERSION = YES;
				CLANG_WARN_DIRECT_OBJC_ISA_USAGE = YES_ERROR;
				CLANG_WARN_EMPTY_BODY = YES;
				CLANG_WARN_ENUM_CONVERSION = YES;
				CLANG_WARN_INT_CONVERSION = YES;
				CLANG_WARN_OBJC_ROOT_CLASS = YES_ERROR;
				CLANG_WARN_UNREACHABLE_CODE = YES;
				CLANG_WARN__DUPLICATE_METHOD_MATCH = YES;
				"CODE_SIGN_IDENTITY[sdk=iphoneos*]" = "iPhone Developer";
				COPY_PHASE_STRIP = YES;
				ENABLE_NS_ASSERTIONS = NO;
				ENABLE_STRICT_OBJC_MSGSEND = YES;
				GCC_C_LANGUAGE_STANDARD = gnu99;
				GCC_WARN_64_TO_32_BIT_CONVERSION = YES;
				GCC_WARN_ABOUT_RETURN_TYPE = YES_ERROR;
				GCC_WARN_UNDECLARED_SELECTOR = YES;
				GCC_WARN_UNINITIALIZED_AUTOS = YES_AGGRESSIVE;
				GCC_WARN_UNUSED_FUNCTION = YES;
				GCC_WARN_UNUSED_VARIABLE = YES;
				IPHONEOS_DEPLOYMENT_TARGET = 8.1;
				MTL_ENABLE_DEBUG_INFO = NO;
				SDKROOT = iphoneos;
				VALIDATE_PRODUCT = YES;
			};
			name = Release;
		};
		8578F4591AB6380E007C5CCA /* Debug */ = {
			isa = XCBuildConfiguration;
			buildSettings = {
				ASSETCATALOG_COMPILER_APPICON_NAME = AppIcon;
				INFOPLIST_FILE = DelegateColorExample/Info.plist;
				LD_RUNPATH_SEARCH_PATHS = "$(inherited) @executable_path/Frameworks";
				PRODUCT_NAME = "$(TARGET_NAME)";
			};
			name = Debug;
		};
		8578F45A1AB6380E007C5CCA /* Release */ = {
			isa = XCBuildConfiguration;
			buildSettings = {
				ASSETCATALOG_COMPILER_APPICON_NAME = AppIcon;
				INFOPLIST_FILE = DelegateColorExample/Info.plist;
				LD_RUNPATH_SEARCH_PATHS = "$(inherited) @executable_path/Frameworks";
				PRODUCT_NAME = "$(TARGET_NAME)";
			};
			name = Release;
		};
		8578F45C1AB6380E007C5CCA /* Debug */ = {
			isa = XCBuildConfiguration;
			buildSettings = {
				BUNDLE_LOADER = "$(TEST_HOST)";
				FRAMEWORK_SEARCH_PATHS = (
					"$(SDKROOT)/Developer/Library/Frameworks",
					"$(inherited)",
				);
				GCC_PREPROCESSOR_DEFINITIONS = (
					"DEBUG=1",
					"$(inherited)",
				);
				INFOPLIST_FILE = DelegateColorExampleTests/Info.plist;
				LD_RUNPATH_SEARCH_PATHS = "$(inherited) @executable_path/Frameworks @loader_path/Frameworks";
				PRODUCT_NAME = "$(TARGET_NAME)";
				TEST_HOST = "$(BUILT_PRODUCTS_DIR)/DelegateColorExample.app/DelegateColorExample";
			};
			name = Debug;
		};
		8578F45D1AB6380E007C5CCA /* Release */ = {
			isa = XCBuildConfiguration;
			buildSettings = {
				BUNDLE_LOADER = "$(TEST_HOST)";
				FRAMEWORK_SEARCH_PATHS = (
					"$(SDKROOT)/Developer/Library/Frameworks",
					"$(inherited)",
				);
				INFOPLIST_FILE = DelegateColorExampleTests/Info.plist;
				LD_RUNPATH_SEARCH_PATHS = "$(inherited) @executable_path/Frameworks @loader_path/Frameworks";
				PRODUCT_NAME = "$(TARGET_NAME)";
				TEST_HOST = "$(BUILT_PRODUCTS_DIR)/DelegateColorExample.app/DelegateColorExample";
			};
			name = Release;
		};
/* End XCBuildConfiguration section */

/* Begin XCConfigurationList section */
		8578F4341AB6380E007C5CCA /* Build configuration list for PBXProject "DelegateColorExample" */ = {
			isa = XCConfigurationList;
			buildConfigurations = (
				8578F4561AB6380E007C5CCA /* Debug */,
				8578F4571AB6380E007C5CCA /* Release */,
			);
			defaultConfigurationIsVisible = 0;
			defaultConfigurationName = Release;
		};
		8578F4581AB6380E007C5CCA /* Build configuration list for PBXNativeTarget "DelegateColorExample" */ = {
			isa = XCConfigurationList;
			buildConfigurations = (
				8578F4591AB6380E007C5CCA /* Debug */,
				8578F45A1AB6380E007C5CCA /* Release */,
			);
			defaultConfigurationIsVisible = 0;
			defaultConfigurationName = Release;
		};
		8578F45B1AB6380E007C5CCA /* Build configuration list for PBXNativeTarget "DelegateColorExampleTests" */ = {
			isa = XCConfigurationList;
			buildConfigurations = (
				8578F45C1AB6380E007C5CCA /* Debug */,
				8578F45D1AB6380E007C5CCA /* Release */,
			);
			defaultConfigurationIsVisible = 0;
			defaultConfigurationName = Release;
		};
/* End XCConfigurationList section */
	};
	rootObject = 8578F4311AB6380E007C5CCA /* Project object */;
}
